
Microsoft Visual Studio Solution File, Format Version 12.00
# Visual Studio 15
VisualStudioVersion = 15.0.26730.10
MinimumVisualStudioVersion = 10.0.40219.1
Project("{D954291E-2A0B-460D-934E-DC6B0785DB48}") = "AvaliaBus", "AvaliaBus\AvaliaBus\AvaliaBus.shproj", "{A7CF0182-795C-4D2D-93A4-E1074810FE31}"
EndProject
Project("{FAE04EC0-301F-11D3-BF4B-00C04F79EFBC}") = "AvaliaBus.Android", "AvaliaBus\AvaliaBus.Android\AvaliaBus.Android.csproj", "{6BA607AB-0C39-42A7-BB51-8C0E2F7B4BDE}"
EndProject
Project("{FAE04EC0-301F-11D3-BF4B-00C04F79EFBC}") = "AvaliaBus.iOS", "AvaliaBus\AvaliaBus.iOS\AvaliaBus.iOS.csproj", "{1B084446-E30A-44BC-BCA3-809B69EFBD4A}"
EndProject
Project("{FAE04EC0-301F-11D3-BF4B-00C04F79EFBC}") = "AvaliaBus.UWP", "AvaliaBus\AvaliaBus.UWP\AvaliaBus.UWP.csproj", "{46501EA3-B73E-431B-81F2-4C616EB32D1E}"
EndProject
Global
	GlobalSection(SharedMSBuildProjectFiles) = preSolution
		AvaliaBus\AvaliaBus\AvaliaBus.projitems*{1b084446-e30a-44bc-bca3-809b69efbd4a}*SharedItemsImports = 4
		AvaliaBus\AvaliaBus\AvaliaBus.projitems*{46501ea3-b73e-431b-81f2-4c616eb32d1e}*SharedItemsImports = 4
		AvaliaBus\AvaliaBus\AvaliaBus.projitems*{6ba607ab-0c39-42a7-bb51-8c0e2f7b4bde}*SharedItemsImports = 4
		AvaliaBus\AvaliaBus\AvaliaBus.projitems*{a7cf0182-795c-4d2d-93a4-e1074810fe31}*SharedItemsImports = 13
	EndGlobalSection
	GlobalSection(SolutionConfigurationPlatforms) = preSolution
		Ad-Hoc|Any CPU = Ad-Hoc|Any CPU
		Ad-Hoc|ARM = Ad-Hoc|ARM
		Ad-Hoc|iPhone = Ad-Hoc|iPhone
		Ad-Hoc|iPhoneSimulator = Ad-Hoc|iPhoneSimulator
		Ad-Hoc|x64 = Ad-Hoc|x64
		Ad-Hoc|x86 = Ad-Hoc|x86
		AppStore|Any CPU = AppStore|Any CPU
		AppStore|ARM = AppStore|ARM
		AppStore|iPhone = AppStore|iPhone
		AppStore|iPhoneSimulator = AppStore|iPhoneSimulator
		AppStore|x64 = AppStore|x64
		AppStore|x86 = AppStore|x86
		Debug|Any CPU = Debug|Any CPU
		Debug|ARM = Debug|ARM
		Debug|iPhone = Debug|iPhone
		Debug|iPhoneSimulator = Debug|iPhoneSimulator
		Debug|x64 = Debug|x64
		Debug|x86 = Debug|x86
		Release|Any CPU = Release|Any CPU
		Release|ARM = Release|ARM
		Release|iPhone = Release|iPhone
		Release|iPhoneSimulator = Release|iPhoneSimulator
		Release|x64 = Release|x64
		Release|x86 = Release|x86
	EndGlobalSection
	GlobalSection(ProjectConfigurationPlatforms) = postSolution
		{6BA607AB-0C39-42A7-BB51-8C0E2F7B4BDE}.Ad-Hoc|Any CPU.ActiveCfg = Release|Any CPU
		{6BA607AB-0C39-42A7-BB51-8C0E2F7B4BDE}.Ad-Hoc|Any CPU.Build.0 = Release|Any CPU
		{6BA607AB-0C39-42A7-BB51-8C0E2F7B4BDE}.Ad-Hoc|Any CPU.Deploy.0 = Release|Any CPU
		{6BA607AB-0C39-42A7-BB51-8C0E2F7B4BDE}.Ad-Hoc|ARM.ActiveCfg = Release|Any CPU
		{6BA607AB-0C39-42A7-BB51-8C0E2F7B4BDE}.Ad-Hoc|ARM.Build.0 = Release|Any CPU
		{6BA607AB-0C39-42A7-BB51-8C0E2F7B4BDE}.Ad-Hoc|ARM.Deploy.0 = Release|Any CPU
		{6BA607AB-0C39-42A7-BB51-8C0E2F7B4BDE}.Ad-Hoc|iPhone.ActiveCfg = Release|Any CPU
		{6BA607AB-0C39-42A7-BB51-8C0E2F7B4BDE}.Ad-Hoc|iPhone.Build.0 = Release|Any CPU
		{6BA607AB-0C39-42A7-BB51-8C0E2F7B4BDE}.Ad-Hoc|iPhone.Deploy.0 = Release|Any CPU
		{6BA607AB-0C39-42A7-BB51-8C0E2F7B4BDE}.Ad-Hoc|iPhoneSimulator.ActiveCfg = Release|Any CPU
		{6BA607AB-0C39-42A7-BB51-8C0E2F7B4BDE}.Ad-Hoc|iPhoneSimulator.Build.0 = Release|Any CPU
		{6BA607AB-0C39-42A7-BB51-8C0E2F7B4BDE}.Ad-Hoc|iPhoneSimulator.Deploy.0 = Release|Any CPU
		{6BA607AB-0C39-42A7-BB51-8C0E2F7B4BDE}.Ad-Hoc|x64.ActiveCfg = Release|Any CPU
		{6BA607AB-0C39-42A7-BB51-8C0E2F7B4BDE}.Ad-Hoc|x64.Build.0 = Release|Any CPU
		{6BA607AB-0C39-42A7-BB51-8C0E2F7B4BDE}.Ad-Hoc|x64.Deploy.0 = Release|Any CPU
		{6BA607AB-0C39-42A7-BB51-8C0E2F7B4BDE}.Ad-Hoc|x86.ActiveCfg = Release|Any CPU
		{6BA607AB-0C39-42A7-BB51-8C0E2F7B4BDE}.Ad-Hoc|x86.Build.0 = Release|Any CPU
		{6BA607AB-0C39-42A7-BB51-8C0E2F7B4BDE}.Ad-Hoc|x86.Deploy.0 = Release|Any CPU
		{6BA607AB-0C39-42A7-BB51-8C0E2F7B4BDE}.AppStore|Any CPU.ActiveCfg = Release|Any CPU
		{6BA607AB-0C39-42A7-BB51-8C0E2F7B4BDE}.AppStore|Any CPU.Build.0 = Release|Any CPU
		{6BA607AB-0C39-42A7-BB51-8C0E2F7B4BDE}.AppStore|Any CPU.Deploy.0 = Release|Any CPU
		{6BA607AB-0C39-42A7-BB51-8C0E2F7B4BDE}.AppStore|ARM.ActiveCfg = Release|Any CPU
		{6BA607AB-0C39-42A7-BB51-8C0E2F7B4BDE}.AppStore|ARM.Build.0 = Release|Any CPU
		{6BA607AB-0C39-42A7-BB51-8C0E2F7B4BDE}.AppStore|ARM.Deploy.0 = Release|Any CPU
		{6BA607AB-0C39-42A7-BB51-8C0E2F7B4BDE}.AppStore|iPhone.ActiveCfg = Release|Any CPU
		{6BA607AB-0C39-42A7-BB51-8C0E2F7B4BDE}.AppStore|iPhone.Build.0 = Release|Any CPU
		{6BA607AB-0C39-42A7-BB51-8C0E2F7B4BDE}.AppStore|iPhone.Deploy.0 = Release|Any CPU
		{6BA607AB-0C39-42A7-BB51-8C0E2F7B4BDE}.AppStore|iPhoneSimulator.ActiveCfg = Release|Any CPU
		{6BA607AB-0C39-42A7-BB51-8C0E2F7B4BDE}.AppStore|iPhoneSimulator.Build.0 = Release|Any CPU
		{6BA607AB-0C39-42A7-BB51-8C0E2F7B4BDE}.AppStore|iPhoneSimulator.Deploy.0 = Release|Any CPU
		{6BA607AB-0C39-42A7-BB51-8C0E2F7B4BDE}.AppStore|x64.ActiveCfg = Release|Any CPU
		{6BA607AB-0C39-42A7-BB51-8C0E2F7B4BDE}.AppStore|x64.Build.0 = Release|Any CPU
		{6BA607AB-0C39-42A7-BB51-8C0E2F7B4BDE}.AppStore|x64.Deploy.0 = Release|Any CPU
		{6BA607AB-0C39-42A7-BB51-8C0E2F7B4BDE}.AppStore|x86.ActiveCfg = Release|Any CPU
		{6BA607AB-0C39-42A7-BB51-8C0E2F7B4BDE}.AppStore|x86.Build.0 = Release|Any CPU
		{6BA607AB-0C39-42A7-BB51-8C0E2F7B4BDE}.AppStore|x86.Deploy.0 = Release|Any CPU
		{6BA607AB-0C39-42A7-BB51-8C0E2F7B4BDE}.Debug|Any CPU.ActiveCfg = Debug|Any CPU
		{6BA607AB-0C39-42A7-BB51-8C0E2F7B4BDE}.Debug|Any CPU.Build.0 = Debug|Any CPU
		{6BA607AB-0C39-42A7-BB51-8C0E2F7B4BDE}.Debug|Any CPU.Deploy.0 = Debug|Any CPU
		{6BA607AB-0C39-42A7-BB51-8C0E2F7B4BDE}.Debug|ARM.ActiveCfg = Debug|Any CPU
		{6BA607AB-0C39-42A7-BB51-8C0E2F7B4BDE}.Debug|ARM.Build.0 = Debug|Any CPU
		{6BA607AB-0C39-42A7-BB51-8C0E2F7B4BDE}.Debug|ARM.Deploy.0 = Debug|Any CPU
		{6BA607AB-0C39-42A7-BB51-8C0E2F7B4BDE}.Debug|iPhone.ActiveCfg = Debug|Any CPU
		{6BA607AB-0C39-42A7-BB51-8C0E2F7B4BDE}.Debug|iPhone.Build.0 = Debug|Any CPU
		{6BA607AB-0C39-42A7-BB51-8C0E2F7B4BDE}.Debug|iPhone.Deploy.0 = Debug|Any CPU
		{6BA607AB-0C39-42A7-BB51-8C0E2F7B4BDE}.Debug|iPhoneSimulator.ActiveCfg = Debug|Any CPU
		{6BA607AB-0C39-42A7-BB51-8C0E2F7B4BDE}.Debug|iPhoneSimulator.Build.0 = Debug|Any CPU
		{6BA607AB-0C39-42A7-BB51-8C0E2F7B4BDE}.Debug|iPhoneSimulator.Deploy.0 = Debug|Any CPU
		{6BA607AB-0C39-42A7-BB51-8C0E2F7B4BDE}.Debug|x64.ActiveCfg = Debug|Any CPU
		{6BA607AB-0C39-42A7-BB51-8C0E2F7B4BDE}.Debug|x64.Build.0 = Debug|Any CPU
		{6BA607AB-0C39-42A7-BB51-8C0E2F7B4BDE}.Debug|x64.Deploy.0 = Debug|Any CPU
		{6BA607AB-0C39-42A7-BB51-8C0E2F7B4BDE}.Debug|x86.ActiveCfg = Debug|Any CPU
		{6BA607AB-0C39-42A7-BB51-8C0E2F7B4BDE}.Debug|x86.Build.0 = Debug|Any CPU
		{6BA607AB-0C39-42A7-BB51-8C0E2F7B4BDE}.Debug|x86.Deploy.0 = Debug|Any CPU
		{6BA607AB-0C39-42A7-BB51-8C0E2F7B4BDE}.Release|Any CPU.ActiveCfg = Release|Any CPU
		{6BA607AB-0C39-42A7-BB51-8C0E2F7B4BDE}.Release|Any CPU.Build.0 = Release|Any CPU
		{6BA607AB-0C39-42A7-BB51-8C0E2F7B4BDE}.Release|Any CPU.Deploy.0 = Release|Any CPU
		{6BA607AB-0C39-42A7-BB51-8C0E2F7B4BDE}.Release|ARM.ActiveCfg = Release|Any CPU
		{6BA607AB-0C39-42A7-BB51-8C0E2F7B4BDE}.Release|ARM.Build.0 = Release|Any CPU
		{6BA607AB-0C39-42A7-BB51-8C0E2F7B4BDE}.Release|ARM.Deploy.0 = Release|Any CPU
		{6BA607AB-0C39-42A7-BB51-8C0E2F7B4BDE}.Release|iPhone.ActiveCfg = Release|Any CPU
		{6BA607AB-0C39-42A7-BB51-8C0E2F7B4BDE}.Release|iPhone.Build.0 = Release|Any CPU
		{6BA607AB-0C39-42A7-BB51-8C0E2F7B4BDE}.Release|iPhone.Deploy.0 = Release|Any CPU
		{6BA607AB-0C39-42A7-BB51-8C0E2F7B4BDE}.Release|iPhoneSimulator.ActiveCfg = Release|Any CPU
		{6BA607AB-0C39-42A7-BB51-8C0E2F7B4BDE}.Release|iPhoneSimulator.Build.0 = Release|Any CPU
		{6BA607AB-0C39-42A7-BB51-8C0E2F7B4BDE}.Release|iPhoneSimulator.Deploy.0 = Release|Any CPU
		{6BA607AB-0C39-42A7-BB51-8C0E2F7B4BDE}.Release|x64.ActiveCfg = Release|Any CPU
		{6BA607AB-0C39-42A7-BB51-8C0E2F7B4BDE}.Release|x64.Build.0 = Release|Any CPU
		{6BA607AB-0C39-42A7-BB51-8C0E2F7B4BDE}.Release|x64.Deploy.0 = Release|Any CPU
		{6BA607AB-0C39-42A7-BB51-8C0E2F7B4BDE}.Release|x86.ActiveCfg = Release|Any CPU
		{6BA607AB-0C39-42A7-BB51-8C0E2F7B4BDE}.Release|x86.Build.0 = Release|Any CPU
		{6BA607AB-0C39-42A7-BB51-8C0E2F7B4BDE}.Release|x86.Deploy.0 = Release|Any CPU
		{1B084446-E30A-44BC-BCA3-809B69EFBD4A}.Ad-Hoc|Any CPU.ActiveCfg = Ad-Hoc|iPhone
		{1B084446-E30A-44BC-BCA3-809B69EFBD4A}.Ad-Hoc|ARM.ActiveCfg = Ad-Hoc|iPhone
		{1B084446-E30A-44BC-BCA3-809B69EFBD4A}.Ad-Hoc|iPhone.ActiveCfg = Ad-Hoc|iPhone
		{1B084446-E30A-44BC-BCA3-809B69EFBD4A}.Ad-Hoc|iPhone.Build.0 = Ad-Hoc|iPhone
		{1B084446-E30A-44BC-BCA3-809B69EFBD4A}.Ad-Hoc|iPhoneSimulator.ActiveCfg = Ad-Hoc|iPhoneSimulator
		{1B084446-E30A-44BC-BCA3-809B69EFBD4A}.Ad-Hoc|iPhoneSimulator.Build.0 = Ad-Hoc|iPhoneSimulator
		{1B084446-E30A-44BC-BCA3-809B69EFBD4A}.Ad-Hoc|x64.ActiveCfg = Ad-Hoc|iPhone
		{1B084446-E30A-44BC-BCA3-809B69EFBD4A}.Ad-Hoc|x86.ActiveCfg = Ad-Hoc|iPhone
		{1B084446-E30A-44BC-BCA3-809B69EFBD4A}.AppStore|Any CPU.ActiveCfg = AppStore|iPhone
		{1B084446-E30A-44BC-BCA3-809B69EFBD4A}.AppStore|ARM.ActiveCfg = AppStore|iPhone
		{1B084446-E30A-44BC-BCA3-809B69EFBD4A}.AppStore|iPhone.ActiveCfg = AppStore|iPhone
		{1B084446-E30A-44BC-BCA3-809B69EFBD4A}.AppStore|iPhone.Build.0 = AppStore|iPhone
		{1B084446-E30A-44BC-BCA3-809B69EFBD4A}.AppStore|iPhoneSimulator.ActiveCfg = AppStore|iPhoneSimulator
		{1B084446-E30A-44BC-BCA3-809B69EFBD4A}.AppStore|iPhoneSimulator.Build.0 = AppStore|iPhoneSimulator
		{1B084446-E30A-44BC-BCA3-809B69EFBD4A}.AppStore|x64.ActiveCfg = AppStore|iPhone
		{1B084446-E30A-44BC-BCA3-809B69EFBD4A}.AppStore|x86.ActiveCfg = AppStore|iPhone
		{1B084446-E30A-44BC-BCA3-809B69EFBD4A}.Debug|Any CPU.ActiveCfg = Debug|iPhone
		{1B084446-E30A-44BC-BCA3-809B69EFBD4A}.Debug|ARM.ActiveCfg = Debug|iPhone
		{1B084446-E30A-44BC-BCA3-809B69EFBD4A}.Debug|iPhone.ActiveCfg = Debug|iPhone
		{1B084446-E30A-44BC-BCA3-809B69EFBD4A}.Debug|iPhone.Build.0 = Debug|iPhone
		{1B084446-E30A-44BC-BCA3-809B69EFBD4A}.Debug|iPhoneSimulator.ActiveCfg = Debug|iPhoneSimulator
		{1B084446-E30A-44BC-BCA3-809B69EFBD4A}.Debug|iPhoneSimulator.Build.0 = Debug|iPhoneSimulator
		{1B084446-E30A-44BC-BCA3-809B69EFBD4A}.Debug|x64.ActiveCfg = Debug|iPhone
		{1B084446-E30A-44BC-BCA3-809B69EFBD4A}.Debug|x86.ActiveCfg = Debug|iPhone
		{1B084446-E30A-44BC-BCA3-809B69EFBD4A}.Release|Any CPU.ActiveCfg = Release|iPhone
		{1B084446-E30A-44BC-BCA3-809B69EFBD4A}.Release|ARM.ActiveCfg = Release|iPhone
		{1B084446-E30A-44BC-BCA3-809B69EFBD4A}.Release|iPhone.ActiveCfg = Release|iPhone
		{1B084446-E30A-44BC-BCA3-809B69EFBD4A}.Release|iPhone.Build.0 = Release|iPhone
		{1B084446-E30A-44BC-BCA3-809B69EFBD4A}.Release|iPhoneSimulator.ActiveCfg = Release|iPhoneSimulator
		{1B084446-E30A-44BC-BCA3-809B69EFBD4A}.Release|iPhoneSimulator.Build.0 = Release|iPhoneSimulator
		{1B084446-E30A-44BC-BCA3-809B69EFBD4A}.Release|x64.ActiveCfg = Release|iPhone
		{1B084446-E30A-44BC-BCA3-809B69EFBD4A}.Release|x86.ActiveCfg = Release|iPhone
		{46501EA3-B73E-431B-81F2-4C616EB32D1E}.Ad-Hoc|Any CPU.ActiveCfg = Release|x86
		{46501EA3-B73E-431B-81F2-4C616EB32D1E}.Ad-Hoc|Any CPU.Build.0 = Release|x86
		{46501EA3-B73E-431B-81F2-4C616EB32D1E}.Ad-Hoc|Any CPU.Deploy.0 = Release|x86
		{46501EA3-B73E-431B-81F2-4C616EB32D1E}.Ad-Hoc|ARM.ActiveCfg = Release|ARM
		{46501EA3-B73E-431B-81F2-4C616EB32D1E}.Ad-Hoc|ARM.Build.0 = Release|ARM
		{46501EA3-B73E-431B-81F2-4C616EB32D1E}.Ad-Hoc|ARM.Deploy.0 = Release|ARM
		{46501EA3-B73E-431B-81F2-4C616EB32D1E}.Ad-Hoc|iPhone.ActiveCfg = Release|x86
		{46501EA3-B73E-431B-81F2-4C616EB32D1E}.Ad-Hoc|iPhone.Build.0 = Release|x86
		{46501EA3-B73E-431B-81F2-4C616EB32D1E}.Ad-Hoc|iPhone.Deploy.0 = Release|x86
		{46501EA3-B73E-431B-81F2-4C616EB32D1E}.Ad-Hoc|iPhoneSimulator.ActiveCfg = Release|x86
		{46501EA3-B73E-431B-81F2-4C616EB32D1E}.Ad-Hoc|iPhoneSimulator.Build.0 = Release|x86
		{46501EA3-B73E-431B-81F2-4C616EB32D1E}.Ad-Hoc|iPhoneSimulator.Deploy.0 = Release|x86
		{46501EA3-B73E-431B-81F2-4C616EB32D1E}.Ad-Hoc|x64.ActiveCfg = Release|x64
		{46501EA3-B73E-431B-81F2-4C616EB32D1E}.Ad-Hoc|x64.Build.0 = Release|x64
		{46501EA3-B73E-431B-81F2-4C616EB32D1E}.Ad-Hoc|x64.Deploy.0 = Release|x64
		{46501EA3-B73E-431B-81F2-4C616EB32D1E}.Ad-Hoc|x86.ActiveCfg = Release|x86
		{46501EA3-B73E-431B-81F2-4C616EB32D1E}.Ad-Hoc|x86.Build.0 = Release|x86
		{46501EA3-B73E-431B-81F2-4C616EB32D1E}.Ad-Hoc|x86.Deploy.0 = Release|x86
		{46501EA3-B73E-431B-81F2-4C616EB32D1E}.AppStore|Any CPU.ActiveCfg = Release|x86
		{46501EA3-B73E-431B-81F2-4C616EB32D1E}.AppStore|Any CPU.Build.0 = Release|x86
		{46501EA3-B73E-431B-81F2-4C616EB32D1E}.AppStore|Any CPU.Deploy.0 = Release|x86
		{46501EA3-B73E-431B-81F2-4C616EB32D1E}.AppStore|ARM.ActiveCfg = Release|ARM
		{46501EA3-B73E-431B-81F2-4C616EB32D1E}.AppStore|ARM.Build.0 = Release|ARM
		{46501EA3-B73E-431B-81F2-4C616EB32D1E}.AppStore|ARM.Deploy.0 = Release|ARM
		{46501EA3-B73E-431B-81F2-4C616EB32D1E}.AppStore|iPhone.ActiveCfg = Release|x86
		{46501EA3-B73E-431B-81F2-4C616EB32D1E}.AppStore|iPhone.Build.0 = Release|x86
		{46501EA3-B73E-431B-81F2-4C616EB32D1E}.AppStore|iPhone.Deploy.0 = Release|x86
		{46501EA3-B73E-431B-81F2-4C616EB32D1E}.AppStore|iPhoneSimulator.ActiveCfg = Release|x86
		{46501EA3-B73E-431B-81F2-4C616EB32D1E}.AppStore|iPhoneSimulator.Build.0 = Release|x86
		{46501EA3-B73E-431B-81F2-4C616EB32D1E}.AppStore|iPhoneSimulator.Deploy.0 = Release|x86
		{46501EA3-B73E-431B-81F2-4C616EB32D1E}.AppStore|x64.ActiveCfg = Release|x64
		{46501EA3-B73E-431B-81F2-4C616EB32D1E}.AppStore|x64.Build.0 = Release|x64
		{46501EA3-B73E-431B-81F2-4C616EB32D1E}.AppStore|x64.Deploy.0 = Release|x64
		{46501EA3-B73E-431B-81F2-4C616EB32D1E}.AppStore|x86.ActiveCfg = Release|x86
		{46501EA3-B73E-431B-81F2-4C616EB32D1E}.AppStore|x86.Build.0 = Release|x86
		{46501EA3-B73E-431B-81F2-4C616EB32D1E}.AppStore|x86.Deploy.0 = Release|x86
		{46501EA3-B73E-431B-81F2-4C616EB32D1E}.Debug|Any CPU.ActiveCfg = Debug|x86
		{46501EA3-B73E-431B-81F2-4C616EB32D1E}.Debug|ARM.ActiveCfg = Debug|ARM
		{46501EA3-B73E-431B-81F2-4C616EB32D1E}.Debug|ARM.Build.0 = Debug|ARM
		{46501EA3-B73E-431B-81F2-4C616EB32D1E}.Debug|ARM.Deploy.0 = Debug|ARM
		{46501EA3-B73E-431B-81F2-4C616EB32D1E}.Debug|iPhone.ActiveCfg = Debug|x86
		{46501EA3-B73E-431B-81F2-4C616EB32D1E}.Debug|iPhoneSimulator.ActiveCfg = Debug|x86
		{46501EA3-B73E-431B-81F2-4C616EB32D1E}.Debug|x64.ActiveCfg = Debug|x64
		{46501EA3-B73E-431B-81F2-4C616EB32D1E}.Debug|x64.Build.0 = Debug|x64
		{46501EA3-B73E-431B-81F2-4C616EB32D1E}.Debug|x64.Deploy.0 = Debug|x64
		{46501EA3-B73E-431B-81F2-4C616EB32D1E}.Debug|x86.ActiveCfg = Debug|x86
		{46501EA3-B73E-431B-81F2-4C616EB32D1E}.Debug|x86.Build.0 = Debug|x86
		{46501EA3-B73E-431B-81F2-4C616EB32D1E}.Debug|x86.Deploy.0 = Debug|x86
		{46501EA3-B73E-431B-81F2-4C616EB32D1E}.Release|Any CPU.ActiveCfg = Release|x86
		{46501EA3-B73E-431B-81F2-4C616EB32D1E}.Release|ARM.ActiveCfg = Release|ARM
		{46501EA3-B73E-431B-81F2-4C616EB32D1E}.Release|ARM.Build.0 = Release|ARM
		{46501EA3-B73E-431B-81F2-4C616EB32D1E}.Release|ARM.Deploy.0 = Release|ARM
		{46501EA3-B73E-431B-81F2-4C616EB32D1E}.Release|iPhone.ActiveCfg = Release|x86
		{46501EA3-B73E-431B-81F2-4C616EB32D1E}.Release|iPhoneSimulator.ActiveCfg = Release|x86
		{46501EA3-B73E-431B-81F2-4C616EB32D1E}.Release|x64.ActiveCfg = Release|x64
		{46501EA3-B73E-431B-81F2-4C616EB32D1E}.Release|x64.Build.0 = Release|x64
		{46501EA3-B73E-431B-81F2-4C616EB32D1E}.Release|x64.Deploy.0 = Release|x64
		{46501EA3-B73E-431B-81F2-4C616EB32D1E}.Release|x86.ActiveCfg = Release|x86
		{46501EA3-B73E-431B-81F2-4C616EB32D1E}.Release|x86.Build.0 = Release|x86
		{46501EA3-B73E-431B-81F2-4C616EB32D1E}.Release|x86.Deploy.0 = Release|x86
	EndGlobalSection
	GlobalSection(SolutionProperties) = preSolution
		HideSolutionNode = FALSE
	EndGlobalSection
	GlobalSection(ExtensibilityGlobals) = postSolution
		SolutionGuid = {BE73D866-D9D8-42B7-8B97-9BE24DCADA88}
	EndGlobalSection
EndGlobal
