
Microsoft Visual Studio Solution File, Format Version 12.00
# Visual Studio 15
VisualStudioVersion = 15.0.26730.10
MinimumVisualStudioVersion = 10.0.40219.1
Project("{FAE04EC0-301F-11D3-BF4B-00C04F79EFBC}") = "AvaliaBus.Android", "AvaliaBus\AvaliaBus.Android\AvaliaBus.Android.csproj", "{E0D65308-AC60-4137-8089-0C256D1518C1}"
EndProject
Project("{FAE04EC0-301F-11D3-BF4B-00C04F79EFBC}") = "AvaliaBus", "AvaliaBus\AvaliaBus\AvaliaBus.csproj", "{0722D36D-30D0-409D-821D-BE4994108D01}"
EndProject
Project("{FAE04EC0-301F-11D3-BF4B-00C04F79EFBC}") = "AvaliaBus.UWP", "AvaliaBus\AvaliaBus.UWP\AvaliaBus.UWP.csproj", "{989C8959-685D-4BA6-B5BB-35357BB5A178}"
EndProject
Project("{FAE04EC0-301F-11D3-BF4B-00C04F79EFBC}") = "AvaliaBus.iOS", "AvaliaBus\AvaliaBus.iOS\AvaliaBus.iOS.csproj", "{6309E1DE-65A6-4AD9-A0B0-B0E98B9D157B}"
EndProject
Global
	GlobalSection(SolutionConfigurationPlatforms) = preSolution
		Ad-Hoc|Any CPU = Ad-Hoc|Any CPU
		Ad-Hoc|ARM = Ad-Hoc|ARM
		Ad-Hoc|iPhone = Ad-Hoc|iPhone
		Ad-Hoc|iPhoneSimulator = Ad-Hoc|iPhoneSimulator
		Ad-Hoc|x64 = Ad-Hoc|x64
		Ad-Hoc|x86 = Ad-Hoc|x86
		AppStore|Any CPU = AppStore|Any CPU
		AppStore|ARM = AppStore|ARM
		AppStore|iPhone = AppStore|iPhone
		AppStore|iPhoneSimulator = AppStore|iPhoneSimulator
		AppStore|x64 = AppStore|x64
		AppStore|x86 = AppStore|x86
		Debug|Any CPU = Debug|Any CPU
		Debug|ARM = Debug|ARM
		Debug|iPhone = Debug|iPhone
		Debug|iPhoneSimulator = Debug|iPhoneSimulator
		Debug|x64 = Debug|x64
		Debug|x86 = Debug|x86
		Release|Any CPU = Release|Any CPU
		Release|ARM = Release|ARM
		Release|iPhone = Release|iPhone
		Release|iPhoneSimulator = Release|iPhoneSimulator
		Release|x64 = Release|x64
		Release|x86 = Release|x86
	EndGlobalSection
	GlobalSection(ProjectConfigurationPlatforms) = postSolution
		{E0D65308-AC60-4137-8089-0C256D1518C1}.Ad-Hoc|Any CPU.ActiveCfg = Release|Any CPU
		{E0D65308-AC60-4137-8089-0C256D1518C1}.Ad-Hoc|Any CPU.Build.0 = Release|Any CPU
		{E0D65308-AC60-4137-8089-0C256D1518C1}.Ad-Hoc|Any CPU.Deploy.0 = Release|Any CPU
		{E0D65308-AC60-4137-8089-0C256D1518C1}.Ad-Hoc|ARM.ActiveCfg = Release|Any CPU
		{E0D65308-AC60-4137-8089-0C256D1518C1}.Ad-Hoc|ARM.Build.0 = Release|Any CPU
		{E0D65308-AC60-4137-8089-0C256D1518C1}.Ad-Hoc|ARM.Deploy.0 = Release|Any CPU
		{E0D65308-AC60-4137-8089-0C256D1518C1}.Ad-Hoc|iPhone.ActiveCfg = Release|Any CPU
		{E0D65308-AC60-4137-8089-0C256D1518C1}.Ad-Hoc|iPhone.Build.0 = Release|Any CPU
		{E0D65308-AC60-4137-8089-0C256D1518C1}.Ad-Hoc|iPhone.Deploy.0 = Release|Any CPU
		{E0D65308-AC60-4137-8089-0C256D1518C1}.Ad-Hoc|iPhoneSimulator.ActiveCfg = Release|Any CPU
		{E0D65308-AC60-4137-8089-0C256D1518C1}.Ad-Hoc|iPhoneSimulator.Build.0 = Release|Any CPU
		{E0D65308-AC60-4137-8089-0C256D1518C1}.Ad-Hoc|iPhoneSimulator.Deploy.0 = Release|Any CPU
		{E0D65308-AC60-4137-8089-0C256D1518C1}.Ad-Hoc|x64.ActiveCfg = Release|Any CPU
		{E0D65308-AC60-4137-8089-0C256D1518C1}.Ad-Hoc|x64.Build.0 = Release|Any CPU
		{E0D65308-AC60-4137-8089-0C256D1518C1}.Ad-Hoc|x64.Deploy.0 = Release|Any CPU
		{E0D65308-AC60-4137-8089-0C256D1518C1}.Ad-Hoc|x86.ActiveCfg = Release|Any CPU
		{E0D65308-AC60-4137-8089-0C256D1518C1}.Ad-Hoc|x86.Build.0 = Release|Any CPU
		{E0D65308-AC60-4137-8089-0C256D1518C1}.Ad-Hoc|x86.Deploy.0 = Release|Any CPU
		{E0D65308-AC60-4137-8089-0C256D1518C1}.AppStore|Any CPU.ActiveCfg = Release|Any CPU
		{E0D65308-AC60-4137-8089-0C256D1518C1}.AppStore|Any CPU.Build.0 = Release|Any CPU
		{E0D65308-AC60-4137-8089-0C256D1518C1}.AppStore|Any CPU.Deploy.0 = Release|Any CPU
		{E0D65308-AC60-4137-8089-0C256D1518C1}.AppStore|ARM.ActiveCfg = Release|Any CPU
		{E0D65308-AC60-4137-8089-0C256D1518C1}.AppStore|ARM.Build.0 = Release|Any CPU
		{E0D65308-AC60-4137-8089-0C256D1518C1}.AppStore|ARM.Deploy.0 = Release|Any CPU
		{E0D65308-AC60-4137-8089-0C256D1518C1}.AppStore|iPhone.ActiveCfg = Release|Any CPU
		{E0D65308-AC60-4137-8089-0C256D1518C1}.AppStore|iPhone.Build.0 = Release|Any CPU
		{E0D65308-AC60-4137-8089-0C256D1518C1}.AppStore|iPhone.Deploy.0 = Release|Any CPU
		{E0D65308-AC60-4137-8089-0C256D1518C1}.AppStore|iPhoneSimulator.ActiveCfg = Release|Any CPU
		{E0D65308-AC60-4137-8089-0C256D1518C1}.AppStore|iPhoneSimulator.Build.0 = Release|Any CPU
		{E0D65308-AC60-4137-8089-0C256D1518C1}.AppStore|iPhoneSimulator.Deploy.0 = Release|Any CPU
		{E0D65308-AC60-4137-8089-0C256D1518C1}.AppStore|x64.ActiveCfg = Release|Any CPU
		{E0D65308-AC60-4137-8089-0C256D1518C1}.AppStore|x64.Build.0 = Release|Any CPU
		{E0D65308-AC60-4137-8089-0C256D1518C1}.AppStore|x64.Deploy.0 = Release|Any CPU
		{E0D65308-AC60-4137-8089-0C256D1518C1}.AppStore|x86.ActiveCfg = Release|Any CPU
		{E0D65308-AC60-4137-8089-0C256D1518C1}.AppStore|x86.Build.0 = Release|Any CPU
		{E0D65308-AC60-4137-8089-0C256D1518C1}.AppStore|x86.Deploy.0 = Release|Any CPU
		{E0D65308-AC60-4137-8089-0C256D1518C1}.Debug|Any CPU.ActiveCfg = Debug|Any CPU
		{E0D65308-AC60-4137-8089-0C256D1518C1}.Debug|Any CPU.Build.0 = Debug|Any CPU
		{E0D65308-AC60-4137-8089-0C256D1518C1}.Debug|Any CPU.Deploy.0 = Debug|Any CPU
		{E0D65308-AC60-4137-8089-0C256D1518C1}.Debug|ARM.ActiveCfg = Debug|Any CPU
		{E0D65308-AC60-4137-8089-0C256D1518C1}.Debug|ARM.Build.0 = Debug|Any CPU
		{E0D65308-AC60-4137-8089-0C256D1518C1}.Debug|ARM.Deploy.0 = Debug|Any CPU
		{E0D65308-AC60-4137-8089-0C256D1518C1}.Debug|iPhone.ActiveCfg = Debug|Any CPU
		{E0D65308-AC60-4137-8089-0C256D1518C1}.Debug|iPhone.Build.0 = Debug|Any CPU
		{E0D65308-AC60-4137-8089-0C256D1518C1}.Debug|iPhone.Deploy.0 = Debug|Any CPU
		{E0D65308-AC60-4137-8089-0C256D1518C1}.Debug|iPhoneSimulator.ActiveCfg = Debug|Any CPU
		{E0D65308-AC60-4137-8089-0C256D1518C1}.Debug|iPhoneSimulator.Build.0 = Debug|Any CPU
		{E0D65308-AC60-4137-8089-0C256D1518C1}.Debug|iPhoneSimulator.Deploy.0 = Debug|Any CPU
		{E0D65308-AC60-4137-8089-0C256D1518C1}.Debug|x64.ActiveCfg = Debug|Any CPU
		{E0D65308-AC60-4137-8089-0C256D1518C1}.Debug|x64.Build.0 = Debug|Any CPU
		{E0D65308-AC60-4137-8089-0C256D1518C1}.Debug|x64.Deploy.0 = Debug|Any CPU
		{E0D65308-AC60-4137-8089-0C256D1518C1}.Debug|x86.ActiveCfg = Debug|Any CPU
		{E0D65308-AC60-4137-8089-0C256D1518C1}.Debug|x86.Build.0 = Debug|Any CPU
		{E0D65308-AC60-4137-8089-0C256D1518C1}.Debug|x86.Deploy.0 = Debug|Any CPU
		{E0D65308-AC60-4137-8089-0C256D1518C1}.Release|Any CPU.ActiveCfg = Release|Any CPU
		{E0D65308-AC60-4137-8089-0C256D1518C1}.Release|Any CPU.Build.0 = Release|Any CPU
		{E0D65308-AC60-4137-8089-0C256D1518C1}.Release|Any CPU.Deploy.0 = Release|Any CPU
		{E0D65308-AC60-4137-8089-0C256D1518C1}.Release|ARM.ActiveCfg = Release|Any CPU
		{E0D65308-AC60-4137-8089-0C256D1518C1}.Release|ARM.Build.0 = Release|Any CPU
		{E0D65308-AC60-4137-8089-0C256D1518C1}.Release|ARM.Deploy.0 = Release|Any CPU
		{E0D65308-AC60-4137-8089-0C256D1518C1}.Release|iPhone.ActiveCfg = Release|Any CPU
		{E0D65308-AC60-4137-8089-0C256D1518C1}.Release|iPhone.Build.0 = Release|Any CPU
		{E0D65308-AC60-4137-8089-0C256D1518C1}.Release|iPhone.Deploy.0 = Release|Any CPU
		{E0D65308-AC60-4137-8089-0C256D1518C1}.Release|iPhoneSimulator.ActiveCfg = Release|Any CPU
		{E0D65308-AC60-4137-8089-0C256D1518C1}.Release|iPhoneSimulator.Build.0 = Release|Any CPU
		{E0D65308-AC60-4137-8089-0C256D1518C1}.Release|iPhoneSimulator.Deploy.0 = Release|Any CPU
		{E0D65308-AC60-4137-8089-0C256D1518C1}.Release|x64.ActiveCfg = Release|Any CPU
		{E0D65308-AC60-4137-8089-0C256D1518C1}.Release|x64.Build.0 = Release|Any CPU
		{E0D65308-AC60-4137-8089-0C256D1518C1}.Release|x64.Deploy.0 = Release|Any CPU
		{E0D65308-AC60-4137-8089-0C256D1518C1}.Release|x86.ActiveCfg = Release|Any CPU
		{E0D65308-AC60-4137-8089-0C256D1518C1}.Release|x86.Build.0 = Release|Any CPU
		{E0D65308-AC60-4137-8089-0C256D1518C1}.Release|x86.Deploy.0 = Release|Any CPU
		{0722D36D-30D0-409D-821D-BE4994108D01}.Ad-Hoc|Any CPU.ActiveCfg = Release|Any CPU
		{0722D36D-30D0-409D-821D-BE4994108D01}.Ad-Hoc|Any CPU.Build.0 = Release|Any CPU
		{0722D36D-30D0-409D-821D-BE4994108D01}.Ad-Hoc|ARM.ActiveCfg = Release|Any CPU
		{0722D36D-30D0-409D-821D-BE4994108D01}.Ad-Hoc|ARM.Build.0 = Release|Any CPU
		{0722D36D-30D0-409D-821D-BE4994108D01}.Ad-Hoc|iPhone.ActiveCfg = Release|Any CPU
		{0722D36D-30D0-409D-821D-BE4994108D01}.Ad-Hoc|iPhone.Build.0 = Release|Any CPU
		{0722D36D-30D0-409D-821D-BE4994108D01}.Ad-Hoc|iPhoneSimulator.ActiveCfg = Release|Any CPU
		{0722D36D-30D0-409D-821D-BE4994108D01}.Ad-Hoc|iPhoneSimulator.Build.0 = Release|Any CPU
		{0722D36D-30D0-409D-821D-BE4994108D01}.Ad-Hoc|x64.ActiveCfg = Release|Any CPU
		{0722D36D-30D0-409D-821D-BE4994108D01}.Ad-Hoc|x64.Build.0 = Release|Any CPU
		{0722D36D-30D0-409D-821D-BE4994108D01}.Ad-Hoc|x86.ActiveCfg = Release|Any CPU
		{0722D36D-30D0-409D-821D-BE4994108D01}.Ad-Hoc|x86.Build.0 = Release|Any CPU
		{0722D36D-30D0-409D-821D-BE4994108D01}.AppStore|Any CPU.ActiveCfg = Release|Any CPU
		{0722D36D-30D0-409D-821D-BE4994108D01}.AppStore|Any CPU.Build.0 = Release|Any CPU
		{0722D36D-30D0-409D-821D-BE4994108D01}.AppStore|ARM.ActiveCfg = Release|Any CPU
		{0722D36D-30D0-409D-821D-BE4994108D01}.AppStore|ARM.Build.0 = Release|Any CPU
		{0722D36D-30D0-409D-821D-BE4994108D01}.AppStore|iPhone.ActiveCfg = Release|Any CPU
		{0722D36D-30D0-409D-821D-BE4994108D01}.AppStore|iPhone.Build.0 = Release|Any CPU
		{0722D36D-30D0-409D-821D-BE4994108D01}.AppStore|iPhoneSimulator.ActiveCfg = Release|Any CPU
		{0722D36D-30D0-409D-821D-BE4994108D01}.AppStore|iPhoneSimulator.Build.0 = Release|Any CPU
		{0722D36D-30D0-409D-821D-BE4994108D01}.AppStore|x64.ActiveCfg = Release|Any CPU
		{0722D36D-30D0-409D-821D-BE4994108D01}.AppStore|x64.Build.0 = Release|Any CPU
		{0722D36D-30D0-409D-821D-BE4994108D01}.AppStore|x86.ActiveCfg = Release|Any CPU
		{0722D36D-30D0-409D-821D-BE4994108D01}.AppStore|x86.Build.0 = Release|Any CPU
		{0722D36D-30D0-409D-821D-BE4994108D01}.Debug|Any CPU.ActiveCfg = Debug|Any CPU
		{0722D36D-30D0-409D-821D-BE4994108D01}.Debug|Any CPU.Build.0 = Debug|Any CPU
		{0722D36D-30D0-409D-821D-BE4994108D01}.Debug|ARM.ActiveCfg = Debug|Any CPU
		{0722D36D-30D0-409D-821D-BE4994108D01}.Debug|ARM.Build.0 = Debug|Any CPU
		{0722D36D-30D0-409D-821D-BE4994108D01}.Debug|iPhone.ActiveCfg = Debug|Any CPU
		{0722D36D-30D0-409D-821D-BE4994108D01}.Debug|iPhone.Build.0 = Debug|Any CPU
		{0722D36D-30D0-409D-821D-BE4994108D01}.Debug|iPhoneSimulator.ActiveCfg = Debug|Any CPU
		{0722D36D-30D0-409D-821D-BE4994108D01}.Debug|iPhoneSimulator.Build.0 = Debug|Any CPU
		{0722D36D-30D0-409D-821D-BE4994108D01}.Debug|x64.ActiveCfg = Debug|Any CPU
		{0722D36D-30D0-409D-821D-BE4994108D01}.Debug|x64.Build.0 = Debug|Any CPU
		{0722D36D-30D0-409D-821D-BE4994108D01}.Debug|x86.ActiveCfg = Debug|Any CPU
		{0722D36D-30D0-409D-821D-BE4994108D01}.Debug|x86.Build.0 = Debug|Any CPU
		{0722D36D-30D0-409D-821D-BE4994108D01}.Release|Any CPU.ActiveCfg = Release|Any CPU
		{0722D36D-30D0-409D-821D-BE4994108D01}.Release|Any CPU.Build.0 = Release|Any CPU
		{0722D36D-30D0-409D-821D-BE4994108D01}.Release|ARM.ActiveCfg = Release|Any CPU
		{0722D36D-30D0-409D-821D-BE4994108D01}.Release|ARM.Build.0 = Release|Any CPU
		{0722D36D-30D0-409D-821D-BE4994108D01}.Release|iPhone.ActiveCfg = Release|Any CPU
		{0722D36D-30D0-409D-821D-BE4994108D01}.Release|iPhone.Build.0 = Release|Any CPU
		{0722D36D-30D0-409D-821D-BE4994108D01}.Release|iPhoneSimulator.ActiveCfg = Release|Any CPU
		{0722D36D-30D0-409D-821D-BE4994108D01}.Release|iPhoneSimulator.Build.0 = Release|Any CPU
		{0722D36D-30D0-409D-821D-BE4994108D01}.Release|x64.ActiveCfg = Release|Any CPU
		{0722D36D-30D0-409D-821D-BE4994108D01}.Release|x64.Build.0 = Release|Any CPU
		{0722D36D-30D0-409D-821D-BE4994108D01}.Release|x86.ActiveCfg = Release|Any CPU
		{0722D36D-30D0-409D-821D-BE4994108D01}.Release|x86.Build.0 = Release|Any CPU
		{989C8959-685D-4BA6-B5BB-35357BB5A178}.Ad-Hoc|Any CPU.ActiveCfg = Release|x86
		{989C8959-685D-4BA6-B5BB-35357BB5A178}.Ad-Hoc|Any CPU.Build.0 = Release|x86
		{989C8959-685D-4BA6-B5BB-35357BB5A178}.Ad-Hoc|Any CPU.Deploy.0 = Release|x86
		{989C8959-685D-4BA6-B5BB-35357BB5A178}.Ad-Hoc|ARM.ActiveCfg = Release|ARM
		{989C8959-685D-4BA6-B5BB-35357BB5A178}.Ad-Hoc|ARM.Build.0 = Release|ARM
		{989C8959-685D-4BA6-B5BB-35357BB5A178}.Ad-Hoc|ARM.Deploy.0 = Release|ARM
		{989C8959-685D-4BA6-B5BB-35357BB5A178}.Ad-Hoc|iPhone.ActiveCfg = Release|x86
		{989C8959-685D-4BA6-B5BB-35357BB5A178}.Ad-Hoc|iPhone.Build.0 = Release|x86
		{989C8959-685D-4BA6-B5BB-35357BB5A178}.Ad-Hoc|iPhone.Deploy.0 = Release|x86
		{989C8959-685D-4BA6-B5BB-35357BB5A178}.Ad-Hoc|iPhoneSimulator.ActiveCfg = Release|x86
		{989C8959-685D-4BA6-B5BB-35357BB5A178}.Ad-Hoc|iPhoneSimulator.Build.0 = Release|x86
		{989C8959-685D-4BA6-B5BB-35357BB5A178}.Ad-Hoc|iPhoneSimulator.Deploy.0 = Release|x86
		{989C8959-685D-4BA6-B5BB-35357BB5A178}.Ad-Hoc|x64.ActiveCfg = Release|x64
		{989C8959-685D-4BA6-B5BB-35357BB5A178}.Ad-Hoc|x64.Build.0 = Release|x64
		{989C8959-685D-4BA6-B5BB-35357BB5A178}.Ad-Hoc|x64.Deploy.0 = Release|x64
		{989C8959-685D-4BA6-B5BB-35357BB5A178}.Ad-Hoc|x86.ActiveCfg = Release|x86
		{989C8959-685D-4BA6-B5BB-35357BB5A178}.Ad-Hoc|x86.Build.0 = Release|x86
		{989C8959-685D-4BA6-B5BB-35357BB5A178}.Ad-Hoc|x86.Deploy.0 = Release|x86
		{989C8959-685D-4BA6-B5BB-35357BB5A178}.AppStore|Any CPU.ActiveCfg = Release|x86
		{989C8959-685D-4BA6-B5BB-35357BB5A178}.AppStore|Any CPU.Build.0 = Release|x86
		{989C8959-685D-4BA6-B5BB-35357BB5A178}.AppStore|Any CPU.Deploy.0 = Release|x86
		{989C8959-685D-4BA6-B5BB-35357BB5A178}.AppStore|ARM.ActiveCfg = Release|ARM
		{989C8959-685D-4BA6-B5BB-35357BB5A178}.AppStore|ARM.Build.0 = Release|ARM
		{989C8959-685D-4BA6-B5BB-35357BB5A178}.AppStore|ARM.Deploy.0 = Release|ARM
		{989C8959-685D-4BA6-B5BB-35357BB5A178}.AppStore|iPhone.ActiveCfg = Release|x86
		{989C8959-685D-4BA6-B5BB-35357BB5A178}.AppStore|iPhone.Build.0 = Release|x86
		{989C8959-685D-4BA6-B5BB-35357BB5A178}.AppStore|iPhone.Deploy.0 = Release|x86
		{989C8959-685D-4BA6-B5BB-35357BB5A178}.AppStore|iPhoneSimulator.ActiveCfg = Release|x86
		{989C8959-685D-4BA6-B5BB-35357BB5A178}.AppStore|iPhoneSimulator.Build.0 = Release|x86
		{989C8959-685D-4BA6-B5BB-35357BB5A178}.AppStore|iPhoneSimulator.Deploy.0 = Release|x86
		{989C8959-685D-4BA6-B5BB-35357BB5A178}.AppStore|x64.ActiveCfg = Release|x64
		{989C8959-685D-4BA6-B5BB-35357BB5A178}.AppStore|x64.Build.0 = Release|x64
		{989C8959-685D-4BA6-B5BB-35357BB5A178}.AppStore|x64.Deploy.0 = Release|x64
		{989C8959-685D-4BA6-B5BB-35357BB5A178}.AppStore|x86.ActiveCfg = Release|x86
		{989C8959-685D-4BA6-B5BB-35357BB5A178}.AppStore|x86.Build.0 = Release|x86
		{989C8959-685D-4BA6-B5BB-35357BB5A178}.AppStore|x86.Deploy.0 = Release|x86
		{989C8959-685D-4BA6-B5BB-35357BB5A178}.Debug|Any CPU.ActiveCfg = Debug|x86
		{989C8959-685D-4BA6-B5BB-35357BB5A178}.Debug|ARM.ActiveCfg = Debug|ARM
		{989C8959-685D-4BA6-B5BB-35357BB5A178}.Debug|ARM.Build.0 = Debug|ARM
		{989C8959-685D-4BA6-B5BB-35357BB5A178}.Debug|ARM.Deploy.0 = Debug|ARM
		{989C8959-685D-4BA6-B5BB-35357BB5A178}.Debug|iPhone.ActiveCfg = Debug|x86
		{989C8959-685D-4BA6-B5BB-35357BB5A178}.Debug|iPhoneSimulator.ActiveCfg = Debug|x86
		{989C8959-685D-4BA6-B5BB-35357BB5A178}.Debug|x64.ActiveCfg = Debug|x64
		{989C8959-685D-4BA6-B5BB-35357BB5A178}.Debug|x64.Build.0 = Debug|x64
		{989C8959-685D-4BA6-B5BB-35357BB5A178}.Debug|x64.Deploy.0 = Debug|x64
		{989C8959-685D-4BA6-B5BB-35357BB5A178}.Debug|x86.ActiveCfg = Debug|x86
		{989C8959-685D-4BA6-B5BB-35357BB5A178}.Debug|x86.Build.0 = Debug|x86
		{989C8959-685D-4BA6-B5BB-35357BB5A178}.Debug|x86.Deploy.0 = Debug|x86
		{989C8959-685D-4BA6-B5BB-35357BB5A178}.Release|Any CPU.ActiveCfg = Release|x86
		{989C8959-685D-4BA6-B5BB-35357BB5A178}.Release|ARM.ActiveCfg = Release|ARM
		{989C8959-685D-4BA6-B5BB-35357BB5A178}.Release|ARM.Build.0 = Release|ARM
		{989C8959-685D-4BA6-B5BB-35357BB5A178}.Release|ARM.Deploy.0 = Release|ARM
		{989C8959-685D-4BA6-B5BB-35357BB5A178}.Release|iPhone.ActiveCfg = Release|x86
		{989C8959-685D-4BA6-B5BB-35357BB5A178}.Release|iPhoneSimulator.ActiveCfg = Release|x86
		{989C8959-685D-4BA6-B5BB-35357BB5A178}.Release|x64.ActiveCfg = Release|x64
		{989C8959-685D-4BA6-B5BB-35357BB5A178}.Release|x64.Build.0 = Release|x64
		{989C8959-685D-4BA6-B5BB-35357BB5A178}.Release|x64.Deploy.0 = Release|x64
		{989C8959-685D-4BA6-B5BB-35357BB5A178}.Release|x86.ActiveCfg = Release|x86
		{989C8959-685D-4BA6-B5BB-35357BB5A178}.Release|x86.Build.0 = Release|x86
		{989C8959-685D-4BA6-B5BB-35357BB5A178}.Release|x86.Deploy.0 = Release|x86
		{6309E1DE-65A6-4AD9-A0B0-B0E98B9D157B}.Ad-Hoc|Any CPU.ActiveCfg = Ad-Hoc|iPhone
		{6309E1DE-65A6-4AD9-A0B0-B0E98B9D157B}.Ad-Hoc|ARM.ActiveCfg = Ad-Hoc|iPhone
		{6309E1DE-65A6-4AD9-A0B0-B0E98B9D157B}.Ad-Hoc|iPhone.ActiveCfg = Ad-Hoc|iPhone
		{6309E1DE-65A6-4AD9-A0B0-B0E98B9D157B}.Ad-Hoc|iPhone.Build.0 = Ad-Hoc|iPhone
		{6309E1DE-65A6-4AD9-A0B0-B0E98B9D157B}.Ad-Hoc|iPhoneSimulator.ActiveCfg = Ad-Hoc|iPhoneSimulator
		{6309E1DE-65A6-4AD9-A0B0-B0E98B9D157B}.Ad-Hoc|iPhoneSimulator.Build.0 = Ad-Hoc|iPhoneSimulator
		{6309E1DE-65A6-4AD9-A0B0-B0E98B9D157B}.Ad-Hoc|x64.ActiveCfg = Ad-Hoc|iPhone
		{6309E1DE-65A6-4AD9-A0B0-B0E98B9D157B}.Ad-Hoc|x86.ActiveCfg = Ad-Hoc|iPhone
		{6309E1DE-65A6-4AD9-A0B0-B0E98B9D157B}.AppStore|Any CPU.ActiveCfg = AppStore|iPhone
		{6309E1DE-65A6-4AD9-A0B0-B0E98B9D157B}.AppStore|ARM.ActiveCfg = AppStore|iPhone
		{6309E1DE-65A6-4AD9-A0B0-B0E98B9D157B}.AppStore|iPhone.ActiveCfg = AppStore|iPhone
		{6309E1DE-65A6-4AD9-A0B0-B0E98B9D157B}.AppStore|iPhone.Build.0 = AppStore|iPhone
		{6309E1DE-65A6-4AD9-A0B0-B0E98B9D157B}.AppStore|iPhoneSimulator.ActiveCfg = AppStore|iPhoneSimulator
		{6309E1DE-65A6-4AD9-A0B0-B0E98B9D157B}.AppStore|iPhoneSimulator.Build.0 = AppStore|iPhoneSimulator
		{6309E1DE-65A6-4AD9-A0B0-B0E98B9D157B}.AppStore|x64.ActiveCfg = AppStore|iPhone
		{6309E1DE-65A6-4AD9-A0B0-B0E98B9D157B}.AppStore|x86.ActiveCfg = AppStore|iPhone
		{6309E1DE-65A6-4AD9-A0B0-B0E98B9D157B}.Debug|Any CPU.ActiveCfg = Debug|iPhone
		{6309E1DE-65A6-4AD9-A0B0-B0E98B9D157B}.Debug|ARM.ActiveCfg = Debug|iPhone
		{6309E1DE-65A6-4AD9-A0B0-B0E98B9D157B}.Debug|iPhone.ActiveCfg = Debug|iPhone
		{6309E1DE-65A6-4AD9-A0B0-B0E98B9D157B}.Debug|iPhone.Build.0 = Debug|iPhone
		{6309E1DE-65A6-4AD9-A0B0-B0E98B9D157B}.Debug|iPhoneSimulator.ActiveCfg = Debug|iPhoneSimulator
		{6309E1DE-65A6-4AD9-A0B0-B0E98B9D157B}.Debug|iPhoneSimulator.Build.0 = Debug|iPhoneSimulator
		{6309E1DE-65A6-4AD9-A0B0-B0E98B9D157B}.Debug|x64.ActiveCfg = Debug|iPhone
		{6309E1DE-65A6-4AD9-A0B0-B0E98B9D157B}.Debug|x86.ActiveCfg = Debug|iPhone
		{6309E1DE-65A6-4AD9-A0B0-B0E98B9D157B}.Release|Any CPU.ActiveCfg = Release|iPhone
		{6309E1DE-65A6-4AD9-A0B0-B0E98B9D157B}.Release|ARM.ActiveCfg = Release|iPhone
		{6309E1DE-65A6-4AD9-A0B0-B0E98B9D157B}.Release|iPhone.ActiveCfg = Release|iPhone
		{6309E1DE-65A6-4AD9-A0B0-B0E98B9D157B}.Release|iPhone.Build.0 = Release|iPhone
		{6309E1DE-65A6-4AD9-A0B0-B0E98B9D157B}.Release|iPhoneSimulator.ActiveCfg = Release|iPhoneSimulator
		{6309E1DE-65A6-4AD9-A0B0-B0E98B9D157B}.Release|iPhoneSimulator.Build.0 = Release|iPhoneSimulator
		{6309E1DE-65A6-4AD9-A0B0-B0E98B9D157B}.Release|x64.ActiveCfg = Release|iPhone
		{6309E1DE-65A6-4AD9-A0B0-B0E98B9D157B}.Release|x86.ActiveCfg = Release|iPhone
	EndGlobalSection
	GlobalSection(SolutionProperties) = preSolution
		HideSolutionNode = FALSE
	EndGlobalSection
	GlobalSection(ExtensibilityGlobals) = postSolution
		SolutionGuid = {DF5519EA-C459-45D2-9B28-A5E42011A925}
	EndGlobalSection
EndGlobal
