
Microsoft Visual Studio Solution File, Format Version 12.00
# Visual Studio 15
VisualStudioVersion = 15.0.26730.8
MinimumVisualStudioVersion = 10.0.40219.1
Project("{FAE04EC0-301F-11D3-BF4B-00C04F79EFBC}") = "TiposPaginas.Android", "TiposPaginas\TiposPaginas.Android\TiposPaginas.Android.csproj", "{F683E850-9BED-4B2F-8643-2EF1012AD2F2}"
EndProject
Project("{FAE04EC0-301F-11D3-BF4B-00C04F79EFBC}") = "TiposPaginas", "TiposPaginas\TiposPaginas\TiposPaginas.csproj", "{A202E258-C9F1-428A-9D8A-669263951A4D}"
EndProject
Project("{FAE04EC0-301F-11D3-BF4B-00C04F79EFBC}") = "TiposPaginas.UWP", "TiposPaginas\TiposPaginas.UWP\TiposPaginas.UWP.csproj", "{0355C139-ECE8-48BB-A0F6-9B3012A451CE}"
EndProject
Project("{FAE04EC0-301F-11D3-BF4B-00C04F79EFBC}") = "TiposPaginas.iOS", "TiposPaginas\TiposPaginas.iOS\TiposPaginas.iOS.csproj", "{16A0848E-D0F4-40CA-86EF-FC7398F55AE1}"
EndProject
Global
	GlobalSection(SolutionConfigurationPlatforms) = preSolution
		Ad-Hoc|Any CPU = Ad-Hoc|Any CPU
		Ad-Hoc|ARM = Ad-Hoc|ARM
		Ad-Hoc|iPhone = Ad-Hoc|iPhone
		Ad-Hoc|iPhoneSimulator = Ad-Hoc|iPhoneSimulator
		Ad-Hoc|x64 = Ad-Hoc|x64
		Ad-Hoc|x86 = Ad-Hoc|x86
		AppStore|Any CPU = AppStore|Any CPU
		AppStore|ARM = AppStore|ARM
		AppStore|iPhone = AppStore|iPhone
		AppStore|iPhoneSimulator = AppStore|iPhoneSimulator
		AppStore|x64 = AppStore|x64
		AppStore|x86 = AppStore|x86
		Debug|Any CPU = Debug|Any CPU
		Debug|ARM = Debug|ARM
		Debug|iPhone = Debug|iPhone
		Debug|iPhoneSimulator = Debug|iPhoneSimulator
		Debug|x64 = Debug|x64
		Debug|x86 = Debug|x86
		Release|Any CPU = Release|Any CPU
		Release|ARM = Release|ARM
		Release|iPhone = Release|iPhone
		Release|iPhoneSimulator = Release|iPhoneSimulator
		Release|x64 = Release|x64
		Release|x86 = Release|x86
	EndGlobalSection
	GlobalSection(ProjectConfigurationPlatforms) = postSolution
		{F683E850-9BED-4B2F-8643-2EF1012AD2F2}.Ad-Hoc|Any CPU.ActiveCfg = Release|Any CPU
		{F683E850-9BED-4B2F-8643-2EF1012AD2F2}.Ad-Hoc|Any CPU.Build.0 = Release|Any CPU
		{F683E850-9BED-4B2F-8643-2EF1012AD2F2}.Ad-Hoc|Any CPU.Deploy.0 = Release|Any CPU
		{F683E850-9BED-4B2F-8643-2EF1012AD2F2}.Ad-Hoc|ARM.ActiveCfg = Release|Any CPU
		{F683E850-9BED-4B2F-8643-2EF1012AD2F2}.Ad-Hoc|ARM.Build.0 = Release|Any CPU
		{F683E850-9BED-4B2F-8643-2EF1012AD2F2}.Ad-Hoc|ARM.Deploy.0 = Release|Any CPU
		{F683E850-9BED-4B2F-8643-2EF1012AD2F2}.Ad-Hoc|iPhone.ActiveCfg = Release|Any CPU
		{F683E850-9BED-4B2F-8643-2EF1012AD2F2}.Ad-Hoc|iPhone.Build.0 = Release|Any CPU
		{F683E850-9BED-4B2F-8643-2EF1012AD2F2}.Ad-Hoc|iPhone.Deploy.0 = Release|Any CPU
		{F683E850-9BED-4B2F-8643-2EF1012AD2F2}.Ad-Hoc|iPhoneSimulator.ActiveCfg = Release|Any CPU
		{F683E850-9BED-4B2F-8643-2EF1012AD2F2}.Ad-Hoc|iPhoneSimulator.Build.0 = Release|Any CPU
		{F683E850-9BED-4B2F-8643-2EF1012AD2F2}.Ad-Hoc|iPhoneSimulator.Deploy.0 = Release|Any CPU
		{F683E850-9BED-4B2F-8643-2EF1012AD2F2}.Ad-Hoc|x64.ActiveCfg = Release|Any CPU
		{F683E850-9BED-4B2F-8643-2EF1012AD2F2}.Ad-Hoc|x64.Build.0 = Release|Any CPU
		{F683E850-9BED-4B2F-8643-2EF1012AD2F2}.Ad-Hoc|x64.Deploy.0 = Release|Any CPU
		{F683E850-9BED-4B2F-8643-2EF1012AD2F2}.Ad-Hoc|x86.ActiveCfg = Release|Any CPU
		{F683E850-9BED-4B2F-8643-2EF1012AD2F2}.Ad-Hoc|x86.Build.0 = Release|Any CPU
		{F683E850-9BED-4B2F-8643-2EF1012AD2F2}.Ad-Hoc|x86.Deploy.0 = Release|Any CPU
		{F683E850-9BED-4B2F-8643-2EF1012AD2F2}.AppStore|Any CPU.ActiveCfg = Release|Any CPU
		{F683E850-9BED-4B2F-8643-2EF1012AD2F2}.AppStore|Any CPU.Build.0 = Release|Any CPU
		{F683E850-9BED-4B2F-8643-2EF1012AD2F2}.AppStore|Any CPU.Deploy.0 = Release|Any CPU
		{F683E850-9BED-4B2F-8643-2EF1012AD2F2}.AppStore|ARM.ActiveCfg = Release|Any CPU
		{F683E850-9BED-4B2F-8643-2EF1012AD2F2}.AppStore|ARM.Build.0 = Release|Any CPU
		{F683E850-9BED-4B2F-8643-2EF1012AD2F2}.AppStore|ARM.Deploy.0 = Release|Any CPU
		{F683E850-9BED-4B2F-8643-2EF1012AD2F2}.AppStore|iPhone.ActiveCfg = Release|Any CPU
		{F683E850-9BED-4B2F-8643-2EF1012AD2F2}.AppStore|iPhone.Build.0 = Release|Any CPU
		{F683E850-9BED-4B2F-8643-2EF1012AD2F2}.AppStore|iPhone.Deploy.0 = Release|Any CPU
		{F683E850-9BED-4B2F-8643-2EF1012AD2F2}.AppStore|iPhoneSimulator.ActiveCfg = Release|Any CPU
		{F683E850-9BED-4B2F-8643-2EF1012AD2F2}.AppStore|iPhoneSimulator.Build.0 = Release|Any CPU
		{F683E850-9BED-4B2F-8643-2EF1012AD2F2}.AppStore|iPhoneSimulator.Deploy.0 = Release|Any CPU
		{F683E850-9BED-4B2F-8643-2EF1012AD2F2}.AppStore|x64.ActiveCfg = Release|Any CPU
		{F683E850-9BED-4B2F-8643-2EF1012AD2F2}.AppStore|x64.Build.0 = Release|Any CPU
		{F683E850-9BED-4B2F-8643-2EF1012AD2F2}.AppStore|x64.Deploy.0 = Release|Any CPU
		{F683E850-9BED-4B2F-8643-2EF1012AD2F2}.AppStore|x86.ActiveCfg = Release|Any CPU
		{F683E850-9BED-4B2F-8643-2EF1012AD2F2}.AppStore|x86.Build.0 = Release|Any CPU
		{F683E850-9BED-4B2F-8643-2EF1012AD2F2}.AppStore|x86.Deploy.0 = Release|Any CPU
		{F683E850-9BED-4B2F-8643-2EF1012AD2F2}.Debug|Any CPU.ActiveCfg = Debug|Any CPU
		{F683E850-9BED-4B2F-8643-2EF1012AD2F2}.Debug|Any CPU.Build.0 = Debug|Any CPU
		{F683E850-9BED-4B2F-8643-2EF1012AD2F2}.Debug|Any CPU.Deploy.0 = Debug|Any CPU
		{F683E850-9BED-4B2F-8643-2EF1012AD2F2}.Debug|ARM.ActiveCfg = Debug|Any CPU
		{F683E850-9BED-4B2F-8643-2EF1012AD2F2}.Debug|ARM.Build.0 = Debug|Any CPU
		{F683E850-9BED-4B2F-8643-2EF1012AD2F2}.Debug|ARM.Deploy.0 = Debug|Any CPU
		{F683E850-9BED-4B2F-8643-2EF1012AD2F2}.Debug|iPhone.ActiveCfg = Debug|Any CPU
		{F683E850-9BED-4B2F-8643-2EF1012AD2F2}.Debug|iPhone.Build.0 = Debug|Any CPU
		{F683E850-9BED-4B2F-8643-2EF1012AD2F2}.Debug|iPhone.Deploy.0 = Debug|Any CPU
		{F683E850-9BED-4B2F-8643-2EF1012AD2F2}.Debug|iPhoneSimulator.ActiveCfg = Debug|Any CPU
		{F683E850-9BED-4B2F-8643-2EF1012AD2F2}.Debug|iPhoneSimulator.Build.0 = Debug|Any CPU
		{F683E850-9BED-4B2F-8643-2EF1012AD2F2}.Debug|iPhoneSimulator.Deploy.0 = Debug|Any CPU
		{F683E850-9BED-4B2F-8643-2EF1012AD2F2}.Debug|x64.ActiveCfg = Debug|Any CPU
		{F683E850-9BED-4B2F-8643-2EF1012AD2F2}.Debug|x64.Build.0 = Debug|Any CPU
		{F683E850-9BED-4B2F-8643-2EF1012AD2F2}.Debug|x64.Deploy.0 = Debug|Any CPU
		{F683E850-9BED-4B2F-8643-2EF1012AD2F2}.Debug|x86.ActiveCfg = Debug|Any CPU
		{F683E850-9BED-4B2F-8643-2EF1012AD2F2}.Debug|x86.Build.0 = Debug|Any CPU
		{F683E850-9BED-4B2F-8643-2EF1012AD2F2}.Debug|x86.Deploy.0 = Debug|Any CPU
		{F683E850-9BED-4B2F-8643-2EF1012AD2F2}.Release|Any CPU.ActiveCfg = Release|Any CPU
		{F683E850-9BED-4B2F-8643-2EF1012AD2F2}.Release|Any CPU.Build.0 = Release|Any CPU
		{F683E850-9BED-4B2F-8643-2EF1012AD2F2}.Release|Any CPU.Deploy.0 = Release|Any CPU
		{F683E850-9BED-4B2F-8643-2EF1012AD2F2}.Release|ARM.ActiveCfg = Release|Any CPU
		{F683E850-9BED-4B2F-8643-2EF1012AD2F2}.Release|ARM.Build.0 = Release|Any CPU
		{F683E850-9BED-4B2F-8643-2EF1012AD2F2}.Release|ARM.Deploy.0 = Release|Any CPU
		{F683E850-9BED-4B2F-8643-2EF1012AD2F2}.Release|iPhone.ActiveCfg = Release|Any CPU
		{F683E850-9BED-4B2F-8643-2EF1012AD2F2}.Release|iPhone.Build.0 = Release|Any CPU
		{F683E850-9BED-4B2F-8643-2EF1012AD2F2}.Release|iPhone.Deploy.0 = Release|Any CPU
		{F683E850-9BED-4B2F-8643-2EF1012AD2F2}.Release|iPhoneSimulator.ActiveCfg = Release|Any CPU
		{F683E850-9BED-4B2F-8643-2EF1012AD2F2}.Release|iPhoneSimulator.Build.0 = Release|Any CPU
		{F683E850-9BED-4B2F-8643-2EF1012AD2F2}.Release|iPhoneSimulator.Deploy.0 = Release|Any CPU
		{F683E850-9BED-4B2F-8643-2EF1012AD2F2}.Release|x64.ActiveCfg = Release|Any CPU
		{F683E850-9BED-4B2F-8643-2EF1012AD2F2}.Release|x64.Build.0 = Release|Any CPU
		{F683E850-9BED-4B2F-8643-2EF1012AD2F2}.Release|x64.Deploy.0 = Release|Any CPU
		{F683E850-9BED-4B2F-8643-2EF1012AD2F2}.Release|x86.ActiveCfg = Release|Any CPU
		{F683E850-9BED-4B2F-8643-2EF1012AD2F2}.Release|x86.Build.0 = Release|Any CPU
		{F683E850-9BED-4B2F-8643-2EF1012AD2F2}.Release|x86.Deploy.0 = Release|Any CPU
		{A202E258-C9F1-428A-9D8A-669263951A4D}.Ad-Hoc|Any CPU.ActiveCfg = Release|Any CPU
		{A202E258-C9F1-428A-9D8A-669263951A4D}.Ad-Hoc|Any CPU.Build.0 = Release|Any CPU
		{A202E258-C9F1-428A-9D8A-669263951A4D}.Ad-Hoc|ARM.ActiveCfg = Release|Any CPU
		{A202E258-C9F1-428A-9D8A-669263951A4D}.Ad-Hoc|ARM.Build.0 = Release|Any CPU
		{A202E258-C9F1-428A-9D8A-669263951A4D}.Ad-Hoc|iPhone.ActiveCfg = Release|Any CPU
		{A202E258-C9F1-428A-9D8A-669263951A4D}.Ad-Hoc|iPhone.Build.0 = Release|Any CPU
		{A202E258-C9F1-428A-9D8A-669263951A4D}.Ad-Hoc|iPhoneSimulator.ActiveCfg = Release|Any CPU
		{A202E258-C9F1-428A-9D8A-669263951A4D}.Ad-Hoc|iPhoneSimulator.Build.0 = Release|Any CPU
		{A202E258-C9F1-428A-9D8A-669263951A4D}.Ad-Hoc|x64.ActiveCfg = Release|Any CPU
		{A202E258-C9F1-428A-9D8A-669263951A4D}.Ad-Hoc|x64.Build.0 = Release|Any CPU
		{A202E258-C9F1-428A-9D8A-669263951A4D}.Ad-Hoc|x86.ActiveCfg = Release|Any CPU
		{A202E258-C9F1-428A-9D8A-669263951A4D}.Ad-Hoc|x86.Build.0 = Release|Any CPU
		{A202E258-C9F1-428A-9D8A-669263951A4D}.AppStore|Any CPU.ActiveCfg = Release|Any CPU
		{A202E258-C9F1-428A-9D8A-669263951A4D}.AppStore|Any CPU.Build.0 = Release|Any CPU
		{A202E258-C9F1-428A-9D8A-669263951A4D}.AppStore|ARM.ActiveCfg = Release|Any CPU
		{A202E258-C9F1-428A-9D8A-669263951A4D}.AppStore|ARM.Build.0 = Release|Any CPU
		{A202E258-C9F1-428A-9D8A-669263951A4D}.AppStore|iPhone.ActiveCfg = Release|Any CPU
		{A202E258-C9F1-428A-9D8A-669263951A4D}.AppStore|iPhone.Build.0 = Release|Any CPU
		{A202E258-C9F1-428A-9D8A-669263951A4D}.AppStore|iPhoneSimulator.ActiveCfg = Release|Any CPU
		{A202E258-C9F1-428A-9D8A-669263951A4D}.AppStore|iPhoneSimulator.Build.0 = Release|Any CPU
		{A202E258-C9F1-428A-9D8A-669263951A4D}.AppStore|x64.ActiveCfg = Release|Any CPU
		{A202E258-C9F1-428A-9D8A-669263951A4D}.AppStore|x64.Build.0 = Release|Any CPU
		{A202E258-C9F1-428A-9D8A-669263951A4D}.AppStore|x86.ActiveCfg = Release|Any CPU
		{A202E258-C9F1-428A-9D8A-669263951A4D}.AppStore|x86.Build.0 = Release|Any CPU
		{A202E258-C9F1-428A-9D8A-669263951A4D}.Debug|Any CPU.ActiveCfg = Debug|Any CPU
		{A202E258-C9F1-428A-9D8A-669263951A4D}.Debug|Any CPU.Build.0 = Debug|Any CPU
		{A202E258-C9F1-428A-9D8A-669263951A4D}.Debug|ARM.ActiveCfg = Debug|Any CPU
		{A202E258-C9F1-428A-9D8A-669263951A4D}.Debug|ARM.Build.0 = Debug|Any CPU
		{A202E258-C9F1-428A-9D8A-669263951A4D}.Debug|iPhone.ActiveCfg = Debug|Any CPU
		{A202E258-C9F1-428A-9D8A-669263951A4D}.Debug|iPhone.Build.0 = Debug|Any CPU
		{A202E258-C9F1-428A-9D8A-669263951A4D}.Debug|iPhoneSimulator.ActiveCfg = Debug|Any CPU
		{A202E258-C9F1-428A-9D8A-669263951A4D}.Debug|iPhoneSimulator.Build.0 = Debug|Any CPU
		{A202E258-C9F1-428A-9D8A-669263951A4D}.Debug|x64.ActiveCfg = Debug|Any CPU
		{A202E258-C9F1-428A-9D8A-669263951A4D}.Debug|x64.Build.0 = Debug|Any CPU
		{A202E258-C9F1-428A-9D8A-669263951A4D}.Debug|x86.ActiveCfg = Debug|Any CPU
		{A202E258-C9F1-428A-9D8A-669263951A4D}.Debug|x86.Build.0 = Debug|Any CPU
		{A202E258-C9F1-428A-9D8A-669263951A4D}.Release|Any CPU.ActiveCfg = Release|Any CPU
		{A202E258-C9F1-428A-9D8A-669263951A4D}.Release|Any CPU.Build.0 = Release|Any CPU
		{A202E258-C9F1-428A-9D8A-669263951A4D}.Release|ARM.ActiveCfg = Release|Any CPU
		{A202E258-C9F1-428A-9D8A-669263951A4D}.Release|ARM.Build.0 = Release|Any CPU
		{A202E258-C9F1-428A-9D8A-669263951A4D}.Release|iPhone.ActiveCfg = Release|Any CPU
		{A202E258-C9F1-428A-9D8A-669263951A4D}.Release|iPhone.Build.0 = Release|Any CPU
		{A202E258-C9F1-428A-9D8A-669263951A4D}.Release|iPhoneSimulator.ActiveCfg = Release|Any CPU
		{A202E258-C9F1-428A-9D8A-669263951A4D}.Release|iPhoneSimulator.Build.0 = Release|Any CPU
		{A202E258-C9F1-428A-9D8A-669263951A4D}.Release|x64.ActiveCfg = Release|Any CPU
		{A202E258-C9F1-428A-9D8A-669263951A4D}.Release|x64.Build.0 = Release|Any CPU
		{A202E258-C9F1-428A-9D8A-669263951A4D}.Release|x86.ActiveCfg = Release|Any CPU
		{A202E258-C9F1-428A-9D8A-669263951A4D}.Release|x86.Build.0 = Release|Any CPU
		{0355C139-ECE8-48BB-A0F6-9B3012A451CE}.Ad-Hoc|Any CPU.ActiveCfg = Release|x86
		{0355C139-ECE8-48BB-A0F6-9B3012A451CE}.Ad-Hoc|Any CPU.Build.0 = Release|x86
		{0355C139-ECE8-48BB-A0F6-9B3012A451CE}.Ad-Hoc|Any CPU.Deploy.0 = Release|x86
		{0355C139-ECE8-48BB-A0F6-9B3012A451CE}.Ad-Hoc|ARM.ActiveCfg = Release|ARM
		{0355C139-ECE8-48BB-A0F6-9B3012A451CE}.Ad-Hoc|ARM.Build.0 = Release|ARM
		{0355C139-ECE8-48BB-A0F6-9B3012A451CE}.Ad-Hoc|ARM.Deploy.0 = Release|ARM
		{0355C139-ECE8-48BB-A0F6-9B3012A451CE}.Ad-Hoc|iPhone.ActiveCfg = Release|x86
		{0355C139-ECE8-48BB-A0F6-9B3012A451CE}.Ad-Hoc|iPhone.Build.0 = Release|x86
		{0355C139-ECE8-48BB-A0F6-9B3012A451CE}.Ad-Hoc|iPhone.Deploy.0 = Release|x86
		{0355C139-ECE8-48BB-A0F6-9B3012A451CE}.Ad-Hoc|iPhoneSimulator.ActiveCfg = Release|x86
		{0355C139-ECE8-48BB-A0F6-9B3012A451CE}.Ad-Hoc|iPhoneSimulator.Build.0 = Release|x86
		{0355C139-ECE8-48BB-A0F6-9B3012A451CE}.Ad-Hoc|iPhoneSimulator.Deploy.0 = Release|x86
		{0355C139-ECE8-48BB-A0F6-9B3012A451CE}.Ad-Hoc|x64.ActiveCfg = Release|x64
		{0355C139-ECE8-48BB-A0F6-9B3012A451CE}.Ad-Hoc|x64.Build.0 = Release|x64
		{0355C139-ECE8-48BB-A0F6-9B3012A451CE}.Ad-Hoc|x64.Deploy.0 = Release|x64
		{0355C139-ECE8-48BB-A0F6-9B3012A451CE}.Ad-Hoc|x86.ActiveCfg = Release|x86
		{0355C139-ECE8-48BB-A0F6-9B3012A451CE}.Ad-Hoc|x86.Build.0 = Release|x86
		{0355C139-ECE8-48BB-A0F6-9B3012A451CE}.Ad-Hoc|x86.Deploy.0 = Release|x86
		{0355C139-ECE8-48BB-A0F6-9B3012A451CE}.AppStore|Any CPU.ActiveCfg = Release|x86
		{0355C139-ECE8-48BB-A0F6-9B3012A451CE}.AppStore|Any CPU.Build.0 = Release|x86
		{0355C139-ECE8-48BB-A0F6-9B3012A451CE}.AppStore|Any CPU.Deploy.0 = Release|x86
		{0355C139-ECE8-48BB-A0F6-9B3012A451CE}.AppStore|ARM.ActiveCfg = Release|ARM
		{0355C139-ECE8-48BB-A0F6-9B3012A451CE}.AppStore|ARM.Build.0 = Release|ARM
		{0355C139-ECE8-48BB-A0F6-9B3012A451CE}.AppStore|ARM.Deploy.0 = Release|ARM
		{0355C139-ECE8-48BB-A0F6-9B3012A451CE}.AppStore|iPhone.ActiveCfg = Release|x86
		{0355C139-ECE8-48BB-A0F6-9B3012A451CE}.AppStore|iPhone.Build.0 = Release|x86
		{0355C139-ECE8-48BB-A0F6-9B3012A451CE}.AppStore|iPhone.Deploy.0 = Release|x86
		{0355C139-ECE8-48BB-A0F6-9B3012A451CE}.AppStore|iPhoneSimulator.ActiveCfg = Release|x86
		{0355C139-ECE8-48BB-A0F6-9B3012A451CE}.AppStore|iPhoneSimulator.Build.0 = Release|x86
		{0355C139-ECE8-48BB-A0F6-9B3012A451CE}.AppStore|iPhoneSimulator.Deploy.0 = Release|x86
		{0355C139-ECE8-48BB-A0F6-9B3012A451CE}.AppStore|x64.ActiveCfg = Release|x64
		{0355C139-ECE8-48BB-A0F6-9B3012A451CE}.AppStore|x64.Build.0 = Release|x64
		{0355C139-ECE8-48BB-A0F6-9B3012A451CE}.AppStore|x64.Deploy.0 = Release|x64
		{0355C139-ECE8-48BB-A0F6-9B3012A451CE}.AppStore|x86.ActiveCfg = Release|x86
		{0355C139-ECE8-48BB-A0F6-9B3012A451CE}.AppStore|x86.Build.0 = Release|x86
		{0355C139-ECE8-48BB-A0F6-9B3012A451CE}.AppStore|x86.Deploy.0 = Release|x86
		{0355C139-ECE8-48BB-A0F6-9B3012A451CE}.Debug|Any CPU.ActiveCfg = Debug|x86
		{0355C139-ECE8-48BB-A0F6-9B3012A451CE}.Debug|ARM.ActiveCfg = Debug|ARM
		{0355C139-ECE8-48BB-A0F6-9B3012A451CE}.Debug|ARM.Build.0 = Debug|ARM
		{0355C139-ECE8-48BB-A0F6-9B3012A451CE}.Debug|ARM.Deploy.0 = Debug|ARM
		{0355C139-ECE8-48BB-A0F6-9B3012A451CE}.Debug|iPhone.ActiveCfg = Debug|x86
		{0355C139-ECE8-48BB-A0F6-9B3012A451CE}.Debug|iPhoneSimulator.ActiveCfg = Debug|x86
		{0355C139-ECE8-48BB-A0F6-9B3012A451CE}.Debug|x64.ActiveCfg = Debug|x64
		{0355C139-ECE8-48BB-A0F6-9B3012A451CE}.Debug|x64.Build.0 = Debug|x64
		{0355C139-ECE8-48BB-A0F6-9B3012A451CE}.Debug|x64.Deploy.0 = Debug|x64
		{0355C139-ECE8-48BB-A0F6-9B3012A451CE}.Debug|x86.ActiveCfg = Debug|x86
		{0355C139-ECE8-48BB-A0F6-9B3012A451CE}.Debug|x86.Build.0 = Debug|x86
		{0355C139-ECE8-48BB-A0F6-9B3012A451CE}.Debug|x86.Deploy.0 = Debug|x86
		{0355C139-ECE8-48BB-A0F6-9B3012A451CE}.Release|Any CPU.ActiveCfg = Release|x86
		{0355C139-ECE8-48BB-A0F6-9B3012A451CE}.Release|ARM.ActiveCfg = Release|ARM
		{0355C139-ECE8-48BB-A0F6-9B3012A451CE}.Release|ARM.Build.0 = Release|ARM
		{0355C139-ECE8-48BB-A0F6-9B3012A451CE}.Release|ARM.Deploy.0 = Release|ARM
		{0355C139-ECE8-48BB-A0F6-9B3012A451CE}.Release|iPhone.ActiveCfg = Release|x86
		{0355C139-ECE8-48BB-A0F6-9B3012A451CE}.Release|iPhoneSimulator.ActiveCfg = Release|x86
		{0355C139-ECE8-48BB-A0F6-9B3012A451CE}.Release|x64.ActiveCfg = Release|x64
		{0355C139-ECE8-48BB-A0F6-9B3012A451CE}.Release|x64.Build.0 = Release|x64
		{0355C139-ECE8-48BB-A0F6-9B3012A451CE}.Release|x64.Deploy.0 = Release|x64
		{0355C139-ECE8-48BB-A0F6-9B3012A451CE}.Release|x86.ActiveCfg = Release|x86
		{0355C139-ECE8-48BB-A0F6-9B3012A451CE}.Release|x86.Build.0 = Release|x86
		{0355C139-ECE8-48BB-A0F6-9B3012A451CE}.Release|x86.Deploy.0 = Release|x86
		{16A0848E-D0F4-40CA-86EF-FC7398F55AE1}.Ad-Hoc|Any CPU.ActiveCfg = Ad-Hoc|iPhone
		{16A0848E-D0F4-40CA-86EF-FC7398F55AE1}.Ad-Hoc|ARM.ActiveCfg = Ad-Hoc|iPhone
		{16A0848E-D0F4-40CA-86EF-FC7398F55AE1}.Ad-Hoc|iPhone.ActiveCfg = Ad-Hoc|iPhone
		{16A0848E-D0F4-40CA-86EF-FC7398F55AE1}.Ad-Hoc|iPhone.Build.0 = Ad-Hoc|iPhone
		{16A0848E-D0F4-40CA-86EF-FC7398F55AE1}.Ad-Hoc|iPhoneSimulator.ActiveCfg = Ad-Hoc|iPhoneSimulator
		{16A0848E-D0F4-40CA-86EF-FC7398F55AE1}.Ad-Hoc|iPhoneSimulator.Build.0 = Ad-Hoc|iPhoneSimulator
		{16A0848E-D0F4-40CA-86EF-FC7398F55AE1}.Ad-Hoc|x64.ActiveCfg = Ad-Hoc|iPhone
		{16A0848E-D0F4-40CA-86EF-FC7398F55AE1}.Ad-Hoc|x86.ActiveCfg = Ad-Hoc|iPhone
		{16A0848E-D0F4-40CA-86EF-FC7398F55AE1}.AppStore|Any CPU.ActiveCfg = AppStore|iPhone
		{16A0848E-D0F4-40CA-86EF-FC7398F55AE1}.AppStore|ARM.ActiveCfg = AppStore|iPhone
		{16A0848E-D0F4-40CA-86EF-FC7398F55AE1}.AppStore|iPhone.ActiveCfg = AppStore|iPhone
		{16A0848E-D0F4-40CA-86EF-FC7398F55AE1}.AppStore|iPhone.Build.0 = AppStore|iPhone
		{16A0848E-D0F4-40CA-86EF-FC7398F55AE1}.AppStore|iPhoneSimulator.ActiveCfg = AppStore|iPhoneSimulator
		{16A0848E-D0F4-40CA-86EF-FC7398F55AE1}.AppStore|iPhoneSimulator.Build.0 = AppStore|iPhoneSimulator
		{16A0848E-D0F4-40CA-86EF-FC7398F55AE1}.AppStore|x64.ActiveCfg = AppStore|iPhone
		{16A0848E-D0F4-40CA-86EF-FC7398F55AE1}.AppStore|x86.ActiveCfg = AppStore|iPhone
		{16A0848E-D0F4-40CA-86EF-FC7398F55AE1}.Debug|Any CPU.ActiveCfg = Debug|iPhone
		{16A0848E-D0F4-40CA-86EF-FC7398F55AE1}.Debug|ARM.ActiveCfg = Debug|iPhone
		{16A0848E-D0F4-40CA-86EF-FC7398F55AE1}.Debug|iPhone.ActiveCfg = Debug|iPhone
		{16A0848E-D0F4-40CA-86EF-FC7398F55AE1}.Debug|iPhone.Build.0 = Debug|iPhone
		{16A0848E-D0F4-40CA-86EF-FC7398F55AE1}.Debug|iPhoneSimulator.ActiveCfg = Debug|iPhoneSimulator
		{16A0848E-D0F4-40CA-86EF-FC7398F55AE1}.Debug|iPhoneSimulator.Build.0 = Debug|iPhoneSimulator
		{16A0848E-D0F4-40CA-86EF-FC7398F55AE1}.Debug|x64.ActiveCfg = Debug|iPhone
		{16A0848E-D0F4-40CA-86EF-FC7398F55AE1}.Debug|x86.ActiveCfg = Debug|iPhone
		{16A0848E-D0F4-40CA-86EF-FC7398F55AE1}.Release|Any CPU.ActiveCfg = Release|iPhone
		{16A0848E-D0F4-40CA-86EF-FC7398F55AE1}.Release|ARM.ActiveCfg = Release|iPhone
		{16A0848E-D0F4-40CA-86EF-FC7398F55AE1}.Release|iPhone.ActiveCfg = Release|iPhone
		{16A0848E-D0F4-40CA-86EF-FC7398F55AE1}.Release|iPhone.Build.0 = Release|iPhone
		{16A0848E-D0F4-40CA-86EF-FC7398F55AE1}.Release|iPhoneSimulator.ActiveCfg = Release|iPhoneSimulator
		{16A0848E-D0F4-40CA-86EF-FC7398F55AE1}.Release|iPhoneSimulator.Build.0 = Release|iPhoneSimulator
		{16A0848E-D0F4-40CA-86EF-FC7398F55AE1}.Release|x64.ActiveCfg = Release|iPhone
		{16A0848E-D0F4-40CA-86EF-FC7398F55AE1}.Release|x86.ActiveCfg = Release|iPhone
	EndGlobalSection
	GlobalSection(SolutionProperties) = preSolution
		HideSolutionNode = FALSE
	EndGlobalSection
	GlobalSection(ExtensibilityGlobals) = postSolution
		SolutionGuid = {13131510-CF80-4070-AD78-C718D5987BEF}
	EndGlobalSection
EndGlobal
