
Microsoft Visual Studio Solution File, Format Version 12.00
# Visual Studio 15
VisualStudioVersion = 15.0.26730.3
MinimumVisualStudioVersion = 10.0.40219.1
Project("{FAE04EC0-301F-11D3-BF4B-00C04F79EFBC}") = "Estilos.Android", "Estilos\Estilos.Android\Estilos.Android.csproj", "{EF7D424F-1AD4-4CB3-9EA6-F01CB912B1AA}"
EndProject
Project("{FAE04EC0-301F-11D3-BF4B-00C04F79EFBC}") = "Estilos", "Estilos\Estilos\Estilos.csproj", "{20342A15-013F-4248-95D0-FEEE0E16FB92}"
EndProject
Project("{FAE04EC0-301F-11D3-BF4B-00C04F79EFBC}") = "Estilos.UWP", "Estilos\Estilos.UWP\Estilos.UWP.csproj", "{C0FF8885-2397-4775-A2A2-FD79C9DFEDAA}"
EndProject
Project("{FAE04EC0-301F-11D3-BF4B-00C04F79EFBC}") = "Estilos.iOS", "Estilos\Estilos.iOS\Estilos.iOS.csproj", "{488958E5-B048-40AD-960C-16D3356106B0}"
EndProject
Global
	GlobalSection(SolutionConfigurationPlatforms) = preSolution
		Ad-Hoc|Any CPU = Ad-Hoc|Any CPU
		Ad-Hoc|ARM = Ad-Hoc|ARM
		Ad-Hoc|iPhone = Ad-Hoc|iPhone
		Ad-Hoc|iPhoneSimulator = Ad-Hoc|iPhoneSimulator
		Ad-Hoc|x64 = Ad-Hoc|x64
		Ad-Hoc|x86 = Ad-Hoc|x86
		AppStore|Any CPU = AppStore|Any CPU
		AppStore|ARM = AppStore|ARM
		AppStore|iPhone = AppStore|iPhone
		AppStore|iPhoneSimulator = AppStore|iPhoneSimulator
		AppStore|x64 = AppStore|x64
		AppStore|x86 = AppStore|x86
		Debug|Any CPU = Debug|Any CPU
		Debug|ARM = Debug|ARM
		Debug|iPhone = Debug|iPhone
		Debug|iPhoneSimulator = Debug|iPhoneSimulator
		Debug|x64 = Debug|x64
		Debug|x86 = Debug|x86
		Release|Any CPU = Release|Any CPU
		Release|ARM = Release|ARM
		Release|iPhone = Release|iPhone
		Release|iPhoneSimulator = Release|iPhoneSimulator
		Release|x64 = Release|x64
		Release|x86 = Release|x86
	EndGlobalSection
	GlobalSection(ProjectConfigurationPlatforms) = postSolution
		{EF7D424F-1AD4-4CB3-9EA6-F01CB912B1AA}.Ad-Hoc|Any CPU.ActiveCfg = Release|Any CPU
		{EF7D424F-1AD4-4CB3-9EA6-F01CB912B1AA}.Ad-Hoc|Any CPU.Build.0 = Release|Any CPU
		{EF7D424F-1AD4-4CB3-9EA6-F01CB912B1AA}.Ad-Hoc|Any CPU.Deploy.0 = Release|Any CPU
		{EF7D424F-1AD4-4CB3-9EA6-F01CB912B1AA}.Ad-Hoc|ARM.ActiveCfg = Release|Any CPU
		{EF7D424F-1AD4-4CB3-9EA6-F01CB912B1AA}.Ad-Hoc|ARM.Build.0 = Release|Any CPU
		{EF7D424F-1AD4-4CB3-9EA6-F01CB912B1AA}.Ad-Hoc|ARM.Deploy.0 = Release|Any CPU
		{EF7D424F-1AD4-4CB3-9EA6-F01CB912B1AA}.Ad-Hoc|iPhone.ActiveCfg = Release|Any CPU
		{EF7D424F-1AD4-4CB3-9EA6-F01CB912B1AA}.Ad-Hoc|iPhone.Build.0 = Release|Any CPU
		{EF7D424F-1AD4-4CB3-9EA6-F01CB912B1AA}.Ad-Hoc|iPhone.Deploy.0 = Release|Any CPU
		{EF7D424F-1AD4-4CB3-9EA6-F01CB912B1AA}.Ad-Hoc|iPhoneSimulator.ActiveCfg = Release|Any CPU
		{EF7D424F-1AD4-4CB3-9EA6-F01CB912B1AA}.Ad-Hoc|iPhoneSimulator.Build.0 = Release|Any CPU
		{EF7D424F-1AD4-4CB3-9EA6-F01CB912B1AA}.Ad-Hoc|iPhoneSimulator.Deploy.0 = Release|Any CPU
		{EF7D424F-1AD4-4CB3-9EA6-F01CB912B1AA}.Ad-Hoc|x64.ActiveCfg = Release|Any CPU
		{EF7D424F-1AD4-4CB3-9EA6-F01CB912B1AA}.Ad-Hoc|x64.Build.0 = Release|Any CPU
		{EF7D424F-1AD4-4CB3-9EA6-F01CB912B1AA}.Ad-Hoc|x64.Deploy.0 = Release|Any CPU
		{EF7D424F-1AD4-4CB3-9EA6-F01CB912B1AA}.Ad-Hoc|x86.ActiveCfg = Release|Any CPU
		{EF7D424F-1AD4-4CB3-9EA6-F01CB912B1AA}.Ad-Hoc|x86.Build.0 = Release|Any CPU
		{EF7D424F-1AD4-4CB3-9EA6-F01CB912B1AA}.Ad-Hoc|x86.Deploy.0 = Release|Any CPU
		{EF7D424F-1AD4-4CB3-9EA6-F01CB912B1AA}.AppStore|Any CPU.ActiveCfg = Release|Any CPU
		{EF7D424F-1AD4-4CB3-9EA6-F01CB912B1AA}.AppStore|Any CPU.Build.0 = Release|Any CPU
		{EF7D424F-1AD4-4CB3-9EA6-F01CB912B1AA}.AppStore|Any CPU.Deploy.0 = Release|Any CPU
		{EF7D424F-1AD4-4CB3-9EA6-F01CB912B1AA}.AppStore|ARM.ActiveCfg = Release|Any CPU
		{EF7D424F-1AD4-4CB3-9EA6-F01CB912B1AA}.AppStore|ARM.Build.0 = Release|Any CPU
		{EF7D424F-1AD4-4CB3-9EA6-F01CB912B1AA}.AppStore|ARM.Deploy.0 = Release|Any CPU
		{EF7D424F-1AD4-4CB3-9EA6-F01CB912B1AA}.AppStore|iPhone.ActiveCfg = Release|Any CPU
		{EF7D424F-1AD4-4CB3-9EA6-F01CB912B1AA}.AppStore|iPhone.Build.0 = Release|Any CPU
		{EF7D424F-1AD4-4CB3-9EA6-F01CB912B1AA}.AppStore|iPhone.Deploy.0 = Release|Any CPU
		{EF7D424F-1AD4-4CB3-9EA6-F01CB912B1AA}.AppStore|iPhoneSimulator.ActiveCfg = Release|Any CPU
		{EF7D424F-1AD4-4CB3-9EA6-F01CB912B1AA}.AppStore|iPhoneSimulator.Build.0 = Release|Any CPU
		{EF7D424F-1AD4-4CB3-9EA6-F01CB912B1AA}.AppStore|iPhoneSimulator.Deploy.0 = Release|Any CPU
		{EF7D424F-1AD4-4CB3-9EA6-F01CB912B1AA}.AppStore|x64.ActiveCfg = Release|Any CPU
		{EF7D424F-1AD4-4CB3-9EA6-F01CB912B1AA}.AppStore|x64.Build.0 = Release|Any CPU
		{EF7D424F-1AD4-4CB3-9EA6-F01CB912B1AA}.AppStore|x64.Deploy.0 = Release|Any CPU
		{EF7D424F-1AD4-4CB3-9EA6-F01CB912B1AA}.AppStore|x86.ActiveCfg = Release|Any CPU
		{EF7D424F-1AD4-4CB3-9EA6-F01CB912B1AA}.AppStore|x86.Build.0 = Release|Any CPU
		{EF7D424F-1AD4-4CB3-9EA6-F01CB912B1AA}.AppStore|x86.Deploy.0 = Release|Any CPU
		{EF7D424F-1AD4-4CB3-9EA6-F01CB912B1AA}.Debug|Any CPU.ActiveCfg = Debug|Any CPU
		{EF7D424F-1AD4-4CB3-9EA6-F01CB912B1AA}.Debug|Any CPU.Build.0 = Debug|Any CPU
		{EF7D424F-1AD4-4CB3-9EA6-F01CB912B1AA}.Debug|Any CPU.Deploy.0 = Debug|Any CPU
		{EF7D424F-1AD4-4CB3-9EA6-F01CB912B1AA}.Debug|ARM.ActiveCfg = Debug|Any CPU
		{EF7D424F-1AD4-4CB3-9EA6-F01CB912B1AA}.Debug|ARM.Build.0 = Debug|Any CPU
		{EF7D424F-1AD4-4CB3-9EA6-F01CB912B1AA}.Debug|ARM.Deploy.0 = Debug|Any CPU
		{EF7D424F-1AD4-4CB3-9EA6-F01CB912B1AA}.Debug|iPhone.ActiveCfg = Debug|Any CPU
		{EF7D424F-1AD4-4CB3-9EA6-F01CB912B1AA}.Debug|iPhone.Build.0 = Debug|Any CPU
		{EF7D424F-1AD4-4CB3-9EA6-F01CB912B1AA}.Debug|iPhone.Deploy.0 = Debug|Any CPU
		{EF7D424F-1AD4-4CB3-9EA6-F01CB912B1AA}.Debug|iPhoneSimulator.ActiveCfg = Debug|Any CPU
		{EF7D424F-1AD4-4CB3-9EA6-F01CB912B1AA}.Debug|iPhoneSimulator.Build.0 = Debug|Any CPU
		{EF7D424F-1AD4-4CB3-9EA6-F01CB912B1AA}.Debug|iPhoneSimulator.Deploy.0 = Debug|Any CPU
		{EF7D424F-1AD4-4CB3-9EA6-F01CB912B1AA}.Debug|x64.ActiveCfg = Debug|Any CPU
		{EF7D424F-1AD4-4CB3-9EA6-F01CB912B1AA}.Debug|x64.Build.0 = Debug|Any CPU
		{EF7D424F-1AD4-4CB3-9EA6-F01CB912B1AA}.Debug|x64.Deploy.0 = Debug|Any CPU
		{EF7D424F-1AD4-4CB3-9EA6-F01CB912B1AA}.Debug|x86.ActiveCfg = Debug|Any CPU
		{EF7D424F-1AD4-4CB3-9EA6-F01CB912B1AA}.Debug|x86.Build.0 = Debug|Any CPU
		{EF7D424F-1AD4-4CB3-9EA6-F01CB912B1AA}.Debug|x86.Deploy.0 = Debug|Any CPU
		{EF7D424F-1AD4-4CB3-9EA6-F01CB912B1AA}.Release|Any CPU.ActiveCfg = Release|Any CPU
		{EF7D424F-1AD4-4CB3-9EA6-F01CB912B1AA}.Release|Any CPU.Build.0 = Release|Any CPU
		{EF7D424F-1AD4-4CB3-9EA6-F01CB912B1AA}.Release|Any CPU.Deploy.0 = Release|Any CPU
		{EF7D424F-1AD4-4CB3-9EA6-F01CB912B1AA}.Release|ARM.ActiveCfg = Release|Any CPU
		{EF7D424F-1AD4-4CB3-9EA6-F01CB912B1AA}.Release|ARM.Build.0 = Release|Any CPU
		{EF7D424F-1AD4-4CB3-9EA6-F01CB912B1AA}.Release|ARM.Deploy.0 = Release|Any CPU
		{EF7D424F-1AD4-4CB3-9EA6-F01CB912B1AA}.Release|iPhone.ActiveCfg = Release|Any CPU
		{EF7D424F-1AD4-4CB3-9EA6-F01CB912B1AA}.Release|iPhone.Build.0 = Release|Any CPU
		{EF7D424F-1AD4-4CB3-9EA6-F01CB912B1AA}.Release|iPhone.Deploy.0 = Release|Any CPU
		{EF7D424F-1AD4-4CB3-9EA6-F01CB912B1AA}.Release|iPhoneSimulator.ActiveCfg = Release|Any CPU
		{EF7D424F-1AD4-4CB3-9EA6-F01CB912B1AA}.Release|iPhoneSimulator.Build.0 = Release|Any CPU
		{EF7D424F-1AD4-4CB3-9EA6-F01CB912B1AA}.Release|iPhoneSimulator.Deploy.0 = Release|Any CPU
		{EF7D424F-1AD4-4CB3-9EA6-F01CB912B1AA}.Release|x64.ActiveCfg = Release|Any CPU
		{EF7D424F-1AD4-4CB3-9EA6-F01CB912B1AA}.Release|x64.Build.0 = Release|Any CPU
		{EF7D424F-1AD4-4CB3-9EA6-F01CB912B1AA}.Release|x64.Deploy.0 = Release|Any CPU
		{EF7D424F-1AD4-4CB3-9EA6-F01CB912B1AA}.Release|x86.ActiveCfg = Release|Any CPU
		{EF7D424F-1AD4-4CB3-9EA6-F01CB912B1AA}.Release|x86.Build.0 = Release|Any CPU
		{EF7D424F-1AD4-4CB3-9EA6-F01CB912B1AA}.Release|x86.Deploy.0 = Release|Any CPU
		{20342A15-013F-4248-95D0-FEEE0E16FB92}.Ad-Hoc|Any CPU.ActiveCfg = Release|Any CPU
		{20342A15-013F-4248-95D0-FEEE0E16FB92}.Ad-Hoc|Any CPU.Build.0 = Release|Any CPU
		{20342A15-013F-4248-95D0-FEEE0E16FB92}.Ad-Hoc|ARM.ActiveCfg = Release|Any CPU
		{20342A15-013F-4248-95D0-FEEE0E16FB92}.Ad-Hoc|ARM.Build.0 = Release|Any CPU
		{20342A15-013F-4248-95D0-FEEE0E16FB92}.Ad-Hoc|iPhone.ActiveCfg = Release|Any CPU
		{20342A15-013F-4248-95D0-FEEE0E16FB92}.Ad-Hoc|iPhone.Build.0 = Release|Any CPU
		{20342A15-013F-4248-95D0-FEEE0E16FB92}.Ad-Hoc|iPhoneSimulator.ActiveCfg = Release|Any CPU
		{20342A15-013F-4248-95D0-FEEE0E16FB92}.Ad-Hoc|iPhoneSimulator.Build.0 = Release|Any CPU
		{20342A15-013F-4248-95D0-FEEE0E16FB92}.Ad-Hoc|x64.ActiveCfg = Release|Any CPU
		{20342A15-013F-4248-95D0-FEEE0E16FB92}.Ad-Hoc|x64.Build.0 = Release|Any CPU
		{20342A15-013F-4248-95D0-FEEE0E16FB92}.Ad-Hoc|x86.ActiveCfg = Release|Any CPU
		{20342A15-013F-4248-95D0-FEEE0E16FB92}.Ad-Hoc|x86.Build.0 = Release|Any CPU
		{20342A15-013F-4248-95D0-FEEE0E16FB92}.AppStore|Any CPU.ActiveCfg = Release|Any CPU
		{20342A15-013F-4248-95D0-FEEE0E16FB92}.AppStore|Any CPU.Build.0 = Release|Any CPU
		{20342A15-013F-4248-95D0-FEEE0E16FB92}.AppStore|ARM.ActiveCfg = Release|Any CPU
		{20342A15-013F-4248-95D0-FEEE0E16FB92}.AppStore|ARM.Build.0 = Release|Any CPU
		{20342A15-013F-4248-95D0-FEEE0E16FB92}.AppStore|iPhone.ActiveCfg = Release|Any CPU
		{20342A15-013F-4248-95D0-FEEE0E16FB92}.AppStore|iPhone.Build.0 = Release|Any CPU
		{20342A15-013F-4248-95D0-FEEE0E16FB92}.AppStore|iPhoneSimulator.ActiveCfg = Release|Any CPU
		{20342A15-013F-4248-95D0-FEEE0E16FB92}.AppStore|iPhoneSimulator.Build.0 = Release|Any CPU
		{20342A15-013F-4248-95D0-FEEE0E16FB92}.AppStore|x64.ActiveCfg = Release|Any CPU
		{20342A15-013F-4248-95D0-FEEE0E16FB92}.AppStore|x64.Build.0 = Release|Any CPU
		{20342A15-013F-4248-95D0-FEEE0E16FB92}.AppStore|x86.ActiveCfg = Release|Any CPU
		{20342A15-013F-4248-95D0-FEEE0E16FB92}.AppStore|x86.Build.0 = Release|Any CPU
		{20342A15-013F-4248-95D0-FEEE0E16FB92}.Debug|Any CPU.ActiveCfg = Debug|Any CPU
		{20342A15-013F-4248-95D0-FEEE0E16FB92}.Debug|Any CPU.Build.0 = Debug|Any CPU
		{20342A15-013F-4248-95D0-FEEE0E16FB92}.Debug|ARM.ActiveCfg = Debug|Any CPU
		{20342A15-013F-4248-95D0-FEEE0E16FB92}.Debug|ARM.Build.0 = Debug|Any CPU
		{20342A15-013F-4248-95D0-FEEE0E16FB92}.Debug|iPhone.ActiveCfg = Debug|Any CPU
		{20342A15-013F-4248-95D0-FEEE0E16FB92}.Debug|iPhone.Build.0 = Debug|Any CPU
		{20342A15-013F-4248-95D0-FEEE0E16FB92}.Debug|iPhoneSimulator.ActiveCfg = Debug|Any CPU
		{20342A15-013F-4248-95D0-FEEE0E16FB92}.Debug|iPhoneSimulator.Build.0 = Debug|Any CPU
		{20342A15-013F-4248-95D0-FEEE0E16FB92}.Debug|x64.ActiveCfg = Debug|Any CPU
		{20342A15-013F-4248-95D0-FEEE0E16FB92}.Debug|x64.Build.0 = Debug|Any CPU
		{20342A15-013F-4248-95D0-FEEE0E16FB92}.Debug|x86.ActiveCfg = Debug|Any CPU
		{20342A15-013F-4248-95D0-FEEE0E16FB92}.Debug|x86.Build.0 = Debug|Any CPU
		{20342A15-013F-4248-95D0-FEEE0E16FB92}.Release|Any CPU.ActiveCfg = Release|Any CPU
		{20342A15-013F-4248-95D0-FEEE0E16FB92}.Release|Any CPU.Build.0 = Release|Any CPU
		{20342A15-013F-4248-95D0-FEEE0E16FB92}.Release|ARM.ActiveCfg = Release|Any CPU
		{20342A15-013F-4248-95D0-FEEE0E16FB92}.Release|ARM.Build.0 = Release|Any CPU
		{20342A15-013F-4248-95D0-FEEE0E16FB92}.Release|iPhone.ActiveCfg = Release|Any CPU
		{20342A15-013F-4248-95D0-FEEE0E16FB92}.Release|iPhone.Build.0 = Release|Any CPU
		{20342A15-013F-4248-95D0-FEEE0E16FB92}.Release|iPhoneSimulator.ActiveCfg = Release|Any CPU
		{20342A15-013F-4248-95D0-FEEE0E16FB92}.Release|iPhoneSimulator.Build.0 = Release|Any CPU
		{20342A15-013F-4248-95D0-FEEE0E16FB92}.Release|x64.ActiveCfg = Release|Any CPU
		{20342A15-013F-4248-95D0-FEEE0E16FB92}.Release|x64.Build.0 = Release|Any CPU
		{20342A15-013F-4248-95D0-FEEE0E16FB92}.Release|x86.ActiveCfg = Release|Any CPU
		{20342A15-013F-4248-95D0-FEEE0E16FB92}.Release|x86.Build.0 = Release|Any CPU
		{C0FF8885-2397-4775-A2A2-FD79C9DFEDAA}.Ad-Hoc|Any CPU.ActiveCfg = Release|x86
		{C0FF8885-2397-4775-A2A2-FD79C9DFEDAA}.Ad-Hoc|Any CPU.Build.0 = Release|x86
		{C0FF8885-2397-4775-A2A2-FD79C9DFEDAA}.Ad-Hoc|Any CPU.Deploy.0 = Release|x86
		{C0FF8885-2397-4775-A2A2-FD79C9DFEDAA}.Ad-Hoc|ARM.ActiveCfg = Release|ARM
		{C0FF8885-2397-4775-A2A2-FD79C9DFEDAA}.Ad-Hoc|ARM.Build.0 = Release|ARM
		{C0FF8885-2397-4775-A2A2-FD79C9DFEDAA}.Ad-Hoc|ARM.Deploy.0 = Release|ARM
		{C0FF8885-2397-4775-A2A2-FD79C9DFEDAA}.Ad-Hoc|iPhone.ActiveCfg = Release|x86
		{C0FF8885-2397-4775-A2A2-FD79C9DFEDAA}.Ad-Hoc|iPhone.Build.0 = Release|x86
		{C0FF8885-2397-4775-A2A2-FD79C9DFEDAA}.Ad-Hoc|iPhone.Deploy.0 = Release|x86
		{C0FF8885-2397-4775-A2A2-FD79C9DFEDAA}.Ad-Hoc|iPhoneSimulator.ActiveCfg = Release|x86
		{C0FF8885-2397-4775-A2A2-FD79C9DFEDAA}.Ad-Hoc|iPhoneSimulator.Build.0 = Release|x86
		{C0FF8885-2397-4775-A2A2-FD79C9DFEDAA}.Ad-Hoc|iPhoneSimulator.Deploy.0 = Release|x86
		{C0FF8885-2397-4775-A2A2-FD79C9DFEDAA}.Ad-Hoc|x64.ActiveCfg = Release|x64
		{C0FF8885-2397-4775-A2A2-FD79C9DFEDAA}.Ad-Hoc|x64.Build.0 = Release|x64
		{C0FF8885-2397-4775-A2A2-FD79C9DFEDAA}.Ad-Hoc|x64.Deploy.0 = Release|x64
		{C0FF8885-2397-4775-A2A2-FD79C9DFEDAA}.Ad-Hoc|x86.ActiveCfg = Release|x86
		{C0FF8885-2397-4775-A2A2-FD79C9DFEDAA}.Ad-Hoc|x86.Build.0 = Release|x86
		{C0FF8885-2397-4775-A2A2-FD79C9DFEDAA}.Ad-Hoc|x86.Deploy.0 = Release|x86
		{C0FF8885-2397-4775-A2A2-FD79C9DFEDAA}.AppStore|Any CPU.ActiveCfg = Release|x86
		{C0FF8885-2397-4775-A2A2-FD79C9DFEDAA}.AppStore|Any CPU.Build.0 = Release|x86
		{C0FF8885-2397-4775-A2A2-FD79C9DFEDAA}.AppStore|Any CPU.Deploy.0 = Release|x86
		{C0FF8885-2397-4775-A2A2-FD79C9DFEDAA}.AppStore|ARM.ActiveCfg = Release|ARM
		{C0FF8885-2397-4775-A2A2-FD79C9DFEDAA}.AppStore|ARM.Build.0 = Release|ARM
		{C0FF8885-2397-4775-A2A2-FD79C9DFEDAA}.AppStore|ARM.Deploy.0 = Release|ARM
		{C0FF8885-2397-4775-A2A2-FD79C9DFEDAA}.AppStore|iPhone.ActiveCfg = Release|x86
		{C0FF8885-2397-4775-A2A2-FD79C9DFEDAA}.AppStore|iPhone.Build.0 = Release|x86
		{C0FF8885-2397-4775-A2A2-FD79C9DFEDAA}.AppStore|iPhone.Deploy.0 = Release|x86
		{C0FF8885-2397-4775-A2A2-FD79C9DFEDAA}.AppStore|iPhoneSimulator.ActiveCfg = Release|x86
		{C0FF8885-2397-4775-A2A2-FD79C9DFEDAA}.AppStore|iPhoneSimulator.Build.0 = Release|x86
		{C0FF8885-2397-4775-A2A2-FD79C9DFEDAA}.AppStore|iPhoneSimulator.Deploy.0 = Release|x86
		{C0FF8885-2397-4775-A2A2-FD79C9DFEDAA}.AppStore|x64.ActiveCfg = Release|x64
		{C0FF8885-2397-4775-A2A2-FD79C9DFEDAA}.AppStore|x64.Build.0 = Release|x64
		{C0FF8885-2397-4775-A2A2-FD79C9DFEDAA}.AppStore|x64.Deploy.0 = Release|x64
		{C0FF8885-2397-4775-A2A2-FD79C9DFEDAA}.AppStore|x86.ActiveCfg = Release|x86
		{C0FF8885-2397-4775-A2A2-FD79C9DFEDAA}.AppStore|x86.Build.0 = Release|x86
		{C0FF8885-2397-4775-A2A2-FD79C9DFEDAA}.AppStore|x86.Deploy.0 = Release|x86
		{C0FF8885-2397-4775-A2A2-FD79C9DFEDAA}.Debug|Any CPU.ActiveCfg = Debug|x86
		{C0FF8885-2397-4775-A2A2-FD79C9DFEDAA}.Debug|ARM.ActiveCfg = Debug|ARM
		{C0FF8885-2397-4775-A2A2-FD79C9DFEDAA}.Debug|ARM.Build.0 = Debug|ARM
		{C0FF8885-2397-4775-A2A2-FD79C9DFEDAA}.Debug|ARM.Deploy.0 = Debug|ARM
		{C0FF8885-2397-4775-A2A2-FD79C9DFEDAA}.Debug|iPhone.ActiveCfg = Debug|x86
		{C0FF8885-2397-4775-A2A2-FD79C9DFEDAA}.Debug|iPhoneSimulator.ActiveCfg = Debug|x86
		{C0FF8885-2397-4775-A2A2-FD79C9DFEDAA}.Debug|x64.ActiveCfg = Debug|x64
		{C0FF8885-2397-4775-A2A2-FD79C9DFEDAA}.Debug|x64.Build.0 = Debug|x64
		{C0FF8885-2397-4775-A2A2-FD79C9DFEDAA}.Debug|x64.Deploy.0 = Debug|x64
		{C0FF8885-2397-4775-A2A2-FD79C9DFEDAA}.Debug|x86.ActiveCfg = Debug|x86
		{C0FF8885-2397-4775-A2A2-FD79C9DFEDAA}.Debug|x86.Build.0 = Debug|x86
		{C0FF8885-2397-4775-A2A2-FD79C9DFEDAA}.Debug|x86.Deploy.0 = Debug|x86
		{C0FF8885-2397-4775-A2A2-FD79C9DFEDAA}.Release|Any CPU.ActiveCfg = Release|x86
		{C0FF8885-2397-4775-A2A2-FD79C9DFEDAA}.Release|ARM.ActiveCfg = Release|ARM
		{C0FF8885-2397-4775-A2A2-FD79C9DFEDAA}.Release|ARM.Build.0 = Release|ARM
		{C0FF8885-2397-4775-A2A2-FD79C9DFEDAA}.Release|ARM.Deploy.0 = Release|ARM
		{C0FF8885-2397-4775-A2A2-FD79C9DFEDAA}.Release|iPhone.ActiveCfg = Release|x86
		{C0FF8885-2397-4775-A2A2-FD79C9DFEDAA}.Release|iPhoneSimulator.ActiveCfg = Release|x86
		{C0FF8885-2397-4775-A2A2-FD79C9DFEDAA}.Release|x64.ActiveCfg = Release|x64
		{C0FF8885-2397-4775-A2A2-FD79C9DFEDAA}.Release|x64.Build.0 = Release|x64
		{C0FF8885-2397-4775-A2A2-FD79C9DFEDAA}.Release|x64.Deploy.0 = Release|x64
		{C0FF8885-2397-4775-A2A2-FD79C9DFEDAA}.Release|x86.ActiveCfg = Release|x86
		{C0FF8885-2397-4775-A2A2-FD79C9DFEDAA}.Release|x86.Build.0 = Release|x86
		{C0FF8885-2397-4775-A2A2-FD79C9DFEDAA}.Release|x86.Deploy.0 = Release|x86
		{488958E5-B048-40AD-960C-16D3356106B0}.Ad-Hoc|Any CPU.ActiveCfg = Ad-Hoc|iPhone
		{488958E5-B048-40AD-960C-16D3356106B0}.Ad-Hoc|ARM.ActiveCfg = Ad-Hoc|iPhone
		{488958E5-B048-40AD-960C-16D3356106B0}.Ad-Hoc|iPhone.ActiveCfg = Ad-Hoc|iPhone
		{488958E5-B048-40AD-960C-16D3356106B0}.Ad-Hoc|iPhone.Build.0 = Ad-Hoc|iPhone
		{488958E5-B048-40AD-960C-16D3356106B0}.Ad-Hoc|iPhoneSimulator.ActiveCfg = Ad-Hoc|iPhoneSimulator
		{488958E5-B048-40AD-960C-16D3356106B0}.Ad-Hoc|iPhoneSimulator.Build.0 = Ad-Hoc|iPhoneSimulator
		{488958E5-B048-40AD-960C-16D3356106B0}.Ad-Hoc|x64.ActiveCfg = Ad-Hoc|iPhone
		{488958E5-B048-40AD-960C-16D3356106B0}.Ad-Hoc|x86.ActiveCfg = Ad-Hoc|iPhone
		{488958E5-B048-40AD-960C-16D3356106B0}.AppStore|Any CPU.ActiveCfg = AppStore|iPhone
		{488958E5-B048-40AD-960C-16D3356106B0}.AppStore|ARM.ActiveCfg = AppStore|iPhone
		{488958E5-B048-40AD-960C-16D3356106B0}.AppStore|iPhone.ActiveCfg = AppStore|iPhone
		{488958E5-B048-40AD-960C-16D3356106B0}.AppStore|iPhone.Build.0 = AppStore|iPhone
		{488958E5-B048-40AD-960C-16D3356106B0}.AppStore|iPhoneSimulator.ActiveCfg = AppStore|iPhoneSimulator
		{488958E5-B048-40AD-960C-16D3356106B0}.AppStore|iPhoneSimulator.Build.0 = AppStore|iPhoneSimulator
		{488958E5-B048-40AD-960C-16D3356106B0}.AppStore|x64.ActiveCfg = AppStore|iPhone
		{488958E5-B048-40AD-960C-16D3356106B0}.AppStore|x86.ActiveCfg = AppStore|iPhone
		{488958E5-B048-40AD-960C-16D3356106B0}.Debug|Any CPU.ActiveCfg = Debug|iPhone
		{488958E5-B048-40AD-960C-16D3356106B0}.Debug|ARM.ActiveCfg = Debug|iPhone
		{488958E5-B048-40AD-960C-16D3356106B0}.Debug|iPhone.ActiveCfg = Debug|iPhone
		{488958E5-B048-40AD-960C-16D3356106B0}.Debug|iPhone.Build.0 = Debug|iPhone
		{488958E5-B048-40AD-960C-16D3356106B0}.Debug|iPhoneSimulator.ActiveCfg = Debug|iPhoneSimulator
		{488958E5-B048-40AD-960C-16D3356106B0}.Debug|iPhoneSimulator.Build.0 = Debug|iPhoneSimulator
		{488958E5-B048-40AD-960C-16D3356106B0}.Debug|x64.ActiveCfg = Debug|iPhone
		{488958E5-B048-40AD-960C-16D3356106B0}.Debug|x86.ActiveCfg = Debug|iPhone
		{488958E5-B048-40AD-960C-16D3356106B0}.Release|Any CPU.ActiveCfg = Release|iPhone
		{488958E5-B048-40AD-960C-16D3356106B0}.Release|ARM.ActiveCfg = Release|iPhone
		{488958E5-B048-40AD-960C-16D3356106B0}.Release|iPhone.ActiveCfg = Release|iPhone
		{488958E5-B048-40AD-960C-16D3356106B0}.Release|iPhone.Build.0 = Release|iPhone
		{488958E5-B048-40AD-960C-16D3356106B0}.Release|iPhoneSimulator.ActiveCfg = Release|iPhoneSimulator
		{488958E5-B048-40AD-960C-16D3356106B0}.Release|iPhoneSimulator.Build.0 = Release|iPhoneSimulator
		{488958E5-B048-40AD-960C-16D3356106B0}.Release|x64.ActiveCfg = Release|iPhone
		{488958E5-B048-40AD-960C-16D3356106B0}.Release|x86.ActiveCfg = Release|iPhone
	EndGlobalSection
	GlobalSection(SolutionProperties) = preSolution
		HideSolutionNode = FALSE
	EndGlobalSection
	GlobalSection(ExtensibilityGlobals) = postSolution
		SolutionGuid = {A23C3B98-57EB-460F-B394-8F4266709A1C}
	EndGlobalSection
EndGlobal
