
Microsoft Visual Studio Solution File, Format Version 12.00
# Visual Studio 15
VisualStudioVersion = 15.0.26730.3
MinimumVisualStudioVersion = 10.0.40219.1
Project("{FAE04EC0-301F-11D3-BF4B-00C04F79EFBC}") = "ProjetoGridLayout.Android", "ProjetoGridLayout\ProjetoGridLayout.Android\ProjetoGridLayout.Android.csproj", "{3560F469-26C5-4FFC-BFD2-7E2778F77D57}"
EndProject
Project("{FAE04EC0-301F-11D3-BF4B-00C04F79EFBC}") = "ProjetoGridLayout", "ProjetoGridLayout\ProjetoGridLayout\ProjetoGridLayout.csproj", "{F6E1FA9B-97A0-4195-887C-7EF91FE55980}"
EndProject
Project("{FAE04EC0-301F-11D3-BF4B-00C04F79EFBC}") = "ProjetoGridLayout.UWP", "ProjetoGridLayout\ProjetoGridLayout.UWP\ProjetoGridLayout.UWP.csproj", "{07C44DEA-9A89-4CE8-84A9-706C6511422E}"
EndProject
Project("{FAE04EC0-301F-11D3-BF4B-00C04F79EFBC}") = "ProjetoGridLayout.iOS", "ProjetoGridLayout\ProjetoGridLayout.iOS\ProjetoGridLayout.iOS.csproj", "{53745D32-EABA-46C9-9265-B1127C02850A}"
EndProject
Global
	GlobalSection(SolutionConfigurationPlatforms) = preSolution
		Ad-Hoc|Any CPU = Ad-Hoc|Any CPU
		Ad-Hoc|ARM = Ad-Hoc|ARM
		Ad-Hoc|iPhone = Ad-Hoc|iPhone
		Ad-Hoc|iPhoneSimulator = Ad-Hoc|iPhoneSimulator
		Ad-Hoc|x64 = Ad-Hoc|x64
		Ad-Hoc|x86 = Ad-Hoc|x86
		AppStore|Any CPU = AppStore|Any CPU
		AppStore|ARM = AppStore|ARM
		AppStore|iPhone = AppStore|iPhone
		AppStore|iPhoneSimulator = AppStore|iPhoneSimulator
		AppStore|x64 = AppStore|x64
		AppStore|x86 = AppStore|x86
		Debug|Any CPU = Debug|Any CPU
		Debug|ARM = Debug|ARM
		Debug|iPhone = Debug|iPhone
		Debug|iPhoneSimulator = Debug|iPhoneSimulator
		Debug|x64 = Debug|x64
		Debug|x86 = Debug|x86
		Release|Any CPU = Release|Any CPU
		Release|ARM = Release|ARM
		Release|iPhone = Release|iPhone
		Release|iPhoneSimulator = Release|iPhoneSimulator
		Release|x64 = Release|x64
		Release|x86 = Release|x86
	EndGlobalSection
	GlobalSection(ProjectConfigurationPlatforms) = postSolution
		{3560F469-26C5-4FFC-BFD2-7E2778F77D57}.Ad-Hoc|Any CPU.ActiveCfg = Release|Any CPU
		{3560F469-26C5-4FFC-BFD2-7E2778F77D57}.Ad-Hoc|Any CPU.Build.0 = Release|Any CPU
		{3560F469-26C5-4FFC-BFD2-7E2778F77D57}.Ad-Hoc|Any CPU.Deploy.0 = Release|Any CPU
		{3560F469-26C5-4FFC-BFD2-7E2778F77D57}.Ad-Hoc|ARM.ActiveCfg = Release|Any CPU
		{3560F469-26C5-4FFC-BFD2-7E2778F77D57}.Ad-Hoc|ARM.Build.0 = Release|Any CPU
		{3560F469-26C5-4FFC-BFD2-7E2778F77D57}.Ad-Hoc|ARM.Deploy.0 = Release|Any CPU
		{3560F469-26C5-4FFC-BFD2-7E2778F77D57}.Ad-Hoc|iPhone.ActiveCfg = Release|Any CPU
		{3560F469-26C5-4FFC-BFD2-7E2778F77D57}.Ad-Hoc|iPhone.Build.0 = Release|Any CPU
		{3560F469-26C5-4FFC-BFD2-7E2778F77D57}.Ad-Hoc|iPhone.Deploy.0 = Release|Any CPU
		{3560F469-26C5-4FFC-BFD2-7E2778F77D57}.Ad-Hoc|iPhoneSimulator.ActiveCfg = Release|Any CPU
		{3560F469-26C5-4FFC-BFD2-7E2778F77D57}.Ad-Hoc|iPhoneSimulator.Build.0 = Release|Any CPU
		{3560F469-26C5-4FFC-BFD2-7E2778F77D57}.Ad-Hoc|iPhoneSimulator.Deploy.0 = Release|Any CPU
		{3560F469-26C5-4FFC-BFD2-7E2778F77D57}.Ad-Hoc|x64.ActiveCfg = Release|Any CPU
		{3560F469-26C5-4FFC-BFD2-7E2778F77D57}.Ad-Hoc|x64.Build.0 = Release|Any CPU
		{3560F469-26C5-4FFC-BFD2-7E2778F77D57}.Ad-Hoc|x64.Deploy.0 = Release|Any CPU
		{3560F469-26C5-4FFC-BFD2-7E2778F77D57}.Ad-Hoc|x86.ActiveCfg = Release|Any CPU
		{3560F469-26C5-4FFC-BFD2-7E2778F77D57}.Ad-Hoc|x86.Build.0 = Release|Any CPU
		{3560F469-26C5-4FFC-BFD2-7E2778F77D57}.Ad-Hoc|x86.Deploy.0 = Release|Any CPU
		{3560F469-26C5-4FFC-BFD2-7E2778F77D57}.AppStore|Any CPU.ActiveCfg = Release|Any CPU
		{3560F469-26C5-4FFC-BFD2-7E2778F77D57}.AppStore|Any CPU.Build.0 = Release|Any CPU
		{3560F469-26C5-4FFC-BFD2-7E2778F77D57}.AppStore|Any CPU.Deploy.0 = Release|Any CPU
		{3560F469-26C5-4FFC-BFD2-7E2778F77D57}.AppStore|ARM.ActiveCfg = Release|Any CPU
		{3560F469-26C5-4FFC-BFD2-7E2778F77D57}.AppStore|ARM.Build.0 = Release|Any CPU
		{3560F469-26C5-4FFC-BFD2-7E2778F77D57}.AppStore|ARM.Deploy.0 = Release|Any CPU
		{3560F469-26C5-4FFC-BFD2-7E2778F77D57}.AppStore|iPhone.ActiveCfg = Release|Any CPU
		{3560F469-26C5-4FFC-BFD2-7E2778F77D57}.AppStore|iPhone.Build.0 = Release|Any CPU
		{3560F469-26C5-4FFC-BFD2-7E2778F77D57}.AppStore|iPhone.Deploy.0 = Release|Any CPU
		{3560F469-26C5-4FFC-BFD2-7E2778F77D57}.AppStore|iPhoneSimulator.ActiveCfg = Release|Any CPU
		{3560F469-26C5-4FFC-BFD2-7E2778F77D57}.AppStore|iPhoneSimulator.Build.0 = Release|Any CPU
		{3560F469-26C5-4FFC-BFD2-7E2778F77D57}.AppStore|iPhoneSimulator.Deploy.0 = Release|Any CPU
		{3560F469-26C5-4FFC-BFD2-7E2778F77D57}.AppStore|x64.ActiveCfg = Release|Any CPU
		{3560F469-26C5-4FFC-BFD2-7E2778F77D57}.AppStore|x64.Build.0 = Release|Any CPU
		{3560F469-26C5-4FFC-BFD2-7E2778F77D57}.AppStore|x64.Deploy.0 = Release|Any CPU
		{3560F469-26C5-4FFC-BFD2-7E2778F77D57}.AppStore|x86.ActiveCfg = Release|Any CPU
		{3560F469-26C5-4FFC-BFD2-7E2778F77D57}.AppStore|x86.Build.0 = Release|Any CPU
		{3560F469-26C5-4FFC-BFD2-7E2778F77D57}.AppStore|x86.Deploy.0 = Release|Any CPU
		{3560F469-26C5-4FFC-BFD2-7E2778F77D57}.Debug|Any CPU.ActiveCfg = Debug|Any CPU
		{3560F469-26C5-4FFC-BFD2-7E2778F77D57}.Debug|Any CPU.Build.0 = Debug|Any CPU
		{3560F469-26C5-4FFC-BFD2-7E2778F77D57}.Debug|Any CPU.Deploy.0 = Debug|Any CPU
		{3560F469-26C5-4FFC-BFD2-7E2778F77D57}.Debug|ARM.ActiveCfg = Debug|Any CPU
		{3560F469-26C5-4FFC-BFD2-7E2778F77D57}.Debug|ARM.Build.0 = Debug|Any CPU
		{3560F469-26C5-4FFC-BFD2-7E2778F77D57}.Debug|ARM.Deploy.0 = Debug|Any CPU
		{3560F469-26C5-4FFC-BFD2-7E2778F77D57}.Debug|iPhone.ActiveCfg = Debug|Any CPU
		{3560F469-26C5-4FFC-BFD2-7E2778F77D57}.Debug|iPhone.Build.0 = Debug|Any CPU
		{3560F469-26C5-4FFC-BFD2-7E2778F77D57}.Debug|iPhone.Deploy.0 = Debug|Any CPU
		{3560F469-26C5-4FFC-BFD2-7E2778F77D57}.Debug|iPhoneSimulator.ActiveCfg = Debug|Any CPU
		{3560F469-26C5-4FFC-BFD2-7E2778F77D57}.Debug|iPhoneSimulator.Build.0 = Debug|Any CPU
		{3560F469-26C5-4FFC-BFD2-7E2778F77D57}.Debug|iPhoneSimulator.Deploy.0 = Debug|Any CPU
		{3560F469-26C5-4FFC-BFD2-7E2778F77D57}.Debug|x64.ActiveCfg = Debug|Any CPU
		{3560F469-26C5-4FFC-BFD2-7E2778F77D57}.Debug|x64.Build.0 = Debug|Any CPU
		{3560F469-26C5-4FFC-BFD2-7E2778F77D57}.Debug|x64.Deploy.0 = Debug|Any CPU
		{3560F469-26C5-4FFC-BFD2-7E2778F77D57}.Debug|x86.ActiveCfg = Debug|Any CPU
		{3560F469-26C5-4FFC-BFD2-7E2778F77D57}.Debug|x86.Build.0 = Debug|Any CPU
		{3560F469-26C5-4FFC-BFD2-7E2778F77D57}.Debug|x86.Deploy.0 = Debug|Any CPU
		{3560F469-26C5-4FFC-BFD2-7E2778F77D57}.Release|Any CPU.ActiveCfg = Release|Any CPU
		{3560F469-26C5-4FFC-BFD2-7E2778F77D57}.Release|Any CPU.Build.0 = Release|Any CPU
		{3560F469-26C5-4FFC-BFD2-7E2778F77D57}.Release|Any CPU.Deploy.0 = Release|Any CPU
		{3560F469-26C5-4FFC-BFD2-7E2778F77D57}.Release|ARM.ActiveCfg = Release|Any CPU
		{3560F469-26C5-4FFC-BFD2-7E2778F77D57}.Release|ARM.Build.0 = Release|Any CPU
		{3560F469-26C5-4FFC-BFD2-7E2778F77D57}.Release|ARM.Deploy.0 = Release|Any CPU
		{3560F469-26C5-4FFC-BFD2-7E2778F77D57}.Release|iPhone.ActiveCfg = Release|Any CPU
		{3560F469-26C5-4FFC-BFD2-7E2778F77D57}.Release|iPhone.Build.0 = Release|Any CPU
		{3560F469-26C5-4FFC-BFD2-7E2778F77D57}.Release|iPhone.Deploy.0 = Release|Any CPU
		{3560F469-26C5-4FFC-BFD2-7E2778F77D57}.Release|iPhoneSimulator.ActiveCfg = Release|Any CPU
		{3560F469-26C5-4FFC-BFD2-7E2778F77D57}.Release|iPhoneSimulator.Build.0 = Release|Any CPU
		{3560F469-26C5-4FFC-BFD2-7E2778F77D57}.Release|iPhoneSimulator.Deploy.0 = Release|Any CPU
		{3560F469-26C5-4FFC-BFD2-7E2778F77D57}.Release|x64.ActiveCfg = Release|Any CPU
		{3560F469-26C5-4FFC-BFD2-7E2778F77D57}.Release|x64.Build.0 = Release|Any CPU
		{3560F469-26C5-4FFC-BFD2-7E2778F77D57}.Release|x64.Deploy.0 = Release|Any CPU
		{3560F469-26C5-4FFC-BFD2-7E2778F77D57}.Release|x86.ActiveCfg = Release|Any CPU
		{3560F469-26C5-4FFC-BFD2-7E2778F77D57}.Release|x86.Build.0 = Release|Any CPU
		{3560F469-26C5-4FFC-BFD2-7E2778F77D57}.Release|x86.Deploy.0 = Release|Any CPU
		{F6E1FA9B-97A0-4195-887C-7EF91FE55980}.Ad-Hoc|Any CPU.ActiveCfg = Release|Any CPU
		{F6E1FA9B-97A0-4195-887C-7EF91FE55980}.Ad-Hoc|Any CPU.Build.0 = Release|Any CPU
		{F6E1FA9B-97A0-4195-887C-7EF91FE55980}.Ad-Hoc|ARM.ActiveCfg = Release|Any CPU
		{F6E1FA9B-97A0-4195-887C-7EF91FE55980}.Ad-Hoc|ARM.Build.0 = Release|Any CPU
		{F6E1FA9B-97A0-4195-887C-7EF91FE55980}.Ad-Hoc|iPhone.ActiveCfg = Release|Any CPU
		{F6E1FA9B-97A0-4195-887C-7EF91FE55980}.Ad-Hoc|iPhone.Build.0 = Release|Any CPU
		{F6E1FA9B-97A0-4195-887C-7EF91FE55980}.Ad-Hoc|iPhoneSimulator.ActiveCfg = Release|Any CPU
		{F6E1FA9B-97A0-4195-887C-7EF91FE55980}.Ad-Hoc|iPhoneSimulator.Build.0 = Release|Any CPU
		{F6E1FA9B-97A0-4195-887C-7EF91FE55980}.Ad-Hoc|x64.ActiveCfg = Release|Any CPU
		{F6E1FA9B-97A0-4195-887C-7EF91FE55980}.Ad-Hoc|x64.Build.0 = Release|Any CPU
		{F6E1FA9B-97A0-4195-887C-7EF91FE55980}.Ad-Hoc|x86.ActiveCfg = Release|Any CPU
		{F6E1FA9B-97A0-4195-887C-7EF91FE55980}.Ad-Hoc|x86.Build.0 = Release|Any CPU
		{F6E1FA9B-97A0-4195-887C-7EF91FE55980}.AppStore|Any CPU.ActiveCfg = Release|Any CPU
		{F6E1FA9B-97A0-4195-887C-7EF91FE55980}.AppStore|Any CPU.Build.0 = Release|Any CPU
		{F6E1FA9B-97A0-4195-887C-7EF91FE55980}.AppStore|ARM.ActiveCfg = Release|Any CPU
		{F6E1FA9B-97A0-4195-887C-7EF91FE55980}.AppStore|ARM.Build.0 = Release|Any CPU
		{F6E1FA9B-97A0-4195-887C-7EF91FE55980}.AppStore|iPhone.ActiveCfg = Release|Any CPU
		{F6E1FA9B-97A0-4195-887C-7EF91FE55980}.AppStore|iPhone.Build.0 = Release|Any CPU
		{F6E1FA9B-97A0-4195-887C-7EF91FE55980}.AppStore|iPhoneSimulator.ActiveCfg = Release|Any CPU
		{F6E1FA9B-97A0-4195-887C-7EF91FE55980}.AppStore|iPhoneSimulator.Build.0 = Release|Any CPU
		{F6E1FA9B-97A0-4195-887C-7EF91FE55980}.AppStore|x64.ActiveCfg = Release|Any CPU
		{F6E1FA9B-97A0-4195-887C-7EF91FE55980}.AppStore|x64.Build.0 = Release|Any CPU
		{F6E1FA9B-97A0-4195-887C-7EF91FE55980}.AppStore|x86.ActiveCfg = Release|Any CPU
		{F6E1FA9B-97A0-4195-887C-7EF91FE55980}.AppStore|x86.Build.0 = Release|Any CPU
		{F6E1FA9B-97A0-4195-887C-7EF91FE55980}.Debug|Any CPU.ActiveCfg = Debug|Any CPU
		{F6E1FA9B-97A0-4195-887C-7EF91FE55980}.Debug|Any CPU.Build.0 = Debug|Any CPU
		{F6E1FA9B-97A0-4195-887C-7EF91FE55980}.Debug|ARM.ActiveCfg = Debug|Any CPU
		{F6E1FA9B-97A0-4195-887C-7EF91FE55980}.Debug|ARM.Build.0 = Debug|Any CPU
		{F6E1FA9B-97A0-4195-887C-7EF91FE55980}.Debug|iPhone.ActiveCfg = Debug|Any CPU
		{F6E1FA9B-97A0-4195-887C-7EF91FE55980}.Debug|iPhone.Build.0 = Debug|Any CPU
		{F6E1FA9B-97A0-4195-887C-7EF91FE55980}.Debug|iPhoneSimulator.ActiveCfg = Debug|Any CPU
		{F6E1FA9B-97A0-4195-887C-7EF91FE55980}.Debug|iPhoneSimulator.Build.0 = Debug|Any CPU
		{F6E1FA9B-97A0-4195-887C-7EF91FE55980}.Debug|x64.ActiveCfg = Debug|Any CPU
		{F6E1FA9B-97A0-4195-887C-7EF91FE55980}.Debug|x64.Build.0 = Debug|Any CPU
		{F6E1FA9B-97A0-4195-887C-7EF91FE55980}.Debug|x86.ActiveCfg = Debug|Any CPU
		{F6E1FA9B-97A0-4195-887C-7EF91FE55980}.Debug|x86.Build.0 = Debug|Any CPU
		{F6E1FA9B-97A0-4195-887C-7EF91FE55980}.Release|Any CPU.ActiveCfg = Release|Any CPU
		{F6E1FA9B-97A0-4195-887C-7EF91FE55980}.Release|Any CPU.Build.0 = Release|Any CPU
		{F6E1FA9B-97A0-4195-887C-7EF91FE55980}.Release|ARM.ActiveCfg = Release|Any CPU
		{F6E1FA9B-97A0-4195-887C-7EF91FE55980}.Release|ARM.Build.0 = Release|Any CPU
		{F6E1FA9B-97A0-4195-887C-7EF91FE55980}.Release|iPhone.ActiveCfg = Release|Any CPU
		{F6E1FA9B-97A0-4195-887C-7EF91FE55980}.Release|iPhone.Build.0 = Release|Any CPU
		{F6E1FA9B-97A0-4195-887C-7EF91FE55980}.Release|iPhoneSimulator.ActiveCfg = Release|Any CPU
		{F6E1FA9B-97A0-4195-887C-7EF91FE55980}.Release|iPhoneSimulator.Build.0 = Release|Any CPU
		{F6E1FA9B-97A0-4195-887C-7EF91FE55980}.Release|x64.ActiveCfg = Release|Any CPU
		{F6E1FA9B-97A0-4195-887C-7EF91FE55980}.Release|x64.Build.0 = Release|Any CPU
		{F6E1FA9B-97A0-4195-887C-7EF91FE55980}.Release|x86.ActiveCfg = Release|Any CPU
		{F6E1FA9B-97A0-4195-887C-7EF91FE55980}.Release|x86.Build.0 = Release|Any CPU
		{07C44DEA-9A89-4CE8-84A9-706C6511422E}.Ad-Hoc|Any CPU.ActiveCfg = Release|x86
		{07C44DEA-9A89-4CE8-84A9-706C6511422E}.Ad-Hoc|Any CPU.Build.0 = Release|x86
		{07C44DEA-9A89-4CE8-84A9-706C6511422E}.Ad-Hoc|Any CPU.Deploy.0 = Release|x86
		{07C44DEA-9A89-4CE8-84A9-706C6511422E}.Ad-Hoc|ARM.ActiveCfg = Release|ARM
		{07C44DEA-9A89-4CE8-84A9-706C6511422E}.Ad-Hoc|ARM.Build.0 = Release|ARM
		{07C44DEA-9A89-4CE8-84A9-706C6511422E}.Ad-Hoc|ARM.Deploy.0 = Release|ARM
		{07C44DEA-9A89-4CE8-84A9-706C6511422E}.Ad-Hoc|iPhone.ActiveCfg = Release|x86
		{07C44DEA-9A89-4CE8-84A9-706C6511422E}.Ad-Hoc|iPhone.Build.0 = Release|x86
		{07C44DEA-9A89-4CE8-84A9-706C6511422E}.Ad-Hoc|iPhone.Deploy.0 = Release|x86
		{07C44DEA-9A89-4CE8-84A9-706C6511422E}.Ad-Hoc|iPhoneSimulator.ActiveCfg = Release|x86
		{07C44DEA-9A89-4CE8-84A9-706C6511422E}.Ad-Hoc|iPhoneSimulator.Build.0 = Release|x86
		{07C44DEA-9A89-4CE8-84A9-706C6511422E}.Ad-Hoc|iPhoneSimulator.Deploy.0 = Release|x86
		{07C44DEA-9A89-4CE8-84A9-706C6511422E}.Ad-Hoc|x64.ActiveCfg = Release|x64
		{07C44DEA-9A89-4CE8-84A9-706C6511422E}.Ad-Hoc|x64.Build.0 = Release|x64
		{07C44DEA-9A89-4CE8-84A9-706C6511422E}.Ad-Hoc|x64.Deploy.0 = Release|x64
		{07C44DEA-9A89-4CE8-84A9-706C6511422E}.Ad-Hoc|x86.ActiveCfg = Release|x86
		{07C44DEA-9A89-4CE8-84A9-706C6511422E}.Ad-Hoc|x86.Build.0 = Release|x86
		{07C44DEA-9A89-4CE8-84A9-706C6511422E}.Ad-Hoc|x86.Deploy.0 = Release|x86
		{07C44DEA-9A89-4CE8-84A9-706C6511422E}.AppStore|Any CPU.ActiveCfg = Release|x86
		{07C44DEA-9A89-4CE8-84A9-706C6511422E}.AppStore|Any CPU.Build.0 = Release|x86
		{07C44DEA-9A89-4CE8-84A9-706C6511422E}.AppStore|Any CPU.Deploy.0 = Release|x86
		{07C44DEA-9A89-4CE8-84A9-706C6511422E}.AppStore|ARM.ActiveCfg = Release|ARM
		{07C44DEA-9A89-4CE8-84A9-706C6511422E}.AppStore|ARM.Build.0 = Release|ARM
		{07C44DEA-9A89-4CE8-84A9-706C6511422E}.AppStore|ARM.Deploy.0 = Release|ARM
		{07C44DEA-9A89-4CE8-84A9-706C6511422E}.AppStore|iPhone.ActiveCfg = Release|x86
		{07C44DEA-9A89-4CE8-84A9-706C6511422E}.AppStore|iPhone.Build.0 = Release|x86
		{07C44DEA-9A89-4CE8-84A9-706C6511422E}.AppStore|iPhone.Deploy.0 = Release|x86
		{07C44DEA-9A89-4CE8-84A9-706C6511422E}.AppStore|iPhoneSimulator.ActiveCfg = Release|x86
		{07C44DEA-9A89-4CE8-84A9-706C6511422E}.AppStore|iPhoneSimulator.Build.0 = Release|x86
		{07C44DEA-9A89-4CE8-84A9-706C6511422E}.AppStore|iPhoneSimulator.Deploy.0 = Release|x86
		{07C44DEA-9A89-4CE8-84A9-706C6511422E}.AppStore|x64.ActiveCfg = Release|x64
		{07C44DEA-9A89-4CE8-84A9-706C6511422E}.AppStore|x64.Build.0 = Release|x64
		{07C44DEA-9A89-4CE8-84A9-706C6511422E}.AppStore|x64.Deploy.0 = Release|x64
		{07C44DEA-9A89-4CE8-84A9-706C6511422E}.AppStore|x86.ActiveCfg = Release|x86
		{07C44DEA-9A89-4CE8-84A9-706C6511422E}.AppStore|x86.Build.0 = Release|x86
		{07C44DEA-9A89-4CE8-84A9-706C6511422E}.AppStore|x86.Deploy.0 = Release|x86
		{07C44DEA-9A89-4CE8-84A9-706C6511422E}.Debug|Any CPU.ActiveCfg = Debug|x86
		{07C44DEA-9A89-4CE8-84A9-706C6511422E}.Debug|ARM.ActiveCfg = Debug|ARM
		{07C44DEA-9A89-4CE8-84A9-706C6511422E}.Debug|ARM.Build.0 = Debug|ARM
		{07C44DEA-9A89-4CE8-84A9-706C6511422E}.Debug|ARM.Deploy.0 = Debug|ARM
		{07C44DEA-9A89-4CE8-84A9-706C6511422E}.Debug|iPhone.ActiveCfg = Debug|x86
		{07C44DEA-9A89-4CE8-84A9-706C6511422E}.Debug|iPhoneSimulator.ActiveCfg = Debug|x86
		{07C44DEA-9A89-4CE8-84A9-706C6511422E}.Debug|x64.ActiveCfg = Debug|x64
		{07C44DEA-9A89-4CE8-84A9-706C6511422E}.Debug|x64.Build.0 = Debug|x64
		{07C44DEA-9A89-4CE8-84A9-706C6511422E}.Debug|x64.Deploy.0 = Debug|x64
		{07C44DEA-9A89-4CE8-84A9-706C6511422E}.Debug|x86.ActiveCfg = Debug|x86
		{07C44DEA-9A89-4CE8-84A9-706C6511422E}.Debug|x86.Build.0 = Debug|x86
		{07C44DEA-9A89-4CE8-84A9-706C6511422E}.Debug|x86.Deploy.0 = Debug|x86
		{07C44DEA-9A89-4CE8-84A9-706C6511422E}.Release|Any CPU.ActiveCfg = Release|x86
		{07C44DEA-9A89-4CE8-84A9-706C6511422E}.Release|ARM.ActiveCfg = Release|ARM
		{07C44DEA-9A89-4CE8-84A9-706C6511422E}.Release|ARM.Build.0 = Release|ARM
		{07C44DEA-9A89-4CE8-84A9-706C6511422E}.Release|ARM.Deploy.0 = Release|ARM
		{07C44DEA-9A89-4CE8-84A9-706C6511422E}.Release|iPhone.ActiveCfg = Release|x86
		{07C44DEA-9A89-4CE8-84A9-706C6511422E}.Release|iPhoneSimulator.ActiveCfg = Release|x86
		{07C44DEA-9A89-4CE8-84A9-706C6511422E}.Release|x64.ActiveCfg = Release|x64
		{07C44DEA-9A89-4CE8-84A9-706C6511422E}.Release|x64.Build.0 = Release|x64
		{07C44DEA-9A89-4CE8-84A9-706C6511422E}.Release|x64.Deploy.0 = Release|x64
		{07C44DEA-9A89-4CE8-84A9-706C6511422E}.Release|x86.ActiveCfg = Release|x86
		{07C44DEA-9A89-4CE8-84A9-706C6511422E}.Release|x86.Build.0 = Release|x86
		{07C44DEA-9A89-4CE8-84A9-706C6511422E}.Release|x86.Deploy.0 = Release|x86
		{53745D32-EABA-46C9-9265-B1127C02850A}.Ad-Hoc|Any CPU.ActiveCfg = Ad-Hoc|iPhone
		{53745D32-EABA-46C9-9265-B1127C02850A}.Ad-Hoc|ARM.ActiveCfg = Ad-Hoc|iPhone
		{53745D32-EABA-46C9-9265-B1127C02850A}.Ad-Hoc|iPhone.ActiveCfg = Ad-Hoc|iPhone
		{53745D32-EABA-46C9-9265-B1127C02850A}.Ad-Hoc|iPhone.Build.0 = Ad-Hoc|iPhone
		{53745D32-EABA-46C9-9265-B1127C02850A}.Ad-Hoc|iPhoneSimulator.ActiveCfg = Ad-Hoc|iPhoneSimulator
		{53745D32-EABA-46C9-9265-B1127C02850A}.Ad-Hoc|iPhoneSimulator.Build.0 = Ad-Hoc|iPhoneSimulator
		{53745D32-EABA-46C9-9265-B1127C02850A}.Ad-Hoc|x64.ActiveCfg = Ad-Hoc|iPhone
		{53745D32-EABA-46C9-9265-B1127C02850A}.Ad-Hoc|x86.ActiveCfg = Ad-Hoc|iPhone
		{53745D32-EABA-46C9-9265-B1127C02850A}.AppStore|Any CPU.ActiveCfg = AppStore|iPhone
		{53745D32-EABA-46C9-9265-B1127C02850A}.AppStore|ARM.ActiveCfg = AppStore|iPhone
		{53745D32-EABA-46C9-9265-B1127C02850A}.AppStore|iPhone.ActiveCfg = AppStore|iPhone
		{53745D32-EABA-46C9-9265-B1127C02850A}.AppStore|iPhone.Build.0 = AppStore|iPhone
		{53745D32-EABA-46C9-9265-B1127C02850A}.AppStore|iPhoneSimulator.ActiveCfg = AppStore|iPhoneSimulator
		{53745D32-EABA-46C9-9265-B1127C02850A}.AppStore|iPhoneSimulator.Build.0 = AppStore|iPhoneSimulator
		{53745D32-EABA-46C9-9265-B1127C02850A}.AppStore|x64.ActiveCfg = AppStore|iPhone
		{53745D32-EABA-46C9-9265-B1127C02850A}.AppStore|x86.ActiveCfg = AppStore|iPhone
		{53745D32-EABA-46C9-9265-B1127C02850A}.Debug|Any CPU.ActiveCfg = Debug|iPhone
		{53745D32-EABA-46C9-9265-B1127C02850A}.Debug|ARM.ActiveCfg = Debug|iPhone
		{53745D32-EABA-46C9-9265-B1127C02850A}.Debug|iPhone.ActiveCfg = Debug|iPhone
		{53745D32-EABA-46C9-9265-B1127C02850A}.Debug|iPhone.Build.0 = Debug|iPhone
		{53745D32-EABA-46C9-9265-B1127C02850A}.Debug|iPhoneSimulator.ActiveCfg = Debug|iPhoneSimulator
		{53745D32-EABA-46C9-9265-B1127C02850A}.Debug|iPhoneSimulator.Build.0 = Debug|iPhoneSimulator
		{53745D32-EABA-46C9-9265-B1127C02850A}.Debug|x64.ActiveCfg = Debug|iPhone
		{53745D32-EABA-46C9-9265-B1127C02850A}.Debug|x86.ActiveCfg = Debug|iPhone
		{53745D32-EABA-46C9-9265-B1127C02850A}.Release|Any CPU.ActiveCfg = Release|iPhone
		{53745D32-EABA-46C9-9265-B1127C02850A}.Release|ARM.ActiveCfg = Release|iPhone
		{53745D32-EABA-46C9-9265-B1127C02850A}.Release|iPhone.ActiveCfg = Release|iPhone
		{53745D32-EABA-46C9-9265-B1127C02850A}.Release|iPhone.Build.0 = Release|iPhone
		{53745D32-EABA-46C9-9265-B1127C02850A}.Release|iPhoneSimulator.ActiveCfg = Release|iPhoneSimulator
		{53745D32-EABA-46C9-9265-B1127C02850A}.Release|iPhoneSimulator.Build.0 = Release|iPhoneSimulator
		{53745D32-EABA-46C9-9265-B1127C02850A}.Release|x64.ActiveCfg = Release|iPhone
		{53745D32-EABA-46C9-9265-B1127C02850A}.Release|x86.ActiveCfg = Release|iPhone
	EndGlobalSection
	GlobalSection(SolutionProperties) = preSolution
		HideSolutionNode = FALSE
	EndGlobalSection
	GlobalSection(ExtensibilityGlobals) = postSolution
		SolutionGuid = {9A93272D-5DE5-444E-9F05-663C8A7B9961}
	EndGlobalSection
EndGlobal
