
Microsoft Visual Studio Solution File, Format Version 12.00
# Visual Studio 15
VisualStudioVersion = 15.0.26430.16
MinimumVisualStudioVersion = 10.0.40219.1
Project("{D954291E-2A0B-460D-934E-DC6B0785DB48}") = "AppPessoa", "AppPessoa\AppPessoa\AppPessoa.shproj", "{BD194FFD-DC8C-461D-9141-31A55739A3E1}"
EndProject
Project("{FAE04EC0-301F-11D3-BF4B-00C04F79EFBC}") = "AppPessoa.Android", "AppPessoa\AppPessoa.Android\AppPessoa.Android.csproj", "{C878E927-5C6D-4146-9EB6-BA7FE39F3A94}"
EndProject
Project("{FAE04EC0-301F-11D3-BF4B-00C04F79EFBC}") = "AppPessoa.iOS", "AppPessoa\AppPessoa.iOS\AppPessoa.iOS.csproj", "{DA9AC077-406B-442B-9FA9-CD7008C5B47F}"
EndProject
Project("{FAE04EC0-301F-11D3-BF4B-00C04F79EFBC}") = "AppPessoa.UWP", "AppPessoa\AppPessoa.UWP\AppPessoa.UWP.csproj", "{984A2626-FF67-4443-A7C5-CA01F0FA1C12}"
EndProject
Global
	GlobalSection(SharedMSBuildProjectFiles) = preSolution
		AppPessoa\AppPessoa\AppPessoa.projitems*{984a2626-ff67-4443-a7c5-ca01f0fa1c12}*SharedItemsImports = 4
		AppPessoa\AppPessoa\AppPessoa.projitems*{bd194ffd-dc8c-461d-9141-31a55739a3e1}*SharedItemsImports = 13
		AppPessoa\AppPessoa\AppPessoa.projitems*{c878e927-5c6d-4146-9eb6-ba7fe39f3a94}*SharedItemsImports = 4
		AppPessoa\AppPessoa\AppPessoa.projitems*{da9ac077-406b-442b-9fa9-cd7008c5b47f}*SharedItemsImports = 4
	EndGlobalSection
	GlobalSection(SolutionConfigurationPlatforms) = preSolution
		Ad-Hoc|Any CPU = Ad-Hoc|Any CPU
		Ad-Hoc|ARM = Ad-Hoc|ARM
		Ad-Hoc|iPhone = Ad-Hoc|iPhone
		Ad-Hoc|iPhoneSimulator = Ad-Hoc|iPhoneSimulator
		Ad-Hoc|x64 = Ad-Hoc|x64
		Ad-Hoc|x86 = Ad-Hoc|x86
		AppStore|Any CPU = AppStore|Any CPU
		AppStore|ARM = AppStore|ARM
		AppStore|iPhone = AppStore|iPhone
		AppStore|iPhoneSimulator = AppStore|iPhoneSimulator
		AppStore|x64 = AppStore|x64
		AppStore|x86 = AppStore|x86
		Debug|Any CPU = Debug|Any CPU
		Debug|ARM = Debug|ARM
		Debug|iPhone = Debug|iPhone
		Debug|iPhoneSimulator = Debug|iPhoneSimulator
		Debug|x64 = Debug|x64
		Debug|x86 = Debug|x86
		Release|Any CPU = Release|Any CPU
		Release|ARM = Release|ARM
		Release|iPhone = Release|iPhone
		Release|iPhoneSimulator = Release|iPhoneSimulator
		Release|x64 = Release|x64
		Release|x86 = Release|x86
	EndGlobalSection
	GlobalSection(ProjectConfigurationPlatforms) = postSolution
		{C878E927-5C6D-4146-9EB6-BA7FE39F3A94}.Ad-Hoc|Any CPU.ActiveCfg = Release|Any CPU
		{C878E927-5C6D-4146-9EB6-BA7FE39F3A94}.Ad-Hoc|Any CPU.Build.0 = Release|Any CPU
		{C878E927-5C6D-4146-9EB6-BA7FE39F3A94}.Ad-Hoc|Any CPU.Deploy.0 = Release|Any CPU
		{C878E927-5C6D-4146-9EB6-BA7FE39F3A94}.Ad-Hoc|ARM.ActiveCfg = Release|Any CPU
		{C878E927-5C6D-4146-9EB6-BA7FE39F3A94}.Ad-Hoc|ARM.Build.0 = Release|Any CPU
		{C878E927-5C6D-4146-9EB6-BA7FE39F3A94}.Ad-Hoc|ARM.Deploy.0 = Release|Any CPU
		{C878E927-5C6D-4146-9EB6-BA7FE39F3A94}.Ad-Hoc|iPhone.ActiveCfg = Release|Any CPU
		{C878E927-5C6D-4146-9EB6-BA7FE39F3A94}.Ad-Hoc|iPhone.Build.0 = Release|Any CPU
		{C878E927-5C6D-4146-9EB6-BA7FE39F3A94}.Ad-Hoc|iPhone.Deploy.0 = Release|Any CPU
		{C878E927-5C6D-4146-9EB6-BA7FE39F3A94}.Ad-Hoc|iPhoneSimulator.ActiveCfg = Release|Any CPU
		{C878E927-5C6D-4146-9EB6-BA7FE39F3A94}.Ad-Hoc|iPhoneSimulator.Build.0 = Release|Any CPU
		{C878E927-5C6D-4146-9EB6-BA7FE39F3A94}.Ad-Hoc|iPhoneSimulator.Deploy.0 = Release|Any CPU
		{C878E927-5C6D-4146-9EB6-BA7FE39F3A94}.Ad-Hoc|x64.ActiveCfg = Release|Any CPU
		{C878E927-5C6D-4146-9EB6-BA7FE39F3A94}.Ad-Hoc|x64.Build.0 = Release|Any CPU
		{C878E927-5C6D-4146-9EB6-BA7FE39F3A94}.Ad-Hoc|x64.Deploy.0 = Release|Any CPU
		{C878E927-5C6D-4146-9EB6-BA7FE39F3A94}.Ad-Hoc|x86.ActiveCfg = Release|Any CPU
		{C878E927-5C6D-4146-9EB6-BA7FE39F3A94}.Ad-Hoc|x86.Build.0 = Release|Any CPU
		{C878E927-5C6D-4146-9EB6-BA7FE39F3A94}.Ad-Hoc|x86.Deploy.0 = Release|Any CPU
		{C878E927-5C6D-4146-9EB6-BA7FE39F3A94}.AppStore|Any CPU.ActiveCfg = Release|Any CPU
		{C878E927-5C6D-4146-9EB6-BA7FE39F3A94}.AppStore|Any CPU.Build.0 = Release|Any CPU
		{C878E927-5C6D-4146-9EB6-BA7FE39F3A94}.AppStore|Any CPU.Deploy.0 = Release|Any CPU
		{C878E927-5C6D-4146-9EB6-BA7FE39F3A94}.AppStore|ARM.ActiveCfg = Release|Any CPU
		{C878E927-5C6D-4146-9EB6-BA7FE39F3A94}.AppStore|ARM.Build.0 = Release|Any CPU
		{C878E927-5C6D-4146-9EB6-BA7FE39F3A94}.AppStore|ARM.Deploy.0 = Release|Any CPU
		{C878E927-5C6D-4146-9EB6-BA7FE39F3A94}.AppStore|iPhone.ActiveCfg = Release|Any CPU
		{C878E927-5C6D-4146-9EB6-BA7FE39F3A94}.AppStore|iPhone.Build.0 = Release|Any CPU
		{C878E927-5C6D-4146-9EB6-BA7FE39F3A94}.AppStore|iPhone.Deploy.0 = Release|Any CPU
		{C878E927-5C6D-4146-9EB6-BA7FE39F3A94}.AppStore|iPhoneSimulator.ActiveCfg = Release|Any CPU
		{C878E927-5C6D-4146-9EB6-BA7FE39F3A94}.AppStore|iPhoneSimulator.Build.0 = Release|Any CPU
		{C878E927-5C6D-4146-9EB6-BA7FE39F3A94}.AppStore|iPhoneSimulator.Deploy.0 = Release|Any CPU
		{C878E927-5C6D-4146-9EB6-BA7FE39F3A94}.AppStore|x64.ActiveCfg = Release|Any CPU
		{C878E927-5C6D-4146-9EB6-BA7FE39F3A94}.AppStore|x64.Build.0 = Release|Any CPU
		{C878E927-5C6D-4146-9EB6-BA7FE39F3A94}.AppStore|x64.Deploy.0 = Release|Any CPU
		{C878E927-5C6D-4146-9EB6-BA7FE39F3A94}.AppStore|x86.ActiveCfg = Release|Any CPU
		{C878E927-5C6D-4146-9EB6-BA7FE39F3A94}.AppStore|x86.Build.0 = Release|Any CPU
		{C878E927-5C6D-4146-9EB6-BA7FE39F3A94}.AppStore|x86.Deploy.0 = Release|Any CPU
		{C878E927-5C6D-4146-9EB6-BA7FE39F3A94}.Debug|Any CPU.ActiveCfg = Debug|Any CPU
		{C878E927-5C6D-4146-9EB6-BA7FE39F3A94}.Debug|Any CPU.Build.0 = Debug|Any CPU
		{C878E927-5C6D-4146-9EB6-BA7FE39F3A94}.Debug|Any CPU.Deploy.0 = Debug|Any CPU
		{C878E927-5C6D-4146-9EB6-BA7FE39F3A94}.Debug|ARM.ActiveCfg = Debug|Any CPU
		{C878E927-5C6D-4146-9EB6-BA7FE39F3A94}.Debug|ARM.Build.0 = Debug|Any CPU
		{C878E927-5C6D-4146-9EB6-BA7FE39F3A94}.Debug|ARM.Deploy.0 = Debug|Any CPU
		{C878E927-5C6D-4146-9EB6-BA7FE39F3A94}.Debug|iPhone.ActiveCfg = Debug|Any CPU
		{C878E927-5C6D-4146-9EB6-BA7FE39F3A94}.Debug|iPhone.Build.0 = Debug|Any CPU
		{C878E927-5C6D-4146-9EB6-BA7FE39F3A94}.Debug|iPhone.Deploy.0 = Debug|Any CPU
		{C878E927-5C6D-4146-9EB6-BA7FE39F3A94}.Debug|iPhoneSimulator.ActiveCfg = Debug|Any CPU
		{C878E927-5C6D-4146-9EB6-BA7FE39F3A94}.Debug|iPhoneSimulator.Build.0 = Debug|Any CPU
		{C878E927-5C6D-4146-9EB6-BA7FE39F3A94}.Debug|iPhoneSimulator.Deploy.0 = Debug|Any CPU
		{C878E927-5C6D-4146-9EB6-BA7FE39F3A94}.Debug|x64.ActiveCfg = Debug|Any CPU
		{C878E927-5C6D-4146-9EB6-BA7FE39F3A94}.Debug|x64.Build.0 = Debug|Any CPU
		{C878E927-5C6D-4146-9EB6-BA7FE39F3A94}.Debug|x64.Deploy.0 = Debug|Any CPU
		{C878E927-5C6D-4146-9EB6-BA7FE39F3A94}.Debug|x86.ActiveCfg = Debug|Any CPU
		{C878E927-5C6D-4146-9EB6-BA7FE39F3A94}.Debug|x86.Build.0 = Debug|Any CPU
		{C878E927-5C6D-4146-9EB6-BA7FE39F3A94}.Debug|x86.Deploy.0 = Debug|Any CPU
		{C878E927-5C6D-4146-9EB6-BA7FE39F3A94}.Release|Any CPU.ActiveCfg = Release|Any CPU
		{C878E927-5C6D-4146-9EB6-BA7FE39F3A94}.Release|Any CPU.Build.0 = Release|Any CPU
		{C878E927-5C6D-4146-9EB6-BA7FE39F3A94}.Release|Any CPU.Deploy.0 = Release|Any CPU
		{C878E927-5C6D-4146-9EB6-BA7FE39F3A94}.Release|ARM.ActiveCfg = Release|Any CPU
		{C878E927-5C6D-4146-9EB6-BA7FE39F3A94}.Release|ARM.Build.0 = Release|Any CPU
		{C878E927-5C6D-4146-9EB6-BA7FE39F3A94}.Release|ARM.Deploy.0 = Release|Any CPU
		{C878E927-5C6D-4146-9EB6-BA7FE39F3A94}.Release|iPhone.ActiveCfg = Release|Any CPU
		{C878E927-5C6D-4146-9EB6-BA7FE39F3A94}.Release|iPhone.Build.0 = Release|Any CPU
		{C878E927-5C6D-4146-9EB6-BA7FE39F3A94}.Release|iPhone.Deploy.0 = Release|Any CPU
		{C878E927-5C6D-4146-9EB6-BA7FE39F3A94}.Release|iPhoneSimulator.ActiveCfg = Release|Any CPU
		{C878E927-5C6D-4146-9EB6-BA7FE39F3A94}.Release|iPhoneSimulator.Build.0 = Release|Any CPU
		{C878E927-5C6D-4146-9EB6-BA7FE39F3A94}.Release|iPhoneSimulator.Deploy.0 = Release|Any CPU
		{C878E927-5C6D-4146-9EB6-BA7FE39F3A94}.Release|x64.ActiveCfg = Release|Any CPU
		{C878E927-5C6D-4146-9EB6-BA7FE39F3A94}.Release|x64.Build.0 = Release|Any CPU
		{C878E927-5C6D-4146-9EB6-BA7FE39F3A94}.Release|x64.Deploy.0 = Release|Any CPU
		{C878E927-5C6D-4146-9EB6-BA7FE39F3A94}.Release|x86.ActiveCfg = Release|Any CPU
		{C878E927-5C6D-4146-9EB6-BA7FE39F3A94}.Release|x86.Build.0 = Release|Any CPU
		{C878E927-5C6D-4146-9EB6-BA7FE39F3A94}.Release|x86.Deploy.0 = Release|Any CPU
		{DA9AC077-406B-442B-9FA9-CD7008C5B47F}.Ad-Hoc|Any CPU.ActiveCfg = Ad-Hoc|iPhone
		{DA9AC077-406B-442B-9FA9-CD7008C5B47F}.Ad-Hoc|ARM.ActiveCfg = Ad-Hoc|iPhone
		{DA9AC077-406B-442B-9FA9-CD7008C5B47F}.Ad-Hoc|iPhone.ActiveCfg = Ad-Hoc|iPhone
		{DA9AC077-406B-442B-9FA9-CD7008C5B47F}.Ad-Hoc|iPhone.Build.0 = Ad-Hoc|iPhone
		{DA9AC077-406B-442B-9FA9-CD7008C5B47F}.Ad-Hoc|iPhoneSimulator.ActiveCfg = Ad-Hoc|iPhoneSimulator
		{DA9AC077-406B-442B-9FA9-CD7008C5B47F}.Ad-Hoc|iPhoneSimulator.Build.0 = Ad-Hoc|iPhoneSimulator
		{DA9AC077-406B-442B-9FA9-CD7008C5B47F}.Ad-Hoc|x64.ActiveCfg = Ad-Hoc|iPhone
		{DA9AC077-406B-442B-9FA9-CD7008C5B47F}.Ad-Hoc|x86.ActiveCfg = Ad-Hoc|iPhone
		{DA9AC077-406B-442B-9FA9-CD7008C5B47F}.AppStore|Any CPU.ActiveCfg = AppStore|iPhone
		{DA9AC077-406B-442B-9FA9-CD7008C5B47F}.AppStore|ARM.ActiveCfg = AppStore|iPhone
		{DA9AC077-406B-442B-9FA9-CD7008C5B47F}.AppStore|iPhone.ActiveCfg = AppStore|iPhone
		{DA9AC077-406B-442B-9FA9-CD7008C5B47F}.AppStore|iPhone.Build.0 = AppStore|iPhone
		{DA9AC077-406B-442B-9FA9-CD7008C5B47F}.AppStore|iPhoneSimulator.ActiveCfg = AppStore|iPhoneSimulator
		{DA9AC077-406B-442B-9FA9-CD7008C5B47F}.AppStore|iPhoneSimulator.Build.0 = AppStore|iPhoneSimulator
		{DA9AC077-406B-442B-9FA9-CD7008C5B47F}.AppStore|x64.ActiveCfg = AppStore|iPhone
		{DA9AC077-406B-442B-9FA9-CD7008C5B47F}.AppStore|x86.ActiveCfg = AppStore|iPhone
		{DA9AC077-406B-442B-9FA9-CD7008C5B47F}.Debug|Any CPU.ActiveCfg = Debug|iPhone
		{DA9AC077-406B-442B-9FA9-CD7008C5B47F}.Debug|ARM.ActiveCfg = Debug|iPhone
		{DA9AC077-406B-442B-9FA9-CD7008C5B47F}.Debug|iPhone.ActiveCfg = Debug|iPhone
		{DA9AC077-406B-442B-9FA9-CD7008C5B47F}.Debug|iPhone.Build.0 = Debug|iPhone
		{DA9AC077-406B-442B-9FA9-CD7008C5B47F}.Debug|iPhoneSimulator.ActiveCfg = Debug|iPhoneSimulator
		{DA9AC077-406B-442B-9FA9-CD7008C5B47F}.Debug|iPhoneSimulator.Build.0 = Debug|iPhoneSimulator
		{DA9AC077-406B-442B-9FA9-CD7008C5B47F}.Debug|x64.ActiveCfg = Debug|iPhone
		{DA9AC077-406B-442B-9FA9-CD7008C5B47F}.Debug|x86.ActiveCfg = Debug|iPhone
		{DA9AC077-406B-442B-9FA9-CD7008C5B47F}.Release|Any CPU.ActiveCfg = Release|iPhone
		{DA9AC077-406B-442B-9FA9-CD7008C5B47F}.Release|ARM.ActiveCfg = Release|iPhone
		{DA9AC077-406B-442B-9FA9-CD7008C5B47F}.Release|iPhone.ActiveCfg = Release|iPhone
		{DA9AC077-406B-442B-9FA9-CD7008C5B47F}.Release|iPhone.Build.0 = Release|iPhone
		{DA9AC077-406B-442B-9FA9-CD7008C5B47F}.Release|iPhoneSimulator.ActiveCfg = Release|iPhoneSimulator
		{DA9AC077-406B-442B-9FA9-CD7008C5B47F}.Release|iPhoneSimulator.Build.0 = Release|iPhoneSimulator
		{DA9AC077-406B-442B-9FA9-CD7008C5B47F}.Release|x64.ActiveCfg = Release|iPhone
		{DA9AC077-406B-442B-9FA9-CD7008C5B47F}.Release|x86.ActiveCfg = Release|iPhone
		{984A2626-FF67-4443-A7C5-CA01F0FA1C12}.Ad-Hoc|Any CPU.ActiveCfg = Release|x86
		{984A2626-FF67-4443-A7C5-CA01F0FA1C12}.Ad-Hoc|Any CPU.Build.0 = Release|x86
		{984A2626-FF67-4443-A7C5-CA01F0FA1C12}.Ad-Hoc|Any CPU.Deploy.0 = Release|x86
		{984A2626-FF67-4443-A7C5-CA01F0FA1C12}.Ad-Hoc|ARM.ActiveCfg = Release|ARM
		{984A2626-FF67-4443-A7C5-CA01F0FA1C12}.Ad-Hoc|ARM.Build.0 = Release|ARM
		{984A2626-FF67-4443-A7C5-CA01F0FA1C12}.Ad-Hoc|ARM.Deploy.0 = Release|ARM
		{984A2626-FF67-4443-A7C5-CA01F0FA1C12}.Ad-Hoc|iPhone.ActiveCfg = Release|x86
		{984A2626-FF67-4443-A7C5-CA01F0FA1C12}.Ad-Hoc|iPhone.Build.0 = Release|x86
		{984A2626-FF67-4443-A7C5-CA01F0FA1C12}.Ad-Hoc|iPhone.Deploy.0 = Release|x86
		{984A2626-FF67-4443-A7C5-CA01F0FA1C12}.Ad-Hoc|iPhoneSimulator.ActiveCfg = Release|x86
		{984A2626-FF67-4443-A7C5-CA01F0FA1C12}.Ad-Hoc|iPhoneSimulator.Build.0 = Release|x86
		{984A2626-FF67-4443-A7C5-CA01F0FA1C12}.Ad-Hoc|iPhoneSimulator.Deploy.0 = Release|x86
		{984A2626-FF67-4443-A7C5-CA01F0FA1C12}.Ad-Hoc|x64.ActiveCfg = Release|x64
		{984A2626-FF67-4443-A7C5-CA01F0FA1C12}.Ad-Hoc|x64.Build.0 = Release|x64
		{984A2626-FF67-4443-A7C5-CA01F0FA1C12}.Ad-Hoc|x64.Deploy.0 = Release|x64
		{984A2626-FF67-4443-A7C5-CA01F0FA1C12}.Ad-Hoc|x86.ActiveCfg = Release|x86
		{984A2626-FF67-4443-A7C5-CA01F0FA1C12}.Ad-Hoc|x86.Build.0 = Release|x86
		{984A2626-FF67-4443-A7C5-CA01F0FA1C12}.Ad-Hoc|x86.Deploy.0 = Release|x86
		{984A2626-FF67-4443-A7C5-CA01F0FA1C12}.AppStore|Any CPU.ActiveCfg = Release|x86
		{984A2626-FF67-4443-A7C5-CA01F0FA1C12}.AppStore|Any CPU.Build.0 = Release|x86
		{984A2626-FF67-4443-A7C5-CA01F0FA1C12}.AppStore|Any CPU.Deploy.0 = Release|x86
		{984A2626-FF67-4443-A7C5-CA01F0FA1C12}.AppStore|ARM.ActiveCfg = Release|ARM
		{984A2626-FF67-4443-A7C5-CA01F0FA1C12}.AppStore|ARM.Build.0 = Release|ARM
		{984A2626-FF67-4443-A7C5-CA01F0FA1C12}.AppStore|ARM.Deploy.0 = Release|ARM
		{984A2626-FF67-4443-A7C5-CA01F0FA1C12}.AppStore|iPhone.ActiveCfg = Release|x86
		{984A2626-FF67-4443-A7C5-CA01F0FA1C12}.AppStore|iPhone.Build.0 = Release|x86
		{984A2626-FF67-4443-A7C5-CA01F0FA1C12}.AppStore|iPhone.Deploy.0 = Release|x86
		{984A2626-FF67-4443-A7C5-CA01F0FA1C12}.AppStore|iPhoneSimulator.ActiveCfg = Release|x86
		{984A2626-FF67-4443-A7C5-CA01F0FA1C12}.AppStore|iPhoneSimulator.Build.0 = Release|x86
		{984A2626-FF67-4443-A7C5-CA01F0FA1C12}.AppStore|iPhoneSimulator.Deploy.0 = Release|x86
		{984A2626-FF67-4443-A7C5-CA01F0FA1C12}.AppStore|x64.ActiveCfg = Release|x64
		{984A2626-FF67-4443-A7C5-CA01F0FA1C12}.AppStore|x64.Build.0 = Release|x64
		{984A2626-FF67-4443-A7C5-CA01F0FA1C12}.AppStore|x64.Deploy.0 = Release|x64
		{984A2626-FF67-4443-A7C5-CA01F0FA1C12}.AppStore|x86.ActiveCfg = Release|x86
		{984A2626-FF67-4443-A7C5-CA01F0FA1C12}.AppStore|x86.Build.0 = Release|x86
		{984A2626-FF67-4443-A7C5-CA01F0FA1C12}.AppStore|x86.Deploy.0 = Release|x86
		{984A2626-FF67-4443-A7C5-CA01F0FA1C12}.Debug|Any CPU.ActiveCfg = Debug|x86
		{984A2626-FF67-4443-A7C5-CA01F0FA1C12}.Debug|ARM.ActiveCfg = Debug|ARM
		{984A2626-FF67-4443-A7C5-CA01F0FA1C12}.Debug|ARM.Build.0 = Debug|ARM
		{984A2626-FF67-4443-A7C5-CA01F0FA1C12}.Debug|ARM.Deploy.0 = Debug|ARM
		{984A2626-FF67-4443-A7C5-CA01F0FA1C12}.Debug|iPhone.ActiveCfg = Debug|x86
		{984A2626-FF67-4443-A7C5-CA01F0FA1C12}.Debug|iPhoneSimulator.ActiveCfg = Debug|x86
		{984A2626-FF67-4443-A7C5-CA01F0FA1C12}.Debug|x64.ActiveCfg = Debug|x64
		{984A2626-FF67-4443-A7C5-CA01F0FA1C12}.Debug|x64.Build.0 = Debug|x64
		{984A2626-FF67-4443-A7C5-CA01F0FA1C12}.Debug|x64.Deploy.0 = Debug|x64
		{984A2626-FF67-4443-A7C5-CA01F0FA1C12}.Debug|x86.ActiveCfg = Debug|x86
		{984A2626-FF67-4443-A7C5-CA01F0FA1C12}.Debug|x86.Build.0 = Debug|x86
		{984A2626-FF67-4443-A7C5-CA01F0FA1C12}.Debug|x86.Deploy.0 = Debug|x86
		{984A2626-FF67-4443-A7C5-CA01F0FA1C12}.Release|Any CPU.ActiveCfg = Release|x86
		{984A2626-FF67-4443-A7C5-CA01F0FA1C12}.Release|ARM.ActiveCfg = Release|ARM
		{984A2626-FF67-4443-A7C5-CA01F0FA1C12}.Release|ARM.Build.0 = Release|ARM
		{984A2626-FF67-4443-A7C5-CA01F0FA1C12}.Release|ARM.Deploy.0 = Release|ARM
		{984A2626-FF67-4443-A7C5-CA01F0FA1C12}.Release|iPhone.ActiveCfg = Release|x86
		{984A2626-FF67-4443-A7C5-CA01F0FA1C12}.Release|iPhoneSimulator.ActiveCfg = Release|x86
		{984A2626-FF67-4443-A7C5-CA01F0FA1C12}.Release|x64.ActiveCfg = Release|x64
		{984A2626-FF67-4443-A7C5-CA01F0FA1C12}.Release|x64.Build.0 = Release|x64
		{984A2626-FF67-4443-A7C5-CA01F0FA1C12}.Release|x64.Deploy.0 = Release|x64
		{984A2626-FF67-4443-A7C5-CA01F0FA1C12}.Release|x86.ActiveCfg = Release|x86
		{984A2626-FF67-4443-A7C5-CA01F0FA1C12}.Release|x86.Build.0 = Release|x86
		{984A2626-FF67-4443-A7C5-CA01F0FA1C12}.Release|x86.Deploy.0 = Release|x86
	EndGlobalSection
	GlobalSection(SolutionProperties) = preSolution
		HideSolutionNode = FALSE
	EndGlobalSection
EndGlobal
