
Microsoft Visual Studio Solution File, Format Version 12.00
# Visual Studio 15
VisualStudioVersion = 15.0.26730.3
MinimumVisualStudioVersion = 10.0.40219.1
Project("{FAE04EC0-301F-11D3-BF4B-00C04F79EFBC}") = "AbsoluteLayout.Android", "AbsoluteLayout\AbsoluteLayout.Android\AbsoluteLayout.Android.csproj", "{47F3BD4E-0D65-4F92-AC44-047BD7B7A048}"
EndProject
Project("{FAE04EC0-301F-11D3-BF4B-00C04F79EFBC}") = "AbsoluteLayout", "AbsoluteLayout\AbsoluteLayout\AbsoluteLayout.csproj", "{D2E0DF40-A414-473B-ACF2-7E6DECEF6BF3}"
EndProject
Project("{FAE04EC0-301F-11D3-BF4B-00C04F79EFBC}") = "AbsoluteLayout.UWP", "AbsoluteLayout\AbsoluteLayout.UWP\AbsoluteLayout.UWP.csproj", "{8941B91D-CEE0-4150-9663-E1623C157C0E}"
EndProject
Project("{FAE04EC0-301F-11D3-BF4B-00C04F79EFBC}") = "AbsoluteLayout.iOS", "AbsoluteLayout\AbsoluteLayout.iOS\AbsoluteLayout.iOS.csproj", "{22BB60E0-D216-494A-B773-E3FA3CDF135A}"
EndProject
Global
	GlobalSection(SolutionConfigurationPlatforms) = preSolution
		Ad-Hoc|Any CPU = Ad-Hoc|Any CPU
		Ad-Hoc|ARM = Ad-Hoc|ARM
		Ad-Hoc|iPhone = Ad-Hoc|iPhone
		Ad-Hoc|iPhoneSimulator = Ad-Hoc|iPhoneSimulator
		Ad-Hoc|x64 = Ad-Hoc|x64
		Ad-Hoc|x86 = Ad-Hoc|x86
		AppStore|Any CPU = AppStore|Any CPU
		AppStore|ARM = AppStore|ARM
		AppStore|iPhone = AppStore|iPhone
		AppStore|iPhoneSimulator = AppStore|iPhoneSimulator
		AppStore|x64 = AppStore|x64
		AppStore|x86 = AppStore|x86
		Debug|Any CPU = Debug|Any CPU
		Debug|ARM = Debug|ARM
		Debug|iPhone = Debug|iPhone
		Debug|iPhoneSimulator = Debug|iPhoneSimulator
		Debug|x64 = Debug|x64
		Debug|x86 = Debug|x86
		Release|Any CPU = Release|Any CPU
		Release|ARM = Release|ARM
		Release|iPhone = Release|iPhone
		Release|iPhoneSimulator = Release|iPhoneSimulator
		Release|x64 = Release|x64
		Release|x86 = Release|x86
	EndGlobalSection
	GlobalSection(ProjectConfigurationPlatforms) = postSolution
		{47F3BD4E-0D65-4F92-AC44-047BD7B7A048}.Ad-Hoc|Any CPU.ActiveCfg = Release|Any CPU
		{47F3BD4E-0D65-4F92-AC44-047BD7B7A048}.Ad-Hoc|Any CPU.Build.0 = Release|Any CPU
		{47F3BD4E-0D65-4F92-AC44-047BD7B7A048}.Ad-Hoc|Any CPU.Deploy.0 = Release|Any CPU
		{47F3BD4E-0D65-4F92-AC44-047BD7B7A048}.Ad-Hoc|ARM.ActiveCfg = Release|Any CPU
		{47F3BD4E-0D65-4F92-AC44-047BD7B7A048}.Ad-Hoc|ARM.Build.0 = Release|Any CPU
		{47F3BD4E-0D65-4F92-AC44-047BD7B7A048}.Ad-Hoc|ARM.Deploy.0 = Release|Any CPU
		{47F3BD4E-0D65-4F92-AC44-047BD7B7A048}.Ad-Hoc|iPhone.ActiveCfg = Release|Any CPU
		{47F3BD4E-0D65-4F92-AC44-047BD7B7A048}.Ad-Hoc|iPhone.Build.0 = Release|Any CPU
		{47F3BD4E-0D65-4F92-AC44-047BD7B7A048}.Ad-Hoc|iPhone.Deploy.0 = Release|Any CPU
		{47F3BD4E-0D65-4F92-AC44-047BD7B7A048}.Ad-Hoc|iPhoneSimulator.ActiveCfg = Release|Any CPU
		{47F3BD4E-0D65-4F92-AC44-047BD7B7A048}.Ad-Hoc|iPhoneSimulator.Build.0 = Release|Any CPU
		{47F3BD4E-0D65-4F92-AC44-047BD7B7A048}.Ad-Hoc|iPhoneSimulator.Deploy.0 = Release|Any CPU
		{47F3BD4E-0D65-4F92-AC44-047BD7B7A048}.Ad-Hoc|x64.ActiveCfg = Release|Any CPU
		{47F3BD4E-0D65-4F92-AC44-047BD7B7A048}.Ad-Hoc|x64.Build.0 = Release|Any CPU
		{47F3BD4E-0D65-4F92-AC44-047BD7B7A048}.Ad-Hoc|x64.Deploy.0 = Release|Any CPU
		{47F3BD4E-0D65-4F92-AC44-047BD7B7A048}.Ad-Hoc|x86.ActiveCfg = Release|Any CPU
		{47F3BD4E-0D65-4F92-AC44-047BD7B7A048}.Ad-Hoc|x86.Build.0 = Release|Any CPU
		{47F3BD4E-0D65-4F92-AC44-047BD7B7A048}.Ad-Hoc|x86.Deploy.0 = Release|Any CPU
		{47F3BD4E-0D65-4F92-AC44-047BD7B7A048}.AppStore|Any CPU.ActiveCfg = Release|Any CPU
		{47F3BD4E-0D65-4F92-AC44-047BD7B7A048}.AppStore|Any CPU.Build.0 = Release|Any CPU
		{47F3BD4E-0D65-4F92-AC44-047BD7B7A048}.AppStore|Any CPU.Deploy.0 = Release|Any CPU
		{47F3BD4E-0D65-4F92-AC44-047BD7B7A048}.AppStore|ARM.ActiveCfg = Release|Any CPU
		{47F3BD4E-0D65-4F92-AC44-047BD7B7A048}.AppStore|ARM.Build.0 = Release|Any CPU
		{47F3BD4E-0D65-4F92-AC44-047BD7B7A048}.AppStore|ARM.Deploy.0 = Release|Any CPU
		{47F3BD4E-0D65-4F92-AC44-047BD7B7A048}.AppStore|iPhone.ActiveCfg = Release|Any CPU
		{47F3BD4E-0D65-4F92-AC44-047BD7B7A048}.AppStore|iPhone.Build.0 = Release|Any CPU
		{47F3BD4E-0D65-4F92-AC44-047BD7B7A048}.AppStore|iPhone.Deploy.0 = Release|Any CPU
		{47F3BD4E-0D65-4F92-AC44-047BD7B7A048}.AppStore|iPhoneSimulator.ActiveCfg = Release|Any CPU
		{47F3BD4E-0D65-4F92-AC44-047BD7B7A048}.AppStore|iPhoneSimulator.Build.0 = Release|Any CPU
		{47F3BD4E-0D65-4F92-AC44-047BD7B7A048}.AppStore|iPhoneSimulator.Deploy.0 = Release|Any CPU
		{47F3BD4E-0D65-4F92-AC44-047BD7B7A048}.AppStore|x64.ActiveCfg = Release|Any CPU
		{47F3BD4E-0D65-4F92-AC44-047BD7B7A048}.AppStore|x64.Build.0 = Release|Any CPU
		{47F3BD4E-0D65-4F92-AC44-047BD7B7A048}.AppStore|x64.Deploy.0 = Release|Any CPU
		{47F3BD4E-0D65-4F92-AC44-047BD7B7A048}.AppStore|x86.ActiveCfg = Release|Any CPU
		{47F3BD4E-0D65-4F92-AC44-047BD7B7A048}.AppStore|x86.Build.0 = Release|Any CPU
		{47F3BD4E-0D65-4F92-AC44-047BD7B7A048}.AppStore|x86.Deploy.0 = Release|Any CPU
		{47F3BD4E-0D65-4F92-AC44-047BD7B7A048}.Debug|Any CPU.ActiveCfg = Debug|Any CPU
		{47F3BD4E-0D65-4F92-AC44-047BD7B7A048}.Debug|Any CPU.Build.0 = Debug|Any CPU
		{47F3BD4E-0D65-4F92-AC44-047BD7B7A048}.Debug|Any CPU.Deploy.0 = Debug|Any CPU
		{47F3BD4E-0D65-4F92-AC44-047BD7B7A048}.Debug|ARM.ActiveCfg = Debug|Any CPU
		{47F3BD4E-0D65-4F92-AC44-047BD7B7A048}.Debug|ARM.Build.0 = Debug|Any CPU
		{47F3BD4E-0D65-4F92-AC44-047BD7B7A048}.Debug|ARM.Deploy.0 = Debug|Any CPU
		{47F3BD4E-0D65-4F92-AC44-047BD7B7A048}.Debug|iPhone.ActiveCfg = Debug|Any CPU
		{47F3BD4E-0D65-4F92-AC44-047BD7B7A048}.Debug|iPhone.Build.0 = Debug|Any CPU
		{47F3BD4E-0D65-4F92-AC44-047BD7B7A048}.Debug|iPhone.Deploy.0 = Debug|Any CPU
		{47F3BD4E-0D65-4F92-AC44-047BD7B7A048}.Debug|iPhoneSimulator.ActiveCfg = Debug|Any CPU
		{47F3BD4E-0D65-4F92-AC44-047BD7B7A048}.Debug|iPhoneSimulator.Build.0 = Debug|Any CPU
		{47F3BD4E-0D65-4F92-AC44-047BD7B7A048}.Debug|iPhoneSimulator.Deploy.0 = Debug|Any CPU
		{47F3BD4E-0D65-4F92-AC44-047BD7B7A048}.Debug|x64.ActiveCfg = Debug|Any CPU
		{47F3BD4E-0D65-4F92-AC44-047BD7B7A048}.Debug|x64.Build.0 = Debug|Any CPU
		{47F3BD4E-0D65-4F92-AC44-047BD7B7A048}.Debug|x64.Deploy.0 = Debug|Any CPU
		{47F3BD4E-0D65-4F92-AC44-047BD7B7A048}.Debug|x86.ActiveCfg = Debug|Any CPU
		{47F3BD4E-0D65-4F92-AC44-047BD7B7A048}.Debug|x86.Build.0 = Debug|Any CPU
		{47F3BD4E-0D65-4F92-AC44-047BD7B7A048}.Debug|x86.Deploy.0 = Debug|Any CPU
		{47F3BD4E-0D65-4F92-AC44-047BD7B7A048}.Release|Any CPU.ActiveCfg = Release|Any CPU
		{47F3BD4E-0D65-4F92-AC44-047BD7B7A048}.Release|Any CPU.Build.0 = Release|Any CPU
		{47F3BD4E-0D65-4F92-AC44-047BD7B7A048}.Release|Any CPU.Deploy.0 = Release|Any CPU
		{47F3BD4E-0D65-4F92-AC44-047BD7B7A048}.Release|ARM.ActiveCfg = Release|Any CPU
		{47F3BD4E-0D65-4F92-AC44-047BD7B7A048}.Release|ARM.Build.0 = Release|Any CPU
		{47F3BD4E-0D65-4F92-AC44-047BD7B7A048}.Release|ARM.Deploy.0 = Release|Any CPU
		{47F3BD4E-0D65-4F92-AC44-047BD7B7A048}.Release|iPhone.ActiveCfg = Release|Any CPU
		{47F3BD4E-0D65-4F92-AC44-047BD7B7A048}.Release|iPhone.Build.0 = Release|Any CPU
		{47F3BD4E-0D65-4F92-AC44-047BD7B7A048}.Release|iPhone.Deploy.0 = Release|Any CPU
		{47F3BD4E-0D65-4F92-AC44-047BD7B7A048}.Release|iPhoneSimulator.ActiveCfg = Release|Any CPU
		{47F3BD4E-0D65-4F92-AC44-047BD7B7A048}.Release|iPhoneSimulator.Build.0 = Release|Any CPU
		{47F3BD4E-0D65-4F92-AC44-047BD7B7A048}.Release|iPhoneSimulator.Deploy.0 = Release|Any CPU
		{47F3BD4E-0D65-4F92-AC44-047BD7B7A048}.Release|x64.ActiveCfg = Release|Any CPU
		{47F3BD4E-0D65-4F92-AC44-047BD7B7A048}.Release|x64.Build.0 = Release|Any CPU
		{47F3BD4E-0D65-4F92-AC44-047BD7B7A048}.Release|x64.Deploy.0 = Release|Any CPU
		{47F3BD4E-0D65-4F92-AC44-047BD7B7A048}.Release|x86.ActiveCfg = Release|Any CPU
		{47F3BD4E-0D65-4F92-AC44-047BD7B7A048}.Release|x86.Build.0 = Release|Any CPU
		{47F3BD4E-0D65-4F92-AC44-047BD7B7A048}.Release|x86.Deploy.0 = Release|Any CPU
		{D2E0DF40-A414-473B-ACF2-7E6DECEF6BF3}.Ad-Hoc|Any CPU.ActiveCfg = Release|Any CPU
		{D2E0DF40-A414-473B-ACF2-7E6DECEF6BF3}.Ad-Hoc|Any CPU.Build.0 = Release|Any CPU
		{D2E0DF40-A414-473B-ACF2-7E6DECEF6BF3}.Ad-Hoc|ARM.ActiveCfg = Release|Any CPU
		{D2E0DF40-A414-473B-ACF2-7E6DECEF6BF3}.Ad-Hoc|ARM.Build.0 = Release|Any CPU
		{D2E0DF40-A414-473B-ACF2-7E6DECEF6BF3}.Ad-Hoc|iPhone.ActiveCfg = Release|Any CPU
		{D2E0DF40-A414-473B-ACF2-7E6DECEF6BF3}.Ad-Hoc|iPhone.Build.0 = Release|Any CPU
		{D2E0DF40-A414-473B-ACF2-7E6DECEF6BF3}.Ad-Hoc|iPhoneSimulator.ActiveCfg = Release|Any CPU
		{D2E0DF40-A414-473B-ACF2-7E6DECEF6BF3}.Ad-Hoc|iPhoneSimulator.Build.0 = Release|Any CPU
		{D2E0DF40-A414-473B-ACF2-7E6DECEF6BF3}.Ad-Hoc|x64.ActiveCfg = Release|Any CPU
		{D2E0DF40-A414-473B-ACF2-7E6DECEF6BF3}.Ad-Hoc|x64.Build.0 = Release|Any CPU
		{D2E0DF40-A414-473B-ACF2-7E6DECEF6BF3}.Ad-Hoc|x86.ActiveCfg = Release|Any CPU
		{D2E0DF40-A414-473B-ACF2-7E6DECEF6BF3}.Ad-Hoc|x86.Build.0 = Release|Any CPU
		{D2E0DF40-A414-473B-ACF2-7E6DECEF6BF3}.AppStore|Any CPU.ActiveCfg = Release|Any CPU
		{D2E0DF40-A414-473B-ACF2-7E6DECEF6BF3}.AppStore|Any CPU.Build.0 = Release|Any CPU
		{D2E0DF40-A414-473B-ACF2-7E6DECEF6BF3}.AppStore|ARM.ActiveCfg = Release|Any CPU
		{D2E0DF40-A414-473B-ACF2-7E6DECEF6BF3}.AppStore|ARM.Build.0 = Release|Any CPU
		{D2E0DF40-A414-473B-ACF2-7E6DECEF6BF3}.AppStore|iPhone.ActiveCfg = Release|Any CPU
		{D2E0DF40-A414-473B-ACF2-7E6DECEF6BF3}.AppStore|iPhone.Build.0 = Release|Any CPU
		{D2E0DF40-A414-473B-ACF2-7E6DECEF6BF3}.AppStore|iPhoneSimulator.ActiveCfg = Release|Any CPU
		{D2E0DF40-A414-473B-ACF2-7E6DECEF6BF3}.AppStore|iPhoneSimulator.Build.0 = Release|Any CPU
		{D2E0DF40-A414-473B-ACF2-7E6DECEF6BF3}.AppStore|x64.ActiveCfg = Release|Any CPU
		{D2E0DF40-A414-473B-ACF2-7E6DECEF6BF3}.AppStore|x64.Build.0 = Release|Any CPU
		{D2E0DF40-A414-473B-ACF2-7E6DECEF6BF3}.AppStore|x86.ActiveCfg = Release|Any CPU
		{D2E0DF40-A414-473B-ACF2-7E6DECEF6BF3}.AppStore|x86.Build.0 = Release|Any CPU
		{D2E0DF40-A414-473B-ACF2-7E6DECEF6BF3}.Debug|Any CPU.ActiveCfg = Debug|Any CPU
		{D2E0DF40-A414-473B-ACF2-7E6DECEF6BF3}.Debug|Any CPU.Build.0 = Debug|Any CPU
		{D2E0DF40-A414-473B-ACF2-7E6DECEF6BF3}.Debug|ARM.ActiveCfg = Debug|Any CPU
		{D2E0DF40-A414-473B-ACF2-7E6DECEF6BF3}.Debug|ARM.Build.0 = Debug|Any CPU
		{D2E0DF40-A414-473B-ACF2-7E6DECEF6BF3}.Debug|iPhone.ActiveCfg = Debug|Any CPU
		{D2E0DF40-A414-473B-ACF2-7E6DECEF6BF3}.Debug|iPhone.Build.0 = Debug|Any CPU
		{D2E0DF40-A414-473B-ACF2-7E6DECEF6BF3}.Debug|iPhoneSimulator.ActiveCfg = Debug|Any CPU
		{D2E0DF40-A414-473B-ACF2-7E6DECEF6BF3}.Debug|iPhoneSimulator.Build.0 = Debug|Any CPU
		{D2E0DF40-A414-473B-ACF2-7E6DECEF6BF3}.Debug|x64.ActiveCfg = Debug|Any CPU
		{D2E0DF40-A414-473B-ACF2-7E6DECEF6BF3}.Debug|x64.Build.0 = Debug|Any CPU
		{D2E0DF40-A414-473B-ACF2-7E6DECEF6BF3}.Debug|x86.ActiveCfg = Debug|Any CPU
		{D2E0DF40-A414-473B-ACF2-7E6DECEF6BF3}.Debug|x86.Build.0 = Debug|Any CPU
		{D2E0DF40-A414-473B-ACF2-7E6DECEF6BF3}.Release|Any CPU.ActiveCfg = Release|Any CPU
		{D2E0DF40-A414-473B-ACF2-7E6DECEF6BF3}.Release|Any CPU.Build.0 = Release|Any CPU
		{D2E0DF40-A414-473B-ACF2-7E6DECEF6BF3}.Release|ARM.ActiveCfg = Release|Any CPU
		{D2E0DF40-A414-473B-ACF2-7E6DECEF6BF3}.Release|ARM.Build.0 = Release|Any CPU
		{D2E0DF40-A414-473B-ACF2-7E6DECEF6BF3}.Release|iPhone.ActiveCfg = Release|Any CPU
		{D2E0DF40-A414-473B-ACF2-7E6DECEF6BF3}.Release|iPhone.Build.0 = Release|Any CPU
		{D2E0DF40-A414-473B-ACF2-7E6DECEF6BF3}.Release|iPhoneSimulator.ActiveCfg = Release|Any CPU
		{D2E0DF40-A414-473B-ACF2-7E6DECEF6BF3}.Release|iPhoneSimulator.Build.0 = Release|Any CPU
		{D2E0DF40-A414-473B-ACF2-7E6DECEF6BF3}.Release|x64.ActiveCfg = Release|Any CPU
		{D2E0DF40-A414-473B-ACF2-7E6DECEF6BF3}.Release|x64.Build.0 = Release|Any CPU
		{D2E0DF40-A414-473B-ACF2-7E6DECEF6BF3}.Release|x86.ActiveCfg = Release|Any CPU
		{D2E0DF40-A414-473B-ACF2-7E6DECEF6BF3}.Release|x86.Build.0 = Release|Any CPU
		{8941B91D-CEE0-4150-9663-E1623C157C0E}.Ad-Hoc|Any CPU.ActiveCfg = Release|x86
		{8941B91D-CEE0-4150-9663-E1623C157C0E}.Ad-Hoc|Any CPU.Build.0 = Release|x86
		{8941B91D-CEE0-4150-9663-E1623C157C0E}.Ad-Hoc|Any CPU.Deploy.0 = Release|x86
		{8941B91D-CEE0-4150-9663-E1623C157C0E}.Ad-Hoc|ARM.ActiveCfg = Release|ARM
		{8941B91D-CEE0-4150-9663-E1623C157C0E}.Ad-Hoc|ARM.Build.0 = Release|ARM
		{8941B91D-CEE0-4150-9663-E1623C157C0E}.Ad-Hoc|ARM.Deploy.0 = Release|ARM
		{8941B91D-CEE0-4150-9663-E1623C157C0E}.Ad-Hoc|iPhone.ActiveCfg = Release|x86
		{8941B91D-CEE0-4150-9663-E1623C157C0E}.Ad-Hoc|iPhone.Build.0 = Release|x86
		{8941B91D-CEE0-4150-9663-E1623C157C0E}.Ad-Hoc|iPhone.Deploy.0 = Release|x86
		{8941B91D-CEE0-4150-9663-E1623C157C0E}.Ad-Hoc|iPhoneSimulator.ActiveCfg = Release|x86
		{8941B91D-CEE0-4150-9663-E1623C157C0E}.Ad-Hoc|iPhoneSimulator.Build.0 = Release|x86
		{8941B91D-CEE0-4150-9663-E1623C157C0E}.Ad-Hoc|iPhoneSimulator.Deploy.0 = Release|x86
		{8941B91D-CEE0-4150-9663-E1623C157C0E}.Ad-Hoc|x64.ActiveCfg = Release|x64
		{8941B91D-CEE0-4150-9663-E1623C157C0E}.Ad-Hoc|x64.Build.0 = Release|x64
		{8941B91D-CEE0-4150-9663-E1623C157C0E}.Ad-Hoc|x64.Deploy.0 = Release|x64
		{8941B91D-CEE0-4150-9663-E1623C157C0E}.Ad-Hoc|x86.ActiveCfg = Release|x86
		{8941B91D-CEE0-4150-9663-E1623C157C0E}.Ad-Hoc|x86.Build.0 = Release|x86
		{8941B91D-CEE0-4150-9663-E1623C157C0E}.Ad-Hoc|x86.Deploy.0 = Release|x86
		{8941B91D-CEE0-4150-9663-E1623C157C0E}.AppStore|Any CPU.ActiveCfg = Release|x86
		{8941B91D-CEE0-4150-9663-E1623C157C0E}.AppStore|Any CPU.Build.0 = Release|x86
		{8941B91D-CEE0-4150-9663-E1623C157C0E}.AppStore|Any CPU.Deploy.0 = Release|x86
		{8941B91D-CEE0-4150-9663-E1623C157C0E}.AppStore|ARM.ActiveCfg = Release|ARM
		{8941B91D-CEE0-4150-9663-E1623C157C0E}.AppStore|ARM.Build.0 = Release|ARM
		{8941B91D-CEE0-4150-9663-E1623C157C0E}.AppStore|ARM.Deploy.0 = Release|ARM
		{8941B91D-CEE0-4150-9663-E1623C157C0E}.AppStore|iPhone.ActiveCfg = Release|x86
		{8941B91D-CEE0-4150-9663-E1623C157C0E}.AppStore|iPhone.Build.0 = Release|x86
		{8941B91D-CEE0-4150-9663-E1623C157C0E}.AppStore|iPhone.Deploy.0 = Release|x86
		{8941B91D-CEE0-4150-9663-E1623C157C0E}.AppStore|iPhoneSimulator.ActiveCfg = Release|x86
		{8941B91D-CEE0-4150-9663-E1623C157C0E}.AppStore|iPhoneSimulator.Build.0 = Release|x86
		{8941B91D-CEE0-4150-9663-E1623C157C0E}.AppStore|iPhoneSimulator.Deploy.0 = Release|x86
		{8941B91D-CEE0-4150-9663-E1623C157C0E}.AppStore|x64.ActiveCfg = Release|x64
		{8941B91D-CEE0-4150-9663-E1623C157C0E}.AppStore|x64.Build.0 = Release|x64
		{8941B91D-CEE0-4150-9663-E1623C157C0E}.AppStore|x64.Deploy.0 = Release|x64
		{8941B91D-CEE0-4150-9663-E1623C157C0E}.AppStore|x86.ActiveCfg = Release|x86
		{8941B91D-CEE0-4150-9663-E1623C157C0E}.AppStore|x86.Build.0 = Release|x86
		{8941B91D-CEE0-4150-9663-E1623C157C0E}.AppStore|x86.Deploy.0 = Release|x86
		{8941B91D-CEE0-4150-9663-E1623C157C0E}.Debug|Any CPU.ActiveCfg = Debug|x86
		{8941B91D-CEE0-4150-9663-E1623C157C0E}.Debug|ARM.ActiveCfg = Debug|ARM
		{8941B91D-CEE0-4150-9663-E1623C157C0E}.Debug|ARM.Build.0 = Debug|ARM
		{8941B91D-CEE0-4150-9663-E1623C157C0E}.Debug|ARM.Deploy.0 = Debug|ARM
		{8941B91D-CEE0-4150-9663-E1623C157C0E}.Debug|iPhone.ActiveCfg = Debug|x86
		{8941B91D-CEE0-4150-9663-E1623C157C0E}.Debug|iPhoneSimulator.ActiveCfg = Debug|x86
		{8941B91D-CEE0-4150-9663-E1623C157C0E}.Debug|x64.ActiveCfg = Debug|x64
		{8941B91D-CEE0-4150-9663-E1623C157C0E}.Debug|x64.Build.0 = Debug|x64
		{8941B91D-CEE0-4150-9663-E1623C157C0E}.Debug|x64.Deploy.0 = Debug|x64
		{8941B91D-CEE0-4150-9663-E1623C157C0E}.Debug|x86.ActiveCfg = Debug|x86
		{8941B91D-CEE0-4150-9663-E1623C157C0E}.Debug|x86.Build.0 = Debug|x86
		{8941B91D-CEE0-4150-9663-E1623C157C0E}.Debug|x86.Deploy.0 = Debug|x86
		{8941B91D-CEE0-4150-9663-E1623C157C0E}.Release|Any CPU.ActiveCfg = Release|x86
		{8941B91D-CEE0-4150-9663-E1623C157C0E}.Release|ARM.ActiveCfg = Release|ARM
		{8941B91D-CEE0-4150-9663-E1623C157C0E}.Release|ARM.Build.0 = Release|ARM
		{8941B91D-CEE0-4150-9663-E1623C157C0E}.Release|ARM.Deploy.0 = Release|ARM
		{8941B91D-CEE0-4150-9663-E1623C157C0E}.Release|iPhone.ActiveCfg = Release|x86
		{8941B91D-CEE0-4150-9663-E1623C157C0E}.Release|iPhoneSimulator.ActiveCfg = Release|x86
		{8941B91D-CEE0-4150-9663-E1623C157C0E}.Release|x64.ActiveCfg = Release|x64
		{8941B91D-CEE0-4150-9663-E1623C157C0E}.Release|x64.Build.0 = Release|x64
		{8941B91D-CEE0-4150-9663-E1623C157C0E}.Release|x64.Deploy.0 = Release|x64
		{8941B91D-CEE0-4150-9663-E1623C157C0E}.Release|x86.ActiveCfg = Release|x86
		{8941B91D-CEE0-4150-9663-E1623C157C0E}.Release|x86.Build.0 = Release|x86
		{8941B91D-CEE0-4150-9663-E1623C157C0E}.Release|x86.Deploy.0 = Release|x86
		{22BB60E0-D216-494A-B773-E3FA3CDF135A}.Ad-Hoc|Any CPU.ActiveCfg = Ad-Hoc|iPhone
		{22BB60E0-D216-494A-B773-E3FA3CDF135A}.Ad-Hoc|ARM.ActiveCfg = Ad-Hoc|iPhone
		{22BB60E0-D216-494A-B773-E3FA3CDF135A}.Ad-Hoc|iPhone.ActiveCfg = Ad-Hoc|iPhone
		{22BB60E0-D216-494A-B773-E3FA3CDF135A}.Ad-Hoc|iPhone.Build.0 = Ad-Hoc|iPhone
		{22BB60E0-D216-494A-B773-E3FA3CDF135A}.Ad-Hoc|iPhoneSimulator.ActiveCfg = Ad-Hoc|iPhoneSimulator
		{22BB60E0-D216-494A-B773-E3FA3CDF135A}.Ad-Hoc|iPhoneSimulator.Build.0 = Ad-Hoc|iPhoneSimulator
		{22BB60E0-D216-494A-B773-E3FA3CDF135A}.Ad-Hoc|x64.ActiveCfg = Ad-Hoc|iPhone
		{22BB60E0-D216-494A-B773-E3FA3CDF135A}.Ad-Hoc|x86.ActiveCfg = Ad-Hoc|iPhone
		{22BB60E0-D216-494A-B773-E3FA3CDF135A}.AppStore|Any CPU.ActiveCfg = AppStore|iPhone
		{22BB60E0-D216-494A-B773-E3FA3CDF135A}.AppStore|ARM.ActiveCfg = AppStore|iPhone
		{22BB60E0-D216-494A-B773-E3FA3CDF135A}.AppStore|iPhone.ActiveCfg = AppStore|iPhone
		{22BB60E0-D216-494A-B773-E3FA3CDF135A}.AppStore|iPhone.Build.0 = AppStore|iPhone
		{22BB60E0-D216-494A-B773-E3FA3CDF135A}.AppStore|iPhoneSimulator.ActiveCfg = AppStore|iPhoneSimulator
		{22BB60E0-D216-494A-B773-E3FA3CDF135A}.AppStore|iPhoneSimulator.Build.0 = AppStore|iPhoneSimulator
		{22BB60E0-D216-494A-B773-E3FA3CDF135A}.AppStore|x64.ActiveCfg = AppStore|iPhone
		{22BB60E0-D216-494A-B773-E3FA3CDF135A}.AppStore|x86.ActiveCfg = AppStore|iPhone
		{22BB60E0-D216-494A-B773-E3FA3CDF135A}.Debug|Any CPU.ActiveCfg = Debug|iPhone
		{22BB60E0-D216-494A-B773-E3FA3CDF135A}.Debug|ARM.ActiveCfg = Debug|iPhone
		{22BB60E0-D216-494A-B773-E3FA3CDF135A}.Debug|iPhone.ActiveCfg = Debug|iPhone
		{22BB60E0-D216-494A-B773-E3FA3CDF135A}.Debug|iPhone.Build.0 = Debug|iPhone
		{22BB60E0-D216-494A-B773-E3FA3CDF135A}.Debug|iPhoneSimulator.ActiveCfg = Debug|iPhoneSimulator
		{22BB60E0-D216-494A-B773-E3FA3CDF135A}.Debug|iPhoneSimulator.Build.0 = Debug|iPhoneSimulator
		{22BB60E0-D216-494A-B773-E3FA3CDF135A}.Debug|x64.ActiveCfg = Debug|iPhone
		{22BB60E0-D216-494A-B773-E3FA3CDF135A}.Debug|x86.ActiveCfg = Debug|iPhone
		{22BB60E0-D216-494A-B773-E3FA3CDF135A}.Release|Any CPU.ActiveCfg = Release|iPhone
		{22BB60E0-D216-494A-B773-E3FA3CDF135A}.Release|ARM.ActiveCfg = Release|iPhone
		{22BB60E0-D216-494A-B773-E3FA3CDF135A}.Release|iPhone.ActiveCfg = Release|iPhone
		{22BB60E0-D216-494A-B773-E3FA3CDF135A}.Release|iPhone.Build.0 = Release|iPhone
		{22BB60E0-D216-494A-B773-E3FA3CDF135A}.Release|iPhoneSimulator.ActiveCfg = Release|iPhoneSimulator
		{22BB60E0-D216-494A-B773-E3FA3CDF135A}.Release|iPhoneSimulator.Build.0 = Release|iPhoneSimulator
		{22BB60E0-D216-494A-B773-E3FA3CDF135A}.Release|x64.ActiveCfg = Release|iPhone
		{22BB60E0-D216-494A-B773-E3FA3CDF135A}.Release|x86.ActiveCfg = Release|iPhone
	EndGlobalSection
	GlobalSection(SolutionProperties) = preSolution
		HideSolutionNode = FALSE
	EndGlobalSection
	GlobalSection(ExtensibilityGlobals) = postSolution
		SolutionGuid = {BCE73737-C82C-4E11-8EC4-70E57B198C9F}
	EndGlobalSection
EndGlobal
