
Microsoft Visual Studio Solution File, Format Version 12.00
# Visual Studio 15
VisualStudioVersion = 15.0.26730.3
MinimumVisualStudioVersion = 10.0.40219.1
Project("{FAE04EC0-301F-11D3-BF4B-00C04F79EFBC}") = "ProjetoStackLayout.Android", "ProjetoStackLayout\ProjetoStackLayout.Android\ProjetoStackLayout.Android.csproj", "{1C430947-1B0B-4D92-942F-0CAAACB0B419}"
EndProject
Project("{FAE04EC0-301F-11D3-BF4B-00C04F79EFBC}") = "ProjetoStackLayout", "ProjetoStackLayout\ProjetoStackLayout\ProjetoStackLayout.csproj", "{3AD49636-67C2-4EBA-B207-0955063B7F8B}"
EndProject
Project("{FAE04EC0-301F-11D3-BF4B-00C04F79EFBC}") = "ProjetoStackLayout.UWP", "ProjetoStackLayout\ProjetoStackLayout.UWP\ProjetoStackLayout.UWP.csproj", "{C670DAF3-6D9A-4D6D-8968-07F560DEAF30}"
EndProject
Project("{FAE04EC0-301F-11D3-BF4B-00C04F79EFBC}") = "ProjetoStackLayout.iOS", "ProjetoStackLayout\ProjetoStackLayout.iOS\ProjetoStackLayout.iOS.csproj", "{FCDE228A-5F9E-447D-9A7B-58C31128CD66}"
EndProject
Global
	GlobalSection(SolutionConfigurationPlatforms) = preSolution
		Ad-Hoc|Any CPU = Ad-Hoc|Any CPU
		Ad-Hoc|ARM = Ad-Hoc|ARM
		Ad-Hoc|iPhone = Ad-Hoc|iPhone
		Ad-Hoc|iPhoneSimulator = Ad-Hoc|iPhoneSimulator
		Ad-Hoc|x64 = Ad-Hoc|x64
		Ad-Hoc|x86 = Ad-Hoc|x86
		AppStore|Any CPU = AppStore|Any CPU
		AppStore|ARM = AppStore|ARM
		AppStore|iPhone = AppStore|iPhone
		AppStore|iPhoneSimulator = AppStore|iPhoneSimulator
		AppStore|x64 = AppStore|x64
		AppStore|x86 = AppStore|x86
		Debug|Any CPU = Debug|Any CPU
		Debug|ARM = Debug|ARM
		Debug|iPhone = Debug|iPhone
		Debug|iPhoneSimulator = Debug|iPhoneSimulator
		Debug|x64 = Debug|x64
		Debug|x86 = Debug|x86
		Release|Any CPU = Release|Any CPU
		Release|ARM = Release|ARM
		Release|iPhone = Release|iPhone
		Release|iPhoneSimulator = Release|iPhoneSimulator
		Release|x64 = Release|x64
		Release|x86 = Release|x86
	EndGlobalSection
	GlobalSection(ProjectConfigurationPlatforms) = postSolution
		{1C430947-1B0B-4D92-942F-0CAAACB0B419}.Ad-Hoc|Any CPU.ActiveCfg = Release|Any CPU
		{1C430947-1B0B-4D92-942F-0CAAACB0B419}.Ad-Hoc|Any CPU.Build.0 = Release|Any CPU
		{1C430947-1B0B-4D92-942F-0CAAACB0B419}.Ad-Hoc|Any CPU.Deploy.0 = Release|Any CPU
		{1C430947-1B0B-4D92-942F-0CAAACB0B419}.Ad-Hoc|ARM.ActiveCfg = Release|Any CPU
		{1C430947-1B0B-4D92-942F-0CAAACB0B419}.Ad-Hoc|ARM.Build.0 = Release|Any CPU
		{1C430947-1B0B-4D92-942F-0CAAACB0B419}.Ad-Hoc|ARM.Deploy.0 = Release|Any CPU
		{1C430947-1B0B-4D92-942F-0CAAACB0B419}.Ad-Hoc|iPhone.ActiveCfg = Release|Any CPU
		{1C430947-1B0B-4D92-942F-0CAAACB0B419}.Ad-Hoc|iPhone.Build.0 = Release|Any CPU
		{1C430947-1B0B-4D92-942F-0CAAACB0B419}.Ad-Hoc|iPhone.Deploy.0 = Release|Any CPU
		{1C430947-1B0B-4D92-942F-0CAAACB0B419}.Ad-Hoc|iPhoneSimulator.ActiveCfg = Release|Any CPU
		{1C430947-1B0B-4D92-942F-0CAAACB0B419}.Ad-Hoc|iPhoneSimulator.Build.0 = Release|Any CPU
		{1C430947-1B0B-4D92-942F-0CAAACB0B419}.Ad-Hoc|iPhoneSimulator.Deploy.0 = Release|Any CPU
		{1C430947-1B0B-4D92-942F-0CAAACB0B419}.Ad-Hoc|x64.ActiveCfg = Release|Any CPU
		{1C430947-1B0B-4D92-942F-0CAAACB0B419}.Ad-Hoc|x64.Build.0 = Release|Any CPU
		{1C430947-1B0B-4D92-942F-0CAAACB0B419}.Ad-Hoc|x64.Deploy.0 = Release|Any CPU
		{1C430947-1B0B-4D92-942F-0CAAACB0B419}.Ad-Hoc|x86.ActiveCfg = Release|Any CPU
		{1C430947-1B0B-4D92-942F-0CAAACB0B419}.Ad-Hoc|x86.Build.0 = Release|Any CPU
		{1C430947-1B0B-4D92-942F-0CAAACB0B419}.Ad-Hoc|x86.Deploy.0 = Release|Any CPU
		{1C430947-1B0B-4D92-942F-0CAAACB0B419}.AppStore|Any CPU.ActiveCfg = Release|Any CPU
		{1C430947-1B0B-4D92-942F-0CAAACB0B419}.AppStore|Any CPU.Build.0 = Release|Any CPU
		{1C430947-1B0B-4D92-942F-0CAAACB0B419}.AppStore|Any CPU.Deploy.0 = Release|Any CPU
		{1C430947-1B0B-4D92-942F-0CAAACB0B419}.AppStore|ARM.ActiveCfg = Release|Any CPU
		{1C430947-1B0B-4D92-942F-0CAAACB0B419}.AppStore|ARM.Build.0 = Release|Any CPU
		{1C430947-1B0B-4D92-942F-0CAAACB0B419}.AppStore|ARM.Deploy.0 = Release|Any CPU
		{1C430947-1B0B-4D92-942F-0CAAACB0B419}.AppStore|iPhone.ActiveCfg = Release|Any CPU
		{1C430947-1B0B-4D92-942F-0CAAACB0B419}.AppStore|iPhone.Build.0 = Release|Any CPU
		{1C430947-1B0B-4D92-942F-0CAAACB0B419}.AppStore|iPhone.Deploy.0 = Release|Any CPU
		{1C430947-1B0B-4D92-942F-0CAAACB0B419}.AppStore|iPhoneSimulator.ActiveCfg = Release|Any CPU
		{1C430947-1B0B-4D92-942F-0CAAACB0B419}.AppStore|iPhoneSimulator.Build.0 = Release|Any CPU
		{1C430947-1B0B-4D92-942F-0CAAACB0B419}.AppStore|iPhoneSimulator.Deploy.0 = Release|Any CPU
		{1C430947-1B0B-4D92-942F-0CAAACB0B419}.AppStore|x64.ActiveCfg = Release|Any CPU
		{1C430947-1B0B-4D92-942F-0CAAACB0B419}.AppStore|x64.Build.0 = Release|Any CPU
		{1C430947-1B0B-4D92-942F-0CAAACB0B419}.AppStore|x64.Deploy.0 = Release|Any CPU
		{1C430947-1B0B-4D92-942F-0CAAACB0B419}.AppStore|x86.ActiveCfg = Release|Any CPU
		{1C430947-1B0B-4D92-942F-0CAAACB0B419}.AppStore|x86.Build.0 = Release|Any CPU
		{1C430947-1B0B-4D92-942F-0CAAACB0B419}.AppStore|x86.Deploy.0 = Release|Any CPU
		{1C430947-1B0B-4D92-942F-0CAAACB0B419}.Debug|Any CPU.ActiveCfg = Debug|Any CPU
		{1C430947-1B0B-4D92-942F-0CAAACB0B419}.Debug|Any CPU.Build.0 = Debug|Any CPU
		{1C430947-1B0B-4D92-942F-0CAAACB0B419}.Debug|Any CPU.Deploy.0 = Debug|Any CPU
		{1C430947-1B0B-4D92-942F-0CAAACB0B419}.Debug|ARM.ActiveCfg = Debug|Any CPU
		{1C430947-1B0B-4D92-942F-0CAAACB0B419}.Debug|ARM.Build.0 = Debug|Any CPU
		{1C430947-1B0B-4D92-942F-0CAAACB0B419}.Debug|ARM.Deploy.0 = Debug|Any CPU
		{1C430947-1B0B-4D92-942F-0CAAACB0B419}.Debug|iPhone.ActiveCfg = Debug|Any CPU
		{1C430947-1B0B-4D92-942F-0CAAACB0B419}.Debug|iPhone.Build.0 = Debug|Any CPU
		{1C430947-1B0B-4D92-942F-0CAAACB0B419}.Debug|iPhone.Deploy.0 = Debug|Any CPU
		{1C430947-1B0B-4D92-942F-0CAAACB0B419}.Debug|iPhoneSimulator.ActiveCfg = Debug|Any CPU
		{1C430947-1B0B-4D92-942F-0CAAACB0B419}.Debug|iPhoneSimulator.Build.0 = Debug|Any CPU
		{1C430947-1B0B-4D92-942F-0CAAACB0B419}.Debug|iPhoneSimulator.Deploy.0 = Debug|Any CPU
		{1C430947-1B0B-4D92-942F-0CAAACB0B419}.Debug|x64.ActiveCfg = Debug|Any CPU
		{1C430947-1B0B-4D92-942F-0CAAACB0B419}.Debug|x64.Build.0 = Debug|Any CPU
		{1C430947-1B0B-4D92-942F-0CAAACB0B419}.Debug|x64.Deploy.0 = Debug|Any CPU
		{1C430947-1B0B-4D92-942F-0CAAACB0B419}.Debug|x86.ActiveCfg = Debug|Any CPU
		{1C430947-1B0B-4D92-942F-0CAAACB0B419}.Debug|x86.Build.0 = Debug|Any CPU
		{1C430947-1B0B-4D92-942F-0CAAACB0B419}.Debug|x86.Deploy.0 = Debug|Any CPU
		{1C430947-1B0B-4D92-942F-0CAAACB0B419}.Release|Any CPU.ActiveCfg = Release|Any CPU
		{1C430947-1B0B-4D92-942F-0CAAACB0B419}.Release|Any CPU.Build.0 = Release|Any CPU
		{1C430947-1B0B-4D92-942F-0CAAACB0B419}.Release|Any CPU.Deploy.0 = Release|Any CPU
		{1C430947-1B0B-4D92-942F-0CAAACB0B419}.Release|ARM.ActiveCfg = Release|Any CPU
		{1C430947-1B0B-4D92-942F-0CAAACB0B419}.Release|ARM.Build.0 = Release|Any CPU
		{1C430947-1B0B-4D92-942F-0CAAACB0B419}.Release|ARM.Deploy.0 = Release|Any CPU
		{1C430947-1B0B-4D92-942F-0CAAACB0B419}.Release|iPhone.ActiveCfg = Release|Any CPU
		{1C430947-1B0B-4D92-942F-0CAAACB0B419}.Release|iPhone.Build.0 = Release|Any CPU
		{1C430947-1B0B-4D92-942F-0CAAACB0B419}.Release|iPhone.Deploy.0 = Release|Any CPU
		{1C430947-1B0B-4D92-942F-0CAAACB0B419}.Release|iPhoneSimulator.ActiveCfg = Release|Any CPU
		{1C430947-1B0B-4D92-942F-0CAAACB0B419}.Release|iPhoneSimulator.Build.0 = Release|Any CPU
		{1C430947-1B0B-4D92-942F-0CAAACB0B419}.Release|iPhoneSimulator.Deploy.0 = Release|Any CPU
		{1C430947-1B0B-4D92-942F-0CAAACB0B419}.Release|x64.ActiveCfg = Release|Any CPU
		{1C430947-1B0B-4D92-942F-0CAAACB0B419}.Release|x64.Build.0 = Release|Any CPU
		{1C430947-1B0B-4D92-942F-0CAAACB0B419}.Release|x64.Deploy.0 = Release|Any CPU
		{1C430947-1B0B-4D92-942F-0CAAACB0B419}.Release|x86.ActiveCfg = Release|Any CPU
		{1C430947-1B0B-4D92-942F-0CAAACB0B419}.Release|x86.Build.0 = Release|Any CPU
		{1C430947-1B0B-4D92-942F-0CAAACB0B419}.Release|x86.Deploy.0 = Release|Any CPU
		{3AD49636-67C2-4EBA-B207-0955063B7F8B}.Ad-Hoc|Any CPU.ActiveCfg = Release|Any CPU
		{3AD49636-67C2-4EBA-B207-0955063B7F8B}.Ad-Hoc|Any CPU.Build.0 = Release|Any CPU
		{3AD49636-67C2-4EBA-B207-0955063B7F8B}.Ad-Hoc|ARM.ActiveCfg = Release|Any CPU
		{3AD49636-67C2-4EBA-B207-0955063B7F8B}.Ad-Hoc|ARM.Build.0 = Release|Any CPU
		{3AD49636-67C2-4EBA-B207-0955063B7F8B}.Ad-Hoc|iPhone.ActiveCfg = Release|Any CPU
		{3AD49636-67C2-4EBA-B207-0955063B7F8B}.Ad-Hoc|iPhone.Build.0 = Release|Any CPU
		{3AD49636-67C2-4EBA-B207-0955063B7F8B}.Ad-Hoc|iPhoneSimulator.ActiveCfg = Release|Any CPU
		{3AD49636-67C2-4EBA-B207-0955063B7F8B}.Ad-Hoc|iPhoneSimulator.Build.0 = Release|Any CPU
		{3AD49636-67C2-4EBA-B207-0955063B7F8B}.Ad-Hoc|x64.ActiveCfg = Release|Any CPU
		{3AD49636-67C2-4EBA-B207-0955063B7F8B}.Ad-Hoc|x64.Build.0 = Release|Any CPU
		{3AD49636-67C2-4EBA-B207-0955063B7F8B}.Ad-Hoc|x86.ActiveCfg = Release|Any CPU
		{3AD49636-67C2-4EBA-B207-0955063B7F8B}.Ad-Hoc|x86.Build.0 = Release|Any CPU
		{3AD49636-67C2-4EBA-B207-0955063B7F8B}.AppStore|Any CPU.ActiveCfg = Release|Any CPU
		{3AD49636-67C2-4EBA-B207-0955063B7F8B}.AppStore|Any CPU.Build.0 = Release|Any CPU
		{3AD49636-67C2-4EBA-B207-0955063B7F8B}.AppStore|ARM.ActiveCfg = Release|Any CPU
		{3AD49636-67C2-4EBA-B207-0955063B7F8B}.AppStore|ARM.Build.0 = Release|Any CPU
		{3AD49636-67C2-4EBA-B207-0955063B7F8B}.AppStore|iPhone.ActiveCfg = Release|Any CPU
		{3AD49636-67C2-4EBA-B207-0955063B7F8B}.AppStore|iPhone.Build.0 = Release|Any CPU
		{3AD49636-67C2-4EBA-B207-0955063B7F8B}.AppStore|iPhoneSimulator.ActiveCfg = Release|Any CPU
		{3AD49636-67C2-4EBA-B207-0955063B7F8B}.AppStore|iPhoneSimulator.Build.0 = Release|Any CPU
		{3AD49636-67C2-4EBA-B207-0955063B7F8B}.AppStore|x64.ActiveCfg = Release|Any CPU
		{3AD49636-67C2-4EBA-B207-0955063B7F8B}.AppStore|x64.Build.0 = Release|Any CPU
		{3AD49636-67C2-4EBA-B207-0955063B7F8B}.AppStore|x86.ActiveCfg = Release|Any CPU
		{3AD49636-67C2-4EBA-B207-0955063B7F8B}.AppStore|x86.Build.0 = Release|Any CPU
		{3AD49636-67C2-4EBA-B207-0955063B7F8B}.Debug|Any CPU.ActiveCfg = Debug|Any CPU
		{3AD49636-67C2-4EBA-B207-0955063B7F8B}.Debug|Any CPU.Build.0 = Debug|Any CPU
		{3AD49636-67C2-4EBA-B207-0955063B7F8B}.Debug|ARM.ActiveCfg = Debug|Any CPU
		{3AD49636-67C2-4EBA-B207-0955063B7F8B}.Debug|ARM.Build.0 = Debug|Any CPU
		{3AD49636-67C2-4EBA-B207-0955063B7F8B}.Debug|iPhone.ActiveCfg = Debug|Any CPU
		{3AD49636-67C2-4EBA-B207-0955063B7F8B}.Debug|iPhone.Build.0 = Debug|Any CPU
		{3AD49636-67C2-4EBA-B207-0955063B7F8B}.Debug|iPhoneSimulator.ActiveCfg = Debug|Any CPU
		{3AD49636-67C2-4EBA-B207-0955063B7F8B}.Debug|iPhoneSimulator.Build.0 = Debug|Any CPU
		{3AD49636-67C2-4EBA-B207-0955063B7F8B}.Debug|x64.ActiveCfg = Debug|Any CPU
		{3AD49636-67C2-4EBA-B207-0955063B7F8B}.Debug|x64.Build.0 = Debug|Any CPU
		{3AD49636-67C2-4EBA-B207-0955063B7F8B}.Debug|x86.ActiveCfg = Debug|Any CPU
		{3AD49636-67C2-4EBA-B207-0955063B7F8B}.Debug|x86.Build.0 = Debug|Any CPU
		{3AD49636-67C2-4EBA-B207-0955063B7F8B}.Release|Any CPU.ActiveCfg = Release|Any CPU
		{3AD49636-67C2-4EBA-B207-0955063B7F8B}.Release|Any CPU.Build.0 = Release|Any CPU
		{3AD49636-67C2-4EBA-B207-0955063B7F8B}.Release|ARM.ActiveCfg = Release|Any CPU
		{3AD49636-67C2-4EBA-B207-0955063B7F8B}.Release|ARM.Build.0 = Release|Any CPU
		{3AD49636-67C2-4EBA-B207-0955063B7F8B}.Release|iPhone.ActiveCfg = Release|Any CPU
		{3AD49636-67C2-4EBA-B207-0955063B7F8B}.Release|iPhone.Build.0 = Release|Any CPU
		{3AD49636-67C2-4EBA-B207-0955063B7F8B}.Release|iPhoneSimulator.ActiveCfg = Release|Any CPU
		{3AD49636-67C2-4EBA-B207-0955063B7F8B}.Release|iPhoneSimulator.Build.0 = Release|Any CPU
		{3AD49636-67C2-4EBA-B207-0955063B7F8B}.Release|x64.ActiveCfg = Release|Any CPU
		{3AD49636-67C2-4EBA-B207-0955063B7F8B}.Release|x64.Build.0 = Release|Any CPU
		{3AD49636-67C2-4EBA-B207-0955063B7F8B}.Release|x86.ActiveCfg = Release|Any CPU
		{3AD49636-67C2-4EBA-B207-0955063B7F8B}.Release|x86.Build.0 = Release|Any CPU
		{C670DAF3-6D9A-4D6D-8968-07F560DEAF30}.Ad-Hoc|Any CPU.ActiveCfg = Release|x86
		{C670DAF3-6D9A-4D6D-8968-07F560DEAF30}.Ad-Hoc|Any CPU.Build.0 = Release|x86
		{C670DAF3-6D9A-4D6D-8968-07F560DEAF30}.Ad-Hoc|Any CPU.Deploy.0 = Release|x86
		{C670DAF3-6D9A-4D6D-8968-07F560DEAF30}.Ad-Hoc|ARM.ActiveCfg = Release|ARM
		{C670DAF3-6D9A-4D6D-8968-07F560DEAF30}.Ad-Hoc|ARM.Build.0 = Release|ARM
		{C670DAF3-6D9A-4D6D-8968-07F560DEAF30}.Ad-Hoc|ARM.Deploy.0 = Release|ARM
		{C670DAF3-6D9A-4D6D-8968-07F560DEAF30}.Ad-Hoc|iPhone.ActiveCfg = Release|x86
		{C670DAF3-6D9A-4D6D-8968-07F560DEAF30}.Ad-Hoc|iPhone.Build.0 = Release|x86
		{C670DAF3-6D9A-4D6D-8968-07F560DEAF30}.Ad-Hoc|iPhone.Deploy.0 = Release|x86
		{C670DAF3-6D9A-4D6D-8968-07F560DEAF30}.Ad-Hoc|iPhoneSimulator.ActiveCfg = Release|x86
		{C670DAF3-6D9A-4D6D-8968-07F560DEAF30}.Ad-Hoc|iPhoneSimulator.Build.0 = Release|x86
		{C670DAF3-6D9A-4D6D-8968-07F560DEAF30}.Ad-Hoc|iPhoneSimulator.Deploy.0 = Release|x86
		{C670DAF3-6D9A-4D6D-8968-07F560DEAF30}.Ad-Hoc|x64.ActiveCfg = Release|x64
		{C670DAF3-6D9A-4D6D-8968-07F560DEAF30}.Ad-Hoc|x64.Build.0 = Release|x64
		{C670DAF3-6D9A-4D6D-8968-07F560DEAF30}.Ad-Hoc|x64.Deploy.0 = Release|x64
		{C670DAF3-6D9A-4D6D-8968-07F560DEAF30}.Ad-Hoc|x86.ActiveCfg = Release|x86
		{C670DAF3-6D9A-4D6D-8968-07F560DEAF30}.Ad-Hoc|x86.Build.0 = Release|x86
		{C670DAF3-6D9A-4D6D-8968-07F560DEAF30}.Ad-Hoc|x86.Deploy.0 = Release|x86
		{C670DAF3-6D9A-4D6D-8968-07F560DEAF30}.AppStore|Any CPU.ActiveCfg = Release|x86
		{C670DAF3-6D9A-4D6D-8968-07F560DEAF30}.AppStore|Any CPU.Build.0 = Release|x86
		{C670DAF3-6D9A-4D6D-8968-07F560DEAF30}.AppStore|Any CPU.Deploy.0 = Release|x86
		{C670DAF3-6D9A-4D6D-8968-07F560DEAF30}.AppStore|ARM.ActiveCfg = Release|ARM
		{C670DAF3-6D9A-4D6D-8968-07F560DEAF30}.AppStore|ARM.Build.0 = Release|ARM
		{C670DAF3-6D9A-4D6D-8968-07F560DEAF30}.AppStore|ARM.Deploy.0 = Release|ARM
		{C670DAF3-6D9A-4D6D-8968-07F560DEAF30}.AppStore|iPhone.ActiveCfg = Release|x86
		{C670DAF3-6D9A-4D6D-8968-07F560DEAF30}.AppStore|iPhone.Build.0 = Release|x86
		{C670DAF3-6D9A-4D6D-8968-07F560DEAF30}.AppStore|iPhone.Deploy.0 = Release|x86
		{C670DAF3-6D9A-4D6D-8968-07F560DEAF30}.AppStore|iPhoneSimulator.ActiveCfg = Release|x86
		{C670DAF3-6D9A-4D6D-8968-07F560DEAF30}.AppStore|iPhoneSimulator.Build.0 = Release|x86
		{C670DAF3-6D9A-4D6D-8968-07F560DEAF30}.AppStore|iPhoneSimulator.Deploy.0 = Release|x86
		{C670DAF3-6D9A-4D6D-8968-07F560DEAF30}.AppStore|x64.ActiveCfg = Release|x64
		{C670DAF3-6D9A-4D6D-8968-07F560DEAF30}.AppStore|x64.Build.0 = Release|x64
		{C670DAF3-6D9A-4D6D-8968-07F560DEAF30}.AppStore|x64.Deploy.0 = Release|x64
		{C670DAF3-6D9A-4D6D-8968-07F560DEAF30}.AppStore|x86.ActiveCfg = Release|x86
		{C670DAF3-6D9A-4D6D-8968-07F560DEAF30}.AppStore|x86.Build.0 = Release|x86
		{C670DAF3-6D9A-4D6D-8968-07F560DEAF30}.AppStore|x86.Deploy.0 = Release|x86
		{C670DAF3-6D9A-4D6D-8968-07F560DEAF30}.Debug|Any CPU.ActiveCfg = Debug|x86
		{C670DAF3-6D9A-4D6D-8968-07F560DEAF30}.Debug|ARM.ActiveCfg = Debug|ARM
		{C670DAF3-6D9A-4D6D-8968-07F560DEAF30}.Debug|ARM.Build.0 = Debug|ARM
		{C670DAF3-6D9A-4D6D-8968-07F560DEAF30}.Debug|ARM.Deploy.0 = Debug|ARM
		{C670DAF3-6D9A-4D6D-8968-07F560DEAF30}.Debug|iPhone.ActiveCfg = Debug|x86
		{C670DAF3-6D9A-4D6D-8968-07F560DEAF30}.Debug|iPhoneSimulator.ActiveCfg = Debug|x86
		{C670DAF3-6D9A-4D6D-8968-07F560DEAF30}.Debug|x64.ActiveCfg = Debug|x64
		{C670DAF3-6D9A-4D6D-8968-07F560DEAF30}.Debug|x64.Build.0 = Debug|x64
		{C670DAF3-6D9A-4D6D-8968-07F560DEAF30}.Debug|x64.Deploy.0 = Debug|x64
		{C670DAF3-6D9A-4D6D-8968-07F560DEAF30}.Debug|x86.ActiveCfg = Debug|x86
		{C670DAF3-6D9A-4D6D-8968-07F560DEAF30}.Debug|x86.Build.0 = Debug|x86
		{C670DAF3-6D9A-4D6D-8968-07F560DEAF30}.Debug|x86.Deploy.0 = Debug|x86
		{C670DAF3-6D9A-4D6D-8968-07F560DEAF30}.Release|Any CPU.ActiveCfg = Release|x86
		{C670DAF3-6D9A-4D6D-8968-07F560DEAF30}.Release|ARM.ActiveCfg = Release|ARM
		{C670DAF3-6D9A-4D6D-8968-07F560DEAF30}.Release|ARM.Build.0 = Release|ARM
		{C670DAF3-6D9A-4D6D-8968-07F560DEAF30}.Release|ARM.Deploy.0 = Release|ARM
		{C670DAF3-6D9A-4D6D-8968-07F560DEAF30}.Release|iPhone.ActiveCfg = Release|x86
		{C670DAF3-6D9A-4D6D-8968-07F560DEAF30}.Release|iPhoneSimulator.ActiveCfg = Release|x86
		{C670DAF3-6D9A-4D6D-8968-07F560DEAF30}.Release|x64.ActiveCfg = Release|x64
		{C670DAF3-6D9A-4D6D-8968-07F560DEAF30}.Release|x64.Build.0 = Release|x64
		{C670DAF3-6D9A-4D6D-8968-07F560DEAF30}.Release|x64.Deploy.0 = Release|x64
		{C670DAF3-6D9A-4D6D-8968-07F560DEAF30}.Release|x86.ActiveCfg = Release|x86
		{C670DAF3-6D9A-4D6D-8968-07F560DEAF30}.Release|x86.Build.0 = Release|x86
		{C670DAF3-6D9A-4D6D-8968-07F560DEAF30}.Release|x86.Deploy.0 = Release|x86
		{FCDE228A-5F9E-447D-9A7B-58C31128CD66}.Ad-Hoc|Any CPU.ActiveCfg = Ad-Hoc|iPhone
		{FCDE228A-5F9E-447D-9A7B-58C31128CD66}.Ad-Hoc|ARM.ActiveCfg = Ad-Hoc|iPhone
		{FCDE228A-5F9E-447D-9A7B-58C31128CD66}.Ad-Hoc|iPhone.ActiveCfg = Ad-Hoc|iPhone
		{FCDE228A-5F9E-447D-9A7B-58C31128CD66}.Ad-Hoc|iPhone.Build.0 = Ad-Hoc|iPhone
		{FCDE228A-5F9E-447D-9A7B-58C31128CD66}.Ad-Hoc|iPhoneSimulator.ActiveCfg = Ad-Hoc|iPhoneSimulator
		{FCDE228A-5F9E-447D-9A7B-58C31128CD66}.Ad-Hoc|iPhoneSimulator.Build.0 = Ad-Hoc|iPhoneSimulator
		{FCDE228A-5F9E-447D-9A7B-58C31128CD66}.Ad-Hoc|x64.ActiveCfg = Ad-Hoc|iPhone
		{FCDE228A-5F9E-447D-9A7B-58C31128CD66}.Ad-Hoc|x86.ActiveCfg = Ad-Hoc|iPhone
		{FCDE228A-5F9E-447D-9A7B-58C31128CD66}.AppStore|Any CPU.ActiveCfg = AppStore|iPhone
		{FCDE228A-5F9E-447D-9A7B-58C31128CD66}.AppStore|ARM.ActiveCfg = AppStore|iPhone
		{FCDE228A-5F9E-447D-9A7B-58C31128CD66}.AppStore|iPhone.ActiveCfg = AppStore|iPhone
		{FCDE228A-5F9E-447D-9A7B-58C31128CD66}.AppStore|iPhone.Build.0 = AppStore|iPhone
		{FCDE228A-5F9E-447D-9A7B-58C31128CD66}.AppStore|iPhoneSimulator.ActiveCfg = AppStore|iPhoneSimulator
		{FCDE228A-5F9E-447D-9A7B-58C31128CD66}.AppStore|iPhoneSimulator.Build.0 = AppStore|iPhoneSimulator
		{FCDE228A-5F9E-447D-9A7B-58C31128CD66}.AppStore|x64.ActiveCfg = AppStore|iPhone
		{FCDE228A-5F9E-447D-9A7B-58C31128CD66}.AppStore|x86.ActiveCfg = AppStore|iPhone
		{FCDE228A-5F9E-447D-9A7B-58C31128CD66}.Debug|Any CPU.ActiveCfg = Debug|iPhone
		{FCDE228A-5F9E-447D-9A7B-58C31128CD66}.Debug|ARM.ActiveCfg = Debug|iPhone
		{FCDE228A-5F9E-447D-9A7B-58C31128CD66}.Debug|iPhone.ActiveCfg = Debug|iPhone
		{FCDE228A-5F9E-447D-9A7B-58C31128CD66}.Debug|iPhone.Build.0 = Debug|iPhone
		{FCDE228A-5F9E-447D-9A7B-58C31128CD66}.Debug|iPhoneSimulator.ActiveCfg = Debug|iPhoneSimulator
		{FCDE228A-5F9E-447D-9A7B-58C31128CD66}.Debug|iPhoneSimulator.Build.0 = Debug|iPhoneSimulator
		{FCDE228A-5F9E-447D-9A7B-58C31128CD66}.Debug|x64.ActiveCfg = Debug|iPhone
		{FCDE228A-5F9E-447D-9A7B-58C31128CD66}.Debug|x86.ActiveCfg = Debug|iPhone
		{FCDE228A-5F9E-447D-9A7B-58C31128CD66}.Release|Any CPU.ActiveCfg = Release|iPhone
		{FCDE228A-5F9E-447D-9A7B-58C31128CD66}.Release|ARM.ActiveCfg = Release|iPhone
		{FCDE228A-5F9E-447D-9A7B-58C31128CD66}.Release|iPhone.ActiveCfg = Release|iPhone
		{FCDE228A-5F9E-447D-9A7B-58C31128CD66}.Release|iPhone.Build.0 = Release|iPhone
		{FCDE228A-5F9E-447D-9A7B-58C31128CD66}.Release|iPhoneSimulator.ActiveCfg = Release|iPhoneSimulator
		{FCDE228A-5F9E-447D-9A7B-58C31128CD66}.Release|iPhoneSimulator.Build.0 = Release|iPhoneSimulator
		{FCDE228A-5F9E-447D-9A7B-58C31128CD66}.Release|x64.ActiveCfg = Release|iPhone
		{FCDE228A-5F9E-447D-9A7B-58C31128CD66}.Release|x86.ActiveCfg = Release|iPhone
	EndGlobalSection
	GlobalSection(SolutionProperties) = preSolution
		HideSolutionNode = FALSE
	EndGlobalSection
	GlobalSection(ExtensibilityGlobals) = postSolution
		SolutionGuid = {2D9AB2B9-C202-4DF6-848B-5957BB0DD16D}
	EndGlobalSection
EndGlobal
