
Microsoft Visual Studio Solution File, Format Version 12.00
# Visual Studio 15
VisualStudioVersion = 15.0.26730.8
MinimumVisualStudioVersion = 10.0.40219.1
Project("{FAE04EC0-301F-11D3-BF4B-00C04F79EFBC}") = "ServicosCEP.Android", "ServicosCEP\ServicosCEP.Android\ServicosCEP.Android.csproj", "{C26B996C-0FB9-475D-BA48-A4177686CFA2}"
EndProject
Project("{FAE04EC0-301F-11D3-BF4B-00C04F79EFBC}") = "ServicosCEP", "ServicosCEP\ServicosCEP\ServicosCEP.csproj", "{58BF118D-11EC-49C0-B7ED-9346598DDDE1}"
EndProject
Project("{FAE04EC0-301F-11D3-BF4B-00C04F79EFBC}") = "ServicosCEP.UWP", "ServicosCEP\ServicosCEP.UWP\ServicosCEP.UWP.csproj", "{3D78FDA0-A926-41B9-A717-C721A29B561D}"
EndProject
Project("{FAE04EC0-301F-11D3-BF4B-00C04F79EFBC}") = "ServicosCEP.iOS", "ServicosCEP\ServicosCEP.iOS\ServicosCEP.iOS.csproj", "{0F7163F7-4152-4A07-9449-150334BD100E}"
EndProject
Global
	GlobalSection(SolutionConfigurationPlatforms) = preSolution
		Ad-Hoc|Any CPU = Ad-Hoc|Any CPU
		Ad-Hoc|ARM = Ad-Hoc|ARM
		Ad-Hoc|iPhone = Ad-Hoc|iPhone
		Ad-Hoc|iPhoneSimulator = Ad-Hoc|iPhoneSimulator
		Ad-Hoc|x64 = Ad-Hoc|x64
		Ad-Hoc|x86 = Ad-Hoc|x86
		AppStore|Any CPU = AppStore|Any CPU
		AppStore|ARM = AppStore|ARM
		AppStore|iPhone = AppStore|iPhone
		AppStore|iPhoneSimulator = AppStore|iPhoneSimulator
		AppStore|x64 = AppStore|x64
		AppStore|x86 = AppStore|x86
		Debug|Any CPU = Debug|Any CPU
		Debug|ARM = Debug|ARM
		Debug|iPhone = Debug|iPhone
		Debug|iPhoneSimulator = Debug|iPhoneSimulator
		Debug|x64 = Debug|x64
		Debug|x86 = Debug|x86
		Release|Any CPU = Release|Any CPU
		Release|ARM = Release|ARM
		Release|iPhone = Release|iPhone
		Release|iPhoneSimulator = Release|iPhoneSimulator
		Release|x64 = Release|x64
		Release|x86 = Release|x86
	EndGlobalSection
	GlobalSection(ProjectConfigurationPlatforms) = postSolution
		{C26B996C-0FB9-475D-BA48-A4177686CFA2}.Ad-Hoc|Any CPU.ActiveCfg = Release|Any CPU
		{C26B996C-0FB9-475D-BA48-A4177686CFA2}.Ad-Hoc|Any CPU.Build.0 = Release|Any CPU
		{C26B996C-0FB9-475D-BA48-A4177686CFA2}.Ad-Hoc|Any CPU.Deploy.0 = Release|Any CPU
		{C26B996C-0FB9-475D-BA48-A4177686CFA2}.Ad-Hoc|ARM.ActiveCfg = Release|Any CPU
		{C26B996C-0FB9-475D-BA48-A4177686CFA2}.Ad-Hoc|ARM.Build.0 = Release|Any CPU
		{C26B996C-0FB9-475D-BA48-A4177686CFA2}.Ad-Hoc|ARM.Deploy.0 = Release|Any CPU
		{C26B996C-0FB9-475D-BA48-A4177686CFA2}.Ad-Hoc|iPhone.ActiveCfg = Release|Any CPU
		{C26B996C-0FB9-475D-BA48-A4177686CFA2}.Ad-Hoc|iPhone.Build.0 = Release|Any CPU
		{C26B996C-0FB9-475D-BA48-A4177686CFA2}.Ad-Hoc|iPhone.Deploy.0 = Release|Any CPU
		{C26B996C-0FB9-475D-BA48-A4177686CFA2}.Ad-Hoc|iPhoneSimulator.ActiveCfg = Release|Any CPU
		{C26B996C-0FB9-475D-BA48-A4177686CFA2}.Ad-Hoc|iPhoneSimulator.Build.0 = Release|Any CPU
		{C26B996C-0FB9-475D-BA48-A4177686CFA2}.Ad-Hoc|iPhoneSimulator.Deploy.0 = Release|Any CPU
		{C26B996C-0FB9-475D-BA48-A4177686CFA2}.Ad-Hoc|x64.ActiveCfg = Release|Any CPU
		{C26B996C-0FB9-475D-BA48-A4177686CFA2}.Ad-Hoc|x64.Build.0 = Release|Any CPU
		{C26B996C-0FB9-475D-BA48-A4177686CFA2}.Ad-Hoc|x64.Deploy.0 = Release|Any CPU
		{C26B996C-0FB9-475D-BA48-A4177686CFA2}.Ad-Hoc|x86.ActiveCfg = Release|Any CPU
		{C26B996C-0FB9-475D-BA48-A4177686CFA2}.Ad-Hoc|x86.Build.0 = Release|Any CPU
		{C26B996C-0FB9-475D-BA48-A4177686CFA2}.Ad-Hoc|x86.Deploy.0 = Release|Any CPU
		{C26B996C-0FB9-475D-BA48-A4177686CFA2}.AppStore|Any CPU.ActiveCfg = Release|Any CPU
		{C26B996C-0FB9-475D-BA48-A4177686CFA2}.AppStore|Any CPU.Build.0 = Release|Any CPU
		{C26B996C-0FB9-475D-BA48-A4177686CFA2}.AppStore|Any CPU.Deploy.0 = Release|Any CPU
		{C26B996C-0FB9-475D-BA48-A4177686CFA2}.AppStore|ARM.ActiveCfg = Release|Any CPU
		{C26B996C-0FB9-475D-BA48-A4177686CFA2}.AppStore|ARM.Build.0 = Release|Any CPU
		{C26B996C-0FB9-475D-BA48-A4177686CFA2}.AppStore|ARM.Deploy.0 = Release|Any CPU
		{C26B996C-0FB9-475D-BA48-A4177686CFA2}.AppStore|iPhone.ActiveCfg = Release|Any CPU
		{C26B996C-0FB9-475D-BA48-A4177686CFA2}.AppStore|iPhone.Build.0 = Release|Any CPU
		{C26B996C-0FB9-475D-BA48-A4177686CFA2}.AppStore|iPhone.Deploy.0 = Release|Any CPU
		{C26B996C-0FB9-475D-BA48-A4177686CFA2}.AppStore|iPhoneSimulator.ActiveCfg = Release|Any CPU
		{C26B996C-0FB9-475D-BA48-A4177686CFA2}.AppStore|iPhoneSimulator.Build.0 = Release|Any CPU
		{C26B996C-0FB9-475D-BA48-A4177686CFA2}.AppStore|iPhoneSimulator.Deploy.0 = Release|Any CPU
		{C26B996C-0FB9-475D-BA48-A4177686CFA2}.AppStore|x64.ActiveCfg = Release|Any CPU
		{C26B996C-0FB9-475D-BA48-A4177686CFA2}.AppStore|x64.Build.0 = Release|Any CPU
		{C26B996C-0FB9-475D-BA48-A4177686CFA2}.AppStore|x64.Deploy.0 = Release|Any CPU
		{C26B996C-0FB9-475D-BA48-A4177686CFA2}.AppStore|x86.ActiveCfg = Release|Any CPU
		{C26B996C-0FB9-475D-BA48-A4177686CFA2}.AppStore|x86.Build.0 = Release|Any CPU
		{C26B996C-0FB9-475D-BA48-A4177686CFA2}.AppStore|x86.Deploy.0 = Release|Any CPU
		{C26B996C-0FB9-475D-BA48-A4177686CFA2}.Debug|Any CPU.ActiveCfg = Debug|Any CPU
		{C26B996C-0FB9-475D-BA48-A4177686CFA2}.Debug|Any CPU.Build.0 = Debug|Any CPU
		{C26B996C-0FB9-475D-BA48-A4177686CFA2}.Debug|Any CPU.Deploy.0 = Debug|Any CPU
		{C26B996C-0FB9-475D-BA48-A4177686CFA2}.Debug|ARM.ActiveCfg = Debug|Any CPU
		{C26B996C-0FB9-475D-BA48-A4177686CFA2}.Debug|ARM.Build.0 = Debug|Any CPU
		{C26B996C-0FB9-475D-BA48-A4177686CFA2}.Debug|ARM.Deploy.0 = Debug|Any CPU
		{C26B996C-0FB9-475D-BA48-A4177686CFA2}.Debug|iPhone.ActiveCfg = Debug|Any CPU
		{C26B996C-0FB9-475D-BA48-A4177686CFA2}.Debug|iPhone.Build.0 = Debug|Any CPU
		{C26B996C-0FB9-475D-BA48-A4177686CFA2}.Debug|iPhone.Deploy.0 = Debug|Any CPU
		{C26B996C-0FB9-475D-BA48-A4177686CFA2}.Debug|iPhoneSimulator.ActiveCfg = Debug|Any CPU
		{C26B996C-0FB9-475D-BA48-A4177686CFA2}.Debug|iPhoneSimulator.Build.0 = Debug|Any CPU
		{C26B996C-0FB9-475D-BA48-A4177686CFA2}.Debug|iPhoneSimulator.Deploy.0 = Debug|Any CPU
		{C26B996C-0FB9-475D-BA48-A4177686CFA2}.Debug|x64.ActiveCfg = Debug|Any CPU
		{C26B996C-0FB9-475D-BA48-A4177686CFA2}.Debug|x64.Build.0 = Debug|Any CPU
		{C26B996C-0FB9-475D-BA48-A4177686CFA2}.Debug|x64.Deploy.0 = Debug|Any CPU
		{C26B996C-0FB9-475D-BA48-A4177686CFA2}.Debug|x86.ActiveCfg = Debug|Any CPU
		{C26B996C-0FB9-475D-BA48-A4177686CFA2}.Debug|x86.Build.0 = Debug|Any CPU
		{C26B996C-0FB9-475D-BA48-A4177686CFA2}.Debug|x86.Deploy.0 = Debug|Any CPU
		{C26B996C-0FB9-475D-BA48-A4177686CFA2}.Release|Any CPU.ActiveCfg = Release|Any CPU
		{C26B996C-0FB9-475D-BA48-A4177686CFA2}.Release|Any CPU.Build.0 = Release|Any CPU
		{C26B996C-0FB9-475D-BA48-A4177686CFA2}.Release|Any CPU.Deploy.0 = Release|Any CPU
		{C26B996C-0FB9-475D-BA48-A4177686CFA2}.Release|ARM.ActiveCfg = Release|Any CPU
		{C26B996C-0FB9-475D-BA48-A4177686CFA2}.Release|ARM.Build.0 = Release|Any CPU
		{C26B996C-0FB9-475D-BA48-A4177686CFA2}.Release|ARM.Deploy.0 = Release|Any CPU
		{C26B996C-0FB9-475D-BA48-A4177686CFA2}.Release|iPhone.ActiveCfg = Release|Any CPU
		{C26B996C-0FB9-475D-BA48-A4177686CFA2}.Release|iPhone.Build.0 = Release|Any CPU
		{C26B996C-0FB9-475D-BA48-A4177686CFA2}.Release|iPhone.Deploy.0 = Release|Any CPU
		{C26B996C-0FB9-475D-BA48-A4177686CFA2}.Release|iPhoneSimulator.ActiveCfg = Release|Any CPU
		{C26B996C-0FB9-475D-BA48-A4177686CFA2}.Release|iPhoneSimulator.Build.0 = Release|Any CPU
		{C26B996C-0FB9-475D-BA48-A4177686CFA2}.Release|iPhoneSimulator.Deploy.0 = Release|Any CPU
		{C26B996C-0FB9-475D-BA48-A4177686CFA2}.Release|x64.ActiveCfg = Release|Any CPU
		{C26B996C-0FB9-475D-BA48-A4177686CFA2}.Release|x64.Build.0 = Release|Any CPU
		{C26B996C-0FB9-475D-BA48-A4177686CFA2}.Release|x64.Deploy.0 = Release|Any CPU
		{C26B996C-0FB9-475D-BA48-A4177686CFA2}.Release|x86.ActiveCfg = Release|Any CPU
		{C26B996C-0FB9-475D-BA48-A4177686CFA2}.Release|x86.Build.0 = Release|Any CPU
		{C26B996C-0FB9-475D-BA48-A4177686CFA2}.Release|x86.Deploy.0 = Release|Any CPU
		{58BF118D-11EC-49C0-B7ED-9346598DDDE1}.Ad-Hoc|Any CPU.ActiveCfg = Release|Any CPU
		{58BF118D-11EC-49C0-B7ED-9346598DDDE1}.Ad-Hoc|Any CPU.Build.0 = Release|Any CPU
		{58BF118D-11EC-49C0-B7ED-9346598DDDE1}.Ad-Hoc|ARM.ActiveCfg = Release|Any CPU
		{58BF118D-11EC-49C0-B7ED-9346598DDDE1}.Ad-Hoc|ARM.Build.0 = Release|Any CPU
		{58BF118D-11EC-49C0-B7ED-9346598DDDE1}.Ad-Hoc|iPhone.ActiveCfg = Release|Any CPU
		{58BF118D-11EC-49C0-B7ED-9346598DDDE1}.Ad-Hoc|iPhone.Build.0 = Release|Any CPU
		{58BF118D-11EC-49C0-B7ED-9346598DDDE1}.Ad-Hoc|iPhoneSimulator.ActiveCfg = Release|Any CPU
		{58BF118D-11EC-49C0-B7ED-9346598DDDE1}.Ad-Hoc|iPhoneSimulator.Build.0 = Release|Any CPU
		{58BF118D-11EC-49C0-B7ED-9346598DDDE1}.Ad-Hoc|x64.ActiveCfg = Release|Any CPU
		{58BF118D-11EC-49C0-B7ED-9346598DDDE1}.Ad-Hoc|x64.Build.0 = Release|Any CPU
		{58BF118D-11EC-49C0-B7ED-9346598DDDE1}.Ad-Hoc|x86.ActiveCfg = Release|Any CPU
		{58BF118D-11EC-49C0-B7ED-9346598DDDE1}.Ad-Hoc|x86.Build.0 = Release|Any CPU
		{58BF118D-11EC-49C0-B7ED-9346598DDDE1}.AppStore|Any CPU.ActiveCfg = Release|Any CPU
		{58BF118D-11EC-49C0-B7ED-9346598DDDE1}.AppStore|Any CPU.Build.0 = Release|Any CPU
		{58BF118D-11EC-49C0-B7ED-9346598DDDE1}.AppStore|ARM.ActiveCfg = Release|Any CPU
		{58BF118D-11EC-49C0-B7ED-9346598DDDE1}.AppStore|ARM.Build.0 = Release|Any CPU
		{58BF118D-11EC-49C0-B7ED-9346598DDDE1}.AppStore|iPhone.ActiveCfg = Release|Any CPU
		{58BF118D-11EC-49C0-B7ED-9346598DDDE1}.AppStore|iPhone.Build.0 = Release|Any CPU
		{58BF118D-11EC-49C0-B7ED-9346598DDDE1}.AppStore|iPhoneSimulator.ActiveCfg = Release|Any CPU
		{58BF118D-11EC-49C0-B7ED-9346598DDDE1}.AppStore|iPhoneSimulator.Build.0 = Release|Any CPU
		{58BF118D-11EC-49C0-B7ED-9346598DDDE1}.AppStore|x64.ActiveCfg = Release|Any CPU
		{58BF118D-11EC-49C0-B7ED-9346598DDDE1}.AppStore|x64.Build.0 = Release|Any CPU
		{58BF118D-11EC-49C0-B7ED-9346598DDDE1}.AppStore|x86.ActiveCfg = Release|Any CPU
		{58BF118D-11EC-49C0-B7ED-9346598DDDE1}.AppStore|x86.Build.0 = Release|Any CPU
		{58BF118D-11EC-49C0-B7ED-9346598DDDE1}.Debug|Any CPU.ActiveCfg = Debug|Any CPU
		{58BF118D-11EC-49C0-B7ED-9346598DDDE1}.Debug|Any CPU.Build.0 = Debug|Any CPU
		{58BF118D-11EC-49C0-B7ED-9346598DDDE1}.Debug|ARM.ActiveCfg = Debug|Any CPU
		{58BF118D-11EC-49C0-B7ED-9346598DDDE1}.Debug|ARM.Build.0 = Debug|Any CPU
		{58BF118D-11EC-49C0-B7ED-9346598DDDE1}.Debug|iPhone.ActiveCfg = Debug|Any CPU
		{58BF118D-11EC-49C0-B7ED-9346598DDDE1}.Debug|iPhone.Build.0 = Debug|Any CPU
		{58BF118D-11EC-49C0-B7ED-9346598DDDE1}.Debug|iPhoneSimulator.ActiveCfg = Debug|Any CPU
		{58BF118D-11EC-49C0-B7ED-9346598DDDE1}.Debug|iPhoneSimulator.Build.0 = Debug|Any CPU
		{58BF118D-11EC-49C0-B7ED-9346598DDDE1}.Debug|x64.ActiveCfg = Debug|Any CPU
		{58BF118D-11EC-49C0-B7ED-9346598DDDE1}.Debug|x64.Build.0 = Debug|Any CPU
		{58BF118D-11EC-49C0-B7ED-9346598DDDE1}.Debug|x86.ActiveCfg = Debug|Any CPU
		{58BF118D-11EC-49C0-B7ED-9346598DDDE1}.Debug|x86.Build.0 = Debug|Any CPU
		{58BF118D-11EC-49C0-B7ED-9346598DDDE1}.Release|Any CPU.ActiveCfg = Release|Any CPU
		{58BF118D-11EC-49C0-B7ED-9346598DDDE1}.Release|Any CPU.Build.0 = Release|Any CPU
		{58BF118D-11EC-49C0-B7ED-9346598DDDE1}.Release|ARM.ActiveCfg = Release|Any CPU
		{58BF118D-11EC-49C0-B7ED-9346598DDDE1}.Release|ARM.Build.0 = Release|Any CPU
		{58BF118D-11EC-49C0-B7ED-9346598DDDE1}.Release|iPhone.ActiveCfg = Release|Any CPU
		{58BF118D-11EC-49C0-B7ED-9346598DDDE1}.Release|iPhone.Build.0 = Release|Any CPU
		{58BF118D-11EC-49C0-B7ED-9346598DDDE1}.Release|iPhoneSimulator.ActiveCfg = Release|Any CPU
		{58BF118D-11EC-49C0-B7ED-9346598DDDE1}.Release|iPhoneSimulator.Build.0 = Release|Any CPU
		{58BF118D-11EC-49C0-B7ED-9346598DDDE1}.Release|x64.ActiveCfg = Release|Any CPU
		{58BF118D-11EC-49C0-B7ED-9346598DDDE1}.Release|x64.Build.0 = Release|Any CPU
		{58BF118D-11EC-49C0-B7ED-9346598DDDE1}.Release|x86.ActiveCfg = Release|Any CPU
		{58BF118D-11EC-49C0-B7ED-9346598DDDE1}.Release|x86.Build.0 = Release|Any CPU
		{3D78FDA0-A926-41B9-A717-C721A29B561D}.Ad-Hoc|Any CPU.ActiveCfg = Release|x86
		{3D78FDA0-A926-41B9-A717-C721A29B561D}.Ad-Hoc|Any CPU.Build.0 = Release|x86
		{3D78FDA0-A926-41B9-A717-C721A29B561D}.Ad-Hoc|Any CPU.Deploy.0 = Release|x86
		{3D78FDA0-A926-41B9-A717-C721A29B561D}.Ad-Hoc|ARM.ActiveCfg = Release|ARM
		{3D78FDA0-A926-41B9-A717-C721A29B561D}.Ad-Hoc|ARM.Build.0 = Release|ARM
		{3D78FDA0-A926-41B9-A717-C721A29B561D}.Ad-Hoc|ARM.Deploy.0 = Release|ARM
		{3D78FDA0-A926-41B9-A717-C721A29B561D}.Ad-Hoc|iPhone.ActiveCfg = Release|x86
		{3D78FDA0-A926-41B9-A717-C721A29B561D}.Ad-Hoc|iPhone.Build.0 = Release|x86
		{3D78FDA0-A926-41B9-A717-C721A29B561D}.Ad-Hoc|iPhone.Deploy.0 = Release|x86
		{3D78FDA0-A926-41B9-A717-C721A29B561D}.Ad-Hoc|iPhoneSimulator.ActiveCfg = Release|x86
		{3D78FDA0-A926-41B9-A717-C721A29B561D}.Ad-Hoc|iPhoneSimulator.Build.0 = Release|x86
		{3D78FDA0-A926-41B9-A717-C721A29B561D}.Ad-Hoc|iPhoneSimulator.Deploy.0 = Release|x86
		{3D78FDA0-A926-41B9-A717-C721A29B561D}.Ad-Hoc|x64.ActiveCfg = Release|x64
		{3D78FDA0-A926-41B9-A717-C721A29B561D}.Ad-Hoc|x64.Build.0 = Release|x64
		{3D78FDA0-A926-41B9-A717-C721A29B561D}.Ad-Hoc|x64.Deploy.0 = Release|x64
		{3D78FDA0-A926-41B9-A717-C721A29B561D}.Ad-Hoc|x86.ActiveCfg = Release|x86
		{3D78FDA0-A926-41B9-A717-C721A29B561D}.Ad-Hoc|x86.Build.0 = Release|x86
		{3D78FDA0-A926-41B9-A717-C721A29B561D}.Ad-Hoc|x86.Deploy.0 = Release|x86
		{3D78FDA0-A926-41B9-A717-C721A29B561D}.AppStore|Any CPU.ActiveCfg = Release|x86
		{3D78FDA0-A926-41B9-A717-C721A29B561D}.AppStore|Any CPU.Build.0 = Release|x86
		{3D78FDA0-A926-41B9-A717-C721A29B561D}.AppStore|Any CPU.Deploy.0 = Release|x86
		{3D78FDA0-A926-41B9-A717-C721A29B561D}.AppStore|ARM.ActiveCfg = Release|ARM
		{3D78FDA0-A926-41B9-A717-C721A29B561D}.AppStore|ARM.Build.0 = Release|ARM
		{3D78FDA0-A926-41B9-A717-C721A29B561D}.AppStore|ARM.Deploy.0 = Release|ARM
		{3D78FDA0-A926-41B9-A717-C721A29B561D}.AppStore|iPhone.ActiveCfg = Release|x86
		{3D78FDA0-A926-41B9-A717-C721A29B561D}.AppStore|iPhone.Build.0 = Release|x86
		{3D78FDA0-A926-41B9-A717-C721A29B561D}.AppStore|iPhone.Deploy.0 = Release|x86
		{3D78FDA0-A926-41B9-A717-C721A29B561D}.AppStore|iPhoneSimulator.ActiveCfg = Release|x86
		{3D78FDA0-A926-41B9-A717-C721A29B561D}.AppStore|iPhoneSimulator.Build.0 = Release|x86
		{3D78FDA0-A926-41B9-A717-C721A29B561D}.AppStore|iPhoneSimulator.Deploy.0 = Release|x86
		{3D78FDA0-A926-41B9-A717-C721A29B561D}.AppStore|x64.ActiveCfg = Release|x64
		{3D78FDA0-A926-41B9-A717-C721A29B561D}.AppStore|x64.Build.0 = Release|x64
		{3D78FDA0-A926-41B9-A717-C721A29B561D}.AppStore|x64.Deploy.0 = Release|x64
		{3D78FDA0-A926-41B9-A717-C721A29B561D}.AppStore|x86.ActiveCfg = Release|x86
		{3D78FDA0-A926-41B9-A717-C721A29B561D}.AppStore|x86.Build.0 = Release|x86
		{3D78FDA0-A926-41B9-A717-C721A29B561D}.AppStore|x86.Deploy.0 = Release|x86
		{3D78FDA0-A926-41B9-A717-C721A29B561D}.Debug|Any CPU.ActiveCfg = Debug|x86
		{3D78FDA0-A926-41B9-A717-C721A29B561D}.Debug|ARM.ActiveCfg = Debug|ARM
		{3D78FDA0-A926-41B9-A717-C721A29B561D}.Debug|ARM.Build.0 = Debug|ARM
		{3D78FDA0-A926-41B9-A717-C721A29B561D}.Debug|ARM.Deploy.0 = Debug|ARM
		{3D78FDA0-A926-41B9-A717-C721A29B561D}.Debug|iPhone.ActiveCfg = Debug|x86
		{3D78FDA0-A926-41B9-A717-C721A29B561D}.Debug|iPhoneSimulator.ActiveCfg = Debug|x86
		{3D78FDA0-A926-41B9-A717-C721A29B561D}.Debug|x64.ActiveCfg = Debug|x64
		{3D78FDA0-A926-41B9-A717-C721A29B561D}.Debug|x64.Build.0 = Debug|x64
		{3D78FDA0-A926-41B9-A717-C721A29B561D}.Debug|x64.Deploy.0 = Debug|x64
		{3D78FDA0-A926-41B9-A717-C721A29B561D}.Debug|x86.ActiveCfg = Debug|x86
		{3D78FDA0-A926-41B9-A717-C721A29B561D}.Debug|x86.Build.0 = Debug|x86
		{3D78FDA0-A926-41B9-A717-C721A29B561D}.Debug|x86.Deploy.0 = Debug|x86
		{3D78FDA0-A926-41B9-A717-C721A29B561D}.Release|Any CPU.ActiveCfg = Release|x86
		{3D78FDA0-A926-41B9-A717-C721A29B561D}.Release|ARM.ActiveCfg = Release|ARM
		{3D78FDA0-A926-41B9-A717-C721A29B561D}.Release|ARM.Build.0 = Release|ARM
		{3D78FDA0-A926-41B9-A717-C721A29B561D}.Release|ARM.Deploy.0 = Release|ARM
		{3D78FDA0-A926-41B9-A717-C721A29B561D}.Release|iPhone.ActiveCfg = Release|x86
		{3D78FDA0-A926-41B9-A717-C721A29B561D}.Release|iPhoneSimulator.ActiveCfg = Release|x86
		{3D78FDA0-A926-41B9-A717-C721A29B561D}.Release|x64.ActiveCfg = Release|x64
		{3D78FDA0-A926-41B9-A717-C721A29B561D}.Release|x64.Build.0 = Release|x64
		{3D78FDA0-A926-41B9-A717-C721A29B561D}.Release|x64.Deploy.0 = Release|x64
		{3D78FDA0-A926-41B9-A717-C721A29B561D}.Release|x86.ActiveCfg = Release|x86
		{3D78FDA0-A926-41B9-A717-C721A29B561D}.Release|x86.Build.0 = Release|x86
		{3D78FDA0-A926-41B9-A717-C721A29B561D}.Release|x86.Deploy.0 = Release|x86
		{0F7163F7-4152-4A07-9449-150334BD100E}.Ad-Hoc|Any CPU.ActiveCfg = Ad-Hoc|iPhone
		{0F7163F7-4152-4A07-9449-150334BD100E}.Ad-Hoc|ARM.ActiveCfg = Ad-Hoc|iPhone
		{0F7163F7-4152-4A07-9449-150334BD100E}.Ad-Hoc|iPhone.ActiveCfg = Ad-Hoc|iPhone
		{0F7163F7-4152-4A07-9449-150334BD100E}.Ad-Hoc|iPhone.Build.0 = Ad-Hoc|iPhone
		{0F7163F7-4152-4A07-9449-150334BD100E}.Ad-Hoc|iPhoneSimulator.ActiveCfg = Ad-Hoc|iPhoneSimulator
		{0F7163F7-4152-4A07-9449-150334BD100E}.Ad-Hoc|iPhoneSimulator.Build.0 = Ad-Hoc|iPhoneSimulator
		{0F7163F7-4152-4A07-9449-150334BD100E}.Ad-Hoc|x64.ActiveCfg = Ad-Hoc|iPhone
		{0F7163F7-4152-4A07-9449-150334BD100E}.Ad-Hoc|x86.ActiveCfg = Ad-Hoc|iPhone
		{0F7163F7-4152-4A07-9449-150334BD100E}.AppStore|Any CPU.ActiveCfg = AppStore|iPhone
		{0F7163F7-4152-4A07-9449-150334BD100E}.AppStore|ARM.ActiveCfg = AppStore|iPhone
		{0F7163F7-4152-4A07-9449-150334BD100E}.AppStore|iPhone.ActiveCfg = AppStore|iPhone
		{0F7163F7-4152-4A07-9449-150334BD100E}.AppStore|iPhone.Build.0 = AppStore|iPhone
		{0F7163F7-4152-4A07-9449-150334BD100E}.AppStore|iPhoneSimulator.ActiveCfg = AppStore|iPhoneSimulator
		{0F7163F7-4152-4A07-9449-150334BD100E}.AppStore|iPhoneSimulator.Build.0 = AppStore|iPhoneSimulator
		{0F7163F7-4152-4A07-9449-150334BD100E}.AppStore|x64.ActiveCfg = AppStore|iPhone
		{0F7163F7-4152-4A07-9449-150334BD100E}.AppStore|x86.ActiveCfg = AppStore|iPhone
		{0F7163F7-4152-4A07-9449-150334BD100E}.Debug|Any CPU.ActiveCfg = Debug|iPhone
		{0F7163F7-4152-4A07-9449-150334BD100E}.Debug|ARM.ActiveCfg = Debug|iPhone
		{0F7163F7-4152-4A07-9449-150334BD100E}.Debug|iPhone.ActiveCfg = Debug|iPhone
		{0F7163F7-4152-4A07-9449-150334BD100E}.Debug|iPhone.Build.0 = Debug|iPhone
		{0F7163F7-4152-4A07-9449-150334BD100E}.Debug|iPhoneSimulator.ActiveCfg = Debug|iPhoneSimulator
		{0F7163F7-4152-4A07-9449-150334BD100E}.Debug|iPhoneSimulator.Build.0 = Debug|iPhoneSimulator
		{0F7163F7-4152-4A07-9449-150334BD100E}.Debug|x64.ActiveCfg = Debug|iPhone
		{0F7163F7-4152-4A07-9449-150334BD100E}.Debug|x86.ActiveCfg = Debug|iPhone
		{0F7163F7-4152-4A07-9449-150334BD100E}.Release|Any CPU.ActiveCfg = Release|iPhone
		{0F7163F7-4152-4A07-9449-150334BD100E}.Release|ARM.ActiveCfg = Release|iPhone
		{0F7163F7-4152-4A07-9449-150334BD100E}.Release|iPhone.ActiveCfg = Release|iPhone
		{0F7163F7-4152-4A07-9449-150334BD100E}.Release|iPhone.Build.0 = Release|iPhone
		{0F7163F7-4152-4A07-9449-150334BD100E}.Release|iPhoneSimulator.ActiveCfg = Release|iPhoneSimulator
		{0F7163F7-4152-4A07-9449-150334BD100E}.Release|iPhoneSimulator.Build.0 = Release|iPhoneSimulator
		{0F7163F7-4152-4A07-9449-150334BD100E}.Release|x64.ActiveCfg = Release|iPhone
		{0F7163F7-4152-4A07-9449-150334BD100E}.Release|x86.ActiveCfg = Release|iPhone
	EndGlobalSection
	GlobalSection(SolutionProperties) = preSolution
		HideSolutionNode = FALSE
	EndGlobalSection
	GlobalSection(ExtensibilityGlobals) = postSolution
		SolutionGuid = {DB509F54-5BEA-4860-83F6-FD2E99647197}
	EndGlobalSection
EndGlobal
