
Microsoft Visual Studio Solution File, Format Version 12.00
# Visual Studio 15
VisualStudioVersion = 15.0.26730.3
MinimumVisualStudioVersion = 10.0.40219.1
Project("{FAE04EC0-301F-11D3-BF4B-00C04F79EFBC}") = "ProjetoScrollView.Android", "ProjetoScrollView\ProjetoScrollView.Android\ProjetoScrollView.Android.csproj", "{BAFF7ADF-D74F-4350-9DE3-F939392303BD}"
EndProject
Project("{FAE04EC0-301F-11D3-BF4B-00C04F79EFBC}") = "ProjetoScrollView", "ProjetoScrollView\ProjetoScrollView\ProjetoScrollView.csproj", "{6C5C5081-B61A-4875-ABAC-B45C98F97ED7}"
EndProject
Project("{FAE04EC0-301F-11D3-BF4B-00C04F79EFBC}") = "ProjetoScrollView.UWP", "ProjetoScrollView\ProjetoScrollView.UWP\ProjetoScrollView.UWP.csproj", "{3ECC9A2D-93C7-4B31-B5FB-982972806CBB}"
EndProject
Project("{FAE04EC0-301F-11D3-BF4B-00C04F79EFBC}") = "ProjetoScrollView.iOS", "ProjetoScrollView\ProjetoScrollView.iOS\ProjetoScrollView.iOS.csproj", "{765D74C8-3E3B-4DAD-9FE1-4DBDD5316D3A}"
EndProject
Global
	GlobalSection(SolutionConfigurationPlatforms) = preSolution
		Ad-Hoc|Any CPU = Ad-Hoc|Any CPU
		Ad-Hoc|ARM = Ad-Hoc|ARM
		Ad-Hoc|iPhone = Ad-Hoc|iPhone
		Ad-Hoc|iPhoneSimulator = Ad-Hoc|iPhoneSimulator
		Ad-Hoc|x64 = Ad-Hoc|x64
		Ad-Hoc|x86 = Ad-Hoc|x86
		AppStore|Any CPU = AppStore|Any CPU
		AppStore|ARM = AppStore|ARM
		AppStore|iPhone = AppStore|iPhone
		AppStore|iPhoneSimulator = AppStore|iPhoneSimulator
		AppStore|x64 = AppStore|x64
		AppStore|x86 = AppStore|x86
		Debug|Any CPU = Debug|Any CPU
		Debug|ARM = Debug|ARM
		Debug|iPhone = Debug|iPhone
		Debug|iPhoneSimulator = Debug|iPhoneSimulator
		Debug|x64 = Debug|x64
		Debug|x86 = Debug|x86
		Release|Any CPU = Release|Any CPU
		Release|ARM = Release|ARM
		Release|iPhone = Release|iPhone
		Release|iPhoneSimulator = Release|iPhoneSimulator
		Release|x64 = Release|x64
		Release|x86 = Release|x86
	EndGlobalSection
	GlobalSection(ProjectConfigurationPlatforms) = postSolution
		{BAFF7ADF-D74F-4350-9DE3-F939392303BD}.Ad-Hoc|Any CPU.ActiveCfg = Release|Any CPU
		{BAFF7ADF-D74F-4350-9DE3-F939392303BD}.Ad-Hoc|Any CPU.Build.0 = Release|Any CPU
		{BAFF7ADF-D74F-4350-9DE3-F939392303BD}.Ad-Hoc|Any CPU.Deploy.0 = Release|Any CPU
		{BAFF7ADF-D74F-4350-9DE3-F939392303BD}.Ad-Hoc|ARM.ActiveCfg = Release|Any CPU
		{BAFF7ADF-D74F-4350-9DE3-F939392303BD}.Ad-Hoc|ARM.Build.0 = Release|Any CPU
		{BAFF7ADF-D74F-4350-9DE3-F939392303BD}.Ad-Hoc|ARM.Deploy.0 = Release|Any CPU
		{BAFF7ADF-D74F-4350-9DE3-F939392303BD}.Ad-Hoc|iPhone.ActiveCfg = Release|Any CPU
		{BAFF7ADF-D74F-4350-9DE3-F939392303BD}.Ad-Hoc|iPhone.Build.0 = Release|Any CPU
		{BAFF7ADF-D74F-4350-9DE3-F939392303BD}.Ad-Hoc|iPhone.Deploy.0 = Release|Any CPU
		{BAFF7ADF-D74F-4350-9DE3-F939392303BD}.Ad-Hoc|iPhoneSimulator.ActiveCfg = Release|Any CPU
		{BAFF7ADF-D74F-4350-9DE3-F939392303BD}.Ad-Hoc|iPhoneSimulator.Build.0 = Release|Any CPU
		{BAFF7ADF-D74F-4350-9DE3-F939392303BD}.Ad-Hoc|iPhoneSimulator.Deploy.0 = Release|Any CPU
		{BAFF7ADF-D74F-4350-9DE3-F939392303BD}.Ad-Hoc|x64.ActiveCfg = Release|Any CPU
		{BAFF7ADF-D74F-4350-9DE3-F939392303BD}.Ad-Hoc|x64.Build.0 = Release|Any CPU
		{BAFF7ADF-D74F-4350-9DE3-F939392303BD}.Ad-Hoc|x64.Deploy.0 = Release|Any CPU
		{BAFF7ADF-D74F-4350-9DE3-F939392303BD}.Ad-Hoc|x86.ActiveCfg = Release|Any CPU
		{BAFF7ADF-D74F-4350-9DE3-F939392303BD}.Ad-Hoc|x86.Build.0 = Release|Any CPU
		{BAFF7ADF-D74F-4350-9DE3-F939392303BD}.Ad-Hoc|x86.Deploy.0 = Release|Any CPU
		{BAFF7ADF-D74F-4350-9DE3-F939392303BD}.AppStore|Any CPU.ActiveCfg = Release|Any CPU
		{BAFF7ADF-D74F-4350-9DE3-F939392303BD}.AppStore|Any CPU.Build.0 = Release|Any CPU
		{BAFF7ADF-D74F-4350-9DE3-F939392303BD}.AppStore|Any CPU.Deploy.0 = Release|Any CPU
		{BAFF7ADF-D74F-4350-9DE3-F939392303BD}.AppStore|ARM.ActiveCfg = Release|Any CPU
		{BAFF7ADF-D74F-4350-9DE3-F939392303BD}.AppStore|ARM.Build.0 = Release|Any CPU
		{BAFF7ADF-D74F-4350-9DE3-F939392303BD}.AppStore|ARM.Deploy.0 = Release|Any CPU
		{BAFF7ADF-D74F-4350-9DE3-F939392303BD}.AppStore|iPhone.ActiveCfg = Release|Any CPU
		{BAFF7ADF-D74F-4350-9DE3-F939392303BD}.AppStore|iPhone.Build.0 = Release|Any CPU
		{BAFF7ADF-D74F-4350-9DE3-F939392303BD}.AppStore|iPhone.Deploy.0 = Release|Any CPU
		{BAFF7ADF-D74F-4350-9DE3-F939392303BD}.AppStore|iPhoneSimulator.ActiveCfg = Release|Any CPU
		{BAFF7ADF-D74F-4350-9DE3-F939392303BD}.AppStore|iPhoneSimulator.Build.0 = Release|Any CPU
		{BAFF7ADF-D74F-4350-9DE3-F939392303BD}.AppStore|iPhoneSimulator.Deploy.0 = Release|Any CPU
		{BAFF7ADF-D74F-4350-9DE3-F939392303BD}.AppStore|x64.ActiveCfg = Release|Any CPU
		{BAFF7ADF-D74F-4350-9DE3-F939392303BD}.AppStore|x64.Build.0 = Release|Any CPU
		{BAFF7ADF-D74F-4350-9DE3-F939392303BD}.AppStore|x64.Deploy.0 = Release|Any CPU
		{BAFF7ADF-D74F-4350-9DE3-F939392303BD}.AppStore|x86.ActiveCfg = Release|Any CPU
		{BAFF7ADF-D74F-4350-9DE3-F939392303BD}.AppStore|x86.Build.0 = Release|Any CPU
		{BAFF7ADF-D74F-4350-9DE3-F939392303BD}.AppStore|x86.Deploy.0 = Release|Any CPU
		{BAFF7ADF-D74F-4350-9DE3-F939392303BD}.Debug|Any CPU.ActiveCfg = Debug|Any CPU
		{BAFF7ADF-D74F-4350-9DE3-F939392303BD}.Debug|Any CPU.Build.0 = Debug|Any CPU
		{BAFF7ADF-D74F-4350-9DE3-F939392303BD}.Debug|Any CPU.Deploy.0 = Debug|Any CPU
		{BAFF7ADF-D74F-4350-9DE3-F939392303BD}.Debug|ARM.ActiveCfg = Debug|Any CPU
		{BAFF7ADF-D74F-4350-9DE3-F939392303BD}.Debug|ARM.Build.0 = Debug|Any CPU
		{BAFF7ADF-D74F-4350-9DE3-F939392303BD}.Debug|ARM.Deploy.0 = Debug|Any CPU
		{BAFF7ADF-D74F-4350-9DE3-F939392303BD}.Debug|iPhone.ActiveCfg = Debug|Any CPU
		{BAFF7ADF-D74F-4350-9DE3-F939392303BD}.Debug|iPhone.Build.0 = Debug|Any CPU
		{BAFF7ADF-D74F-4350-9DE3-F939392303BD}.Debug|iPhone.Deploy.0 = Debug|Any CPU
		{BAFF7ADF-D74F-4350-9DE3-F939392303BD}.Debug|iPhoneSimulator.ActiveCfg = Debug|Any CPU
		{BAFF7ADF-D74F-4350-9DE3-F939392303BD}.Debug|iPhoneSimulator.Build.0 = Debug|Any CPU
		{BAFF7ADF-D74F-4350-9DE3-F939392303BD}.Debug|iPhoneSimulator.Deploy.0 = Debug|Any CPU
		{BAFF7ADF-D74F-4350-9DE3-F939392303BD}.Debug|x64.ActiveCfg = Debug|Any CPU
		{BAFF7ADF-D74F-4350-9DE3-F939392303BD}.Debug|x64.Build.0 = Debug|Any CPU
		{BAFF7ADF-D74F-4350-9DE3-F939392303BD}.Debug|x64.Deploy.0 = Debug|Any CPU
		{BAFF7ADF-D74F-4350-9DE3-F939392303BD}.Debug|x86.ActiveCfg = Debug|Any CPU
		{BAFF7ADF-D74F-4350-9DE3-F939392303BD}.Debug|x86.Build.0 = Debug|Any CPU
		{BAFF7ADF-D74F-4350-9DE3-F939392303BD}.Debug|x86.Deploy.0 = Debug|Any CPU
		{BAFF7ADF-D74F-4350-9DE3-F939392303BD}.Release|Any CPU.ActiveCfg = Release|Any CPU
		{BAFF7ADF-D74F-4350-9DE3-F939392303BD}.Release|Any CPU.Build.0 = Release|Any CPU
		{BAFF7ADF-D74F-4350-9DE3-F939392303BD}.Release|Any CPU.Deploy.0 = Release|Any CPU
		{BAFF7ADF-D74F-4350-9DE3-F939392303BD}.Release|ARM.ActiveCfg = Release|Any CPU
		{BAFF7ADF-D74F-4350-9DE3-F939392303BD}.Release|ARM.Build.0 = Release|Any CPU
		{BAFF7ADF-D74F-4350-9DE3-F939392303BD}.Release|ARM.Deploy.0 = Release|Any CPU
		{BAFF7ADF-D74F-4350-9DE3-F939392303BD}.Release|iPhone.ActiveCfg = Release|Any CPU
		{BAFF7ADF-D74F-4350-9DE3-F939392303BD}.Release|iPhone.Build.0 = Release|Any CPU
		{BAFF7ADF-D74F-4350-9DE3-F939392303BD}.Release|iPhone.Deploy.0 = Release|Any CPU
		{BAFF7ADF-D74F-4350-9DE3-F939392303BD}.Release|iPhoneSimulator.ActiveCfg = Release|Any CPU
		{BAFF7ADF-D74F-4350-9DE3-F939392303BD}.Release|iPhoneSimulator.Build.0 = Release|Any CPU
		{BAFF7ADF-D74F-4350-9DE3-F939392303BD}.Release|iPhoneSimulator.Deploy.0 = Release|Any CPU
		{BAFF7ADF-D74F-4350-9DE3-F939392303BD}.Release|x64.ActiveCfg = Release|Any CPU
		{BAFF7ADF-D74F-4350-9DE3-F939392303BD}.Release|x64.Build.0 = Release|Any CPU
		{BAFF7ADF-D74F-4350-9DE3-F939392303BD}.Release|x64.Deploy.0 = Release|Any CPU
		{BAFF7ADF-D74F-4350-9DE3-F939392303BD}.Release|x86.ActiveCfg = Release|Any CPU
		{BAFF7ADF-D74F-4350-9DE3-F939392303BD}.Release|x86.Build.0 = Release|Any CPU
		{BAFF7ADF-D74F-4350-9DE3-F939392303BD}.Release|x86.Deploy.0 = Release|Any CPU
		{6C5C5081-B61A-4875-ABAC-B45C98F97ED7}.Ad-Hoc|Any CPU.ActiveCfg = Release|Any CPU
		{6C5C5081-B61A-4875-ABAC-B45C98F97ED7}.Ad-Hoc|Any CPU.Build.0 = Release|Any CPU
		{6C5C5081-B61A-4875-ABAC-B45C98F97ED7}.Ad-Hoc|ARM.ActiveCfg = Release|Any CPU
		{6C5C5081-B61A-4875-ABAC-B45C98F97ED7}.Ad-Hoc|ARM.Build.0 = Release|Any CPU
		{6C5C5081-B61A-4875-ABAC-B45C98F97ED7}.Ad-Hoc|iPhone.ActiveCfg = Release|Any CPU
		{6C5C5081-B61A-4875-ABAC-B45C98F97ED7}.Ad-Hoc|iPhone.Build.0 = Release|Any CPU
		{6C5C5081-B61A-4875-ABAC-B45C98F97ED7}.Ad-Hoc|iPhoneSimulator.ActiveCfg = Release|Any CPU
		{6C5C5081-B61A-4875-ABAC-B45C98F97ED7}.Ad-Hoc|iPhoneSimulator.Build.0 = Release|Any CPU
		{6C5C5081-B61A-4875-ABAC-B45C98F97ED7}.Ad-Hoc|x64.ActiveCfg = Release|Any CPU
		{6C5C5081-B61A-4875-ABAC-B45C98F97ED7}.Ad-Hoc|x64.Build.0 = Release|Any CPU
		{6C5C5081-B61A-4875-ABAC-B45C98F97ED7}.Ad-Hoc|x86.ActiveCfg = Release|Any CPU
		{6C5C5081-B61A-4875-ABAC-B45C98F97ED7}.Ad-Hoc|x86.Build.0 = Release|Any CPU
		{6C5C5081-B61A-4875-ABAC-B45C98F97ED7}.AppStore|Any CPU.ActiveCfg = Release|Any CPU
		{6C5C5081-B61A-4875-ABAC-B45C98F97ED7}.AppStore|Any CPU.Build.0 = Release|Any CPU
		{6C5C5081-B61A-4875-ABAC-B45C98F97ED7}.AppStore|ARM.ActiveCfg = Release|Any CPU
		{6C5C5081-B61A-4875-ABAC-B45C98F97ED7}.AppStore|ARM.Build.0 = Release|Any CPU
		{6C5C5081-B61A-4875-ABAC-B45C98F97ED7}.AppStore|iPhone.ActiveCfg = Release|Any CPU
		{6C5C5081-B61A-4875-ABAC-B45C98F97ED7}.AppStore|iPhone.Build.0 = Release|Any CPU
		{6C5C5081-B61A-4875-ABAC-B45C98F97ED7}.AppStore|iPhoneSimulator.ActiveCfg = Release|Any CPU
		{6C5C5081-B61A-4875-ABAC-B45C98F97ED7}.AppStore|iPhoneSimulator.Build.0 = Release|Any CPU
		{6C5C5081-B61A-4875-ABAC-B45C98F97ED7}.AppStore|x64.ActiveCfg = Release|Any CPU
		{6C5C5081-B61A-4875-ABAC-B45C98F97ED7}.AppStore|x64.Build.0 = Release|Any CPU
		{6C5C5081-B61A-4875-ABAC-B45C98F97ED7}.AppStore|x86.ActiveCfg = Release|Any CPU
		{6C5C5081-B61A-4875-ABAC-B45C98F97ED7}.AppStore|x86.Build.0 = Release|Any CPU
		{6C5C5081-B61A-4875-ABAC-B45C98F97ED7}.Debug|Any CPU.ActiveCfg = Debug|Any CPU
		{6C5C5081-B61A-4875-ABAC-B45C98F97ED7}.Debug|Any CPU.Build.0 = Debug|Any CPU
		{6C5C5081-B61A-4875-ABAC-B45C98F97ED7}.Debug|ARM.ActiveCfg = Debug|Any CPU
		{6C5C5081-B61A-4875-ABAC-B45C98F97ED7}.Debug|ARM.Build.0 = Debug|Any CPU
		{6C5C5081-B61A-4875-ABAC-B45C98F97ED7}.Debug|iPhone.ActiveCfg = Debug|Any CPU
		{6C5C5081-B61A-4875-ABAC-B45C98F97ED7}.Debug|iPhone.Build.0 = Debug|Any CPU
		{6C5C5081-B61A-4875-ABAC-B45C98F97ED7}.Debug|iPhoneSimulator.ActiveCfg = Debug|Any CPU
		{6C5C5081-B61A-4875-ABAC-B45C98F97ED7}.Debug|iPhoneSimulator.Build.0 = Debug|Any CPU
		{6C5C5081-B61A-4875-ABAC-B45C98F97ED7}.Debug|x64.ActiveCfg = Debug|Any CPU
		{6C5C5081-B61A-4875-ABAC-B45C98F97ED7}.Debug|x64.Build.0 = Debug|Any CPU
		{6C5C5081-B61A-4875-ABAC-B45C98F97ED7}.Debug|x86.ActiveCfg = Debug|Any CPU
		{6C5C5081-B61A-4875-ABAC-B45C98F97ED7}.Debug|x86.Build.0 = Debug|Any CPU
		{6C5C5081-B61A-4875-ABAC-B45C98F97ED7}.Release|Any CPU.ActiveCfg = Release|Any CPU
		{6C5C5081-B61A-4875-ABAC-B45C98F97ED7}.Release|Any CPU.Build.0 = Release|Any CPU
		{6C5C5081-B61A-4875-ABAC-B45C98F97ED7}.Release|ARM.ActiveCfg = Release|Any CPU
		{6C5C5081-B61A-4875-ABAC-B45C98F97ED7}.Release|ARM.Build.0 = Release|Any CPU
		{6C5C5081-B61A-4875-ABAC-B45C98F97ED7}.Release|iPhone.ActiveCfg = Release|Any CPU
		{6C5C5081-B61A-4875-ABAC-B45C98F97ED7}.Release|iPhone.Build.0 = Release|Any CPU
		{6C5C5081-B61A-4875-ABAC-B45C98F97ED7}.Release|iPhoneSimulator.ActiveCfg = Release|Any CPU
		{6C5C5081-B61A-4875-ABAC-B45C98F97ED7}.Release|iPhoneSimulator.Build.0 = Release|Any CPU
		{6C5C5081-B61A-4875-ABAC-B45C98F97ED7}.Release|x64.ActiveCfg = Release|Any CPU
		{6C5C5081-B61A-4875-ABAC-B45C98F97ED7}.Release|x64.Build.0 = Release|Any CPU
		{6C5C5081-B61A-4875-ABAC-B45C98F97ED7}.Release|x86.ActiveCfg = Release|Any CPU
		{6C5C5081-B61A-4875-ABAC-B45C98F97ED7}.Release|x86.Build.0 = Release|Any CPU
		{3ECC9A2D-93C7-4B31-B5FB-982972806CBB}.Ad-Hoc|Any CPU.ActiveCfg = Release|x86
		{3ECC9A2D-93C7-4B31-B5FB-982972806CBB}.Ad-Hoc|Any CPU.Build.0 = Release|x86
		{3ECC9A2D-93C7-4B31-B5FB-982972806CBB}.Ad-Hoc|Any CPU.Deploy.0 = Release|x86
		{3ECC9A2D-93C7-4B31-B5FB-982972806CBB}.Ad-Hoc|ARM.ActiveCfg = Release|ARM
		{3ECC9A2D-93C7-4B31-B5FB-982972806CBB}.Ad-Hoc|ARM.Build.0 = Release|ARM
		{3ECC9A2D-93C7-4B31-B5FB-982972806CBB}.Ad-Hoc|ARM.Deploy.0 = Release|ARM
		{3ECC9A2D-93C7-4B31-B5FB-982972806CBB}.Ad-Hoc|iPhone.ActiveCfg = Release|x86
		{3ECC9A2D-93C7-4B31-B5FB-982972806CBB}.Ad-Hoc|iPhone.Build.0 = Release|x86
		{3ECC9A2D-93C7-4B31-B5FB-982972806CBB}.Ad-Hoc|iPhone.Deploy.0 = Release|x86
		{3ECC9A2D-93C7-4B31-B5FB-982972806CBB}.Ad-Hoc|iPhoneSimulator.ActiveCfg = Release|x86
		{3ECC9A2D-93C7-4B31-B5FB-982972806CBB}.Ad-Hoc|iPhoneSimulator.Build.0 = Release|x86
		{3ECC9A2D-93C7-4B31-B5FB-982972806CBB}.Ad-Hoc|iPhoneSimulator.Deploy.0 = Release|x86
		{3ECC9A2D-93C7-4B31-B5FB-982972806CBB}.Ad-Hoc|x64.ActiveCfg = Release|x64
		{3ECC9A2D-93C7-4B31-B5FB-982972806CBB}.Ad-Hoc|x64.Build.0 = Release|x64
		{3ECC9A2D-93C7-4B31-B5FB-982972806CBB}.Ad-Hoc|x64.Deploy.0 = Release|x64
		{3ECC9A2D-93C7-4B31-B5FB-982972806CBB}.Ad-Hoc|x86.ActiveCfg = Release|x86
		{3ECC9A2D-93C7-4B31-B5FB-982972806CBB}.Ad-Hoc|x86.Build.0 = Release|x86
		{3ECC9A2D-93C7-4B31-B5FB-982972806CBB}.Ad-Hoc|x86.Deploy.0 = Release|x86
		{3ECC9A2D-93C7-4B31-B5FB-982972806CBB}.AppStore|Any CPU.ActiveCfg = Release|x86
		{3ECC9A2D-93C7-4B31-B5FB-982972806CBB}.AppStore|Any CPU.Build.0 = Release|x86
		{3ECC9A2D-93C7-4B31-B5FB-982972806CBB}.AppStore|Any CPU.Deploy.0 = Release|x86
		{3ECC9A2D-93C7-4B31-B5FB-982972806CBB}.AppStore|ARM.ActiveCfg = Release|ARM
		{3ECC9A2D-93C7-4B31-B5FB-982972806CBB}.AppStore|ARM.Build.0 = Release|ARM
		{3ECC9A2D-93C7-4B31-B5FB-982972806CBB}.AppStore|ARM.Deploy.0 = Release|ARM
		{3ECC9A2D-93C7-4B31-B5FB-982972806CBB}.AppStore|iPhone.ActiveCfg = Release|x86
		{3ECC9A2D-93C7-4B31-B5FB-982972806CBB}.AppStore|iPhone.Build.0 = Release|x86
		{3ECC9A2D-93C7-4B31-B5FB-982972806CBB}.AppStore|iPhone.Deploy.0 = Release|x86
		{3ECC9A2D-93C7-4B31-B5FB-982972806CBB}.AppStore|iPhoneSimulator.ActiveCfg = Release|x86
		{3ECC9A2D-93C7-4B31-B5FB-982972806CBB}.AppStore|iPhoneSimulator.Build.0 = Release|x86
		{3ECC9A2D-93C7-4B31-B5FB-982972806CBB}.AppStore|iPhoneSimulator.Deploy.0 = Release|x86
		{3ECC9A2D-93C7-4B31-B5FB-982972806CBB}.AppStore|x64.ActiveCfg = Release|x64
		{3ECC9A2D-93C7-4B31-B5FB-982972806CBB}.AppStore|x64.Build.0 = Release|x64
		{3ECC9A2D-93C7-4B31-B5FB-982972806CBB}.AppStore|x64.Deploy.0 = Release|x64
		{3ECC9A2D-93C7-4B31-B5FB-982972806CBB}.AppStore|x86.ActiveCfg = Release|x86
		{3ECC9A2D-93C7-4B31-B5FB-982972806CBB}.AppStore|x86.Build.0 = Release|x86
		{3ECC9A2D-93C7-4B31-B5FB-982972806CBB}.AppStore|x86.Deploy.0 = Release|x86
		{3ECC9A2D-93C7-4B31-B5FB-982972806CBB}.Debug|Any CPU.ActiveCfg = Debug|x86
		{3ECC9A2D-93C7-4B31-B5FB-982972806CBB}.Debug|ARM.ActiveCfg = Debug|ARM
		{3ECC9A2D-93C7-4B31-B5FB-982972806CBB}.Debug|ARM.Build.0 = Debug|ARM
		{3ECC9A2D-93C7-4B31-B5FB-982972806CBB}.Debug|ARM.Deploy.0 = Debug|ARM
		{3ECC9A2D-93C7-4B31-B5FB-982972806CBB}.Debug|iPhone.ActiveCfg = Debug|x86
		{3ECC9A2D-93C7-4B31-B5FB-982972806CBB}.Debug|iPhoneSimulator.ActiveCfg = Debug|x86
		{3ECC9A2D-93C7-4B31-B5FB-982972806CBB}.Debug|x64.ActiveCfg = Debug|x64
		{3ECC9A2D-93C7-4B31-B5FB-982972806CBB}.Debug|x64.Build.0 = Debug|x64
		{3ECC9A2D-93C7-4B31-B5FB-982972806CBB}.Debug|x64.Deploy.0 = Debug|x64
		{3ECC9A2D-93C7-4B31-B5FB-982972806CBB}.Debug|x86.ActiveCfg = Debug|x86
		{3ECC9A2D-93C7-4B31-B5FB-982972806CBB}.Debug|x86.Build.0 = Debug|x86
		{3ECC9A2D-93C7-4B31-B5FB-982972806CBB}.Debug|x86.Deploy.0 = Debug|x86
		{3ECC9A2D-93C7-4B31-B5FB-982972806CBB}.Release|Any CPU.ActiveCfg = Release|x86
		{3ECC9A2D-93C7-4B31-B5FB-982972806CBB}.Release|ARM.ActiveCfg = Release|ARM
		{3ECC9A2D-93C7-4B31-B5FB-982972806CBB}.Release|ARM.Build.0 = Release|ARM
		{3ECC9A2D-93C7-4B31-B5FB-982972806CBB}.Release|ARM.Deploy.0 = Release|ARM
		{3ECC9A2D-93C7-4B31-B5FB-982972806CBB}.Release|iPhone.ActiveCfg = Release|x86
		{3ECC9A2D-93C7-4B31-B5FB-982972806CBB}.Release|iPhoneSimulator.ActiveCfg = Release|x86
		{3ECC9A2D-93C7-4B31-B5FB-982972806CBB}.Release|x64.ActiveCfg = Release|x64
		{3ECC9A2D-93C7-4B31-B5FB-982972806CBB}.Release|x64.Build.0 = Release|x64
		{3ECC9A2D-93C7-4B31-B5FB-982972806CBB}.Release|x64.Deploy.0 = Release|x64
		{3ECC9A2D-93C7-4B31-B5FB-982972806CBB}.Release|x86.ActiveCfg = Release|x86
		{3ECC9A2D-93C7-4B31-B5FB-982972806CBB}.Release|x86.Build.0 = Release|x86
		{3ECC9A2D-93C7-4B31-B5FB-982972806CBB}.Release|x86.Deploy.0 = Release|x86
		{765D74C8-3E3B-4DAD-9FE1-4DBDD5316D3A}.Ad-Hoc|Any CPU.ActiveCfg = Ad-Hoc|iPhone
		{765D74C8-3E3B-4DAD-9FE1-4DBDD5316D3A}.Ad-Hoc|ARM.ActiveCfg = Ad-Hoc|iPhone
		{765D74C8-3E3B-4DAD-9FE1-4DBDD5316D3A}.Ad-Hoc|iPhone.ActiveCfg = Ad-Hoc|iPhone
		{765D74C8-3E3B-4DAD-9FE1-4DBDD5316D3A}.Ad-Hoc|iPhone.Build.0 = Ad-Hoc|iPhone
		{765D74C8-3E3B-4DAD-9FE1-4DBDD5316D3A}.Ad-Hoc|iPhoneSimulator.ActiveCfg = Ad-Hoc|iPhoneSimulator
		{765D74C8-3E3B-4DAD-9FE1-4DBDD5316D3A}.Ad-Hoc|iPhoneSimulator.Build.0 = Ad-Hoc|iPhoneSimulator
		{765D74C8-3E3B-4DAD-9FE1-4DBDD5316D3A}.Ad-Hoc|x64.ActiveCfg = Ad-Hoc|iPhone
		{765D74C8-3E3B-4DAD-9FE1-4DBDD5316D3A}.Ad-Hoc|x86.ActiveCfg = Ad-Hoc|iPhone
		{765D74C8-3E3B-4DAD-9FE1-4DBDD5316D3A}.AppStore|Any CPU.ActiveCfg = AppStore|iPhone
		{765D74C8-3E3B-4DAD-9FE1-4DBDD5316D3A}.AppStore|ARM.ActiveCfg = AppStore|iPhone
		{765D74C8-3E3B-4DAD-9FE1-4DBDD5316D3A}.AppStore|iPhone.ActiveCfg = AppStore|iPhone
		{765D74C8-3E3B-4DAD-9FE1-4DBDD5316D3A}.AppStore|iPhone.Build.0 = AppStore|iPhone
		{765D74C8-3E3B-4DAD-9FE1-4DBDD5316D3A}.AppStore|iPhoneSimulator.ActiveCfg = AppStore|iPhoneSimulator
		{765D74C8-3E3B-4DAD-9FE1-4DBDD5316D3A}.AppStore|iPhoneSimulator.Build.0 = AppStore|iPhoneSimulator
		{765D74C8-3E3B-4DAD-9FE1-4DBDD5316D3A}.AppStore|x64.ActiveCfg = AppStore|iPhone
		{765D74C8-3E3B-4DAD-9FE1-4DBDD5316D3A}.AppStore|x86.ActiveCfg = AppStore|iPhone
		{765D74C8-3E3B-4DAD-9FE1-4DBDD5316D3A}.Debug|Any CPU.ActiveCfg = Debug|iPhone
		{765D74C8-3E3B-4DAD-9FE1-4DBDD5316D3A}.Debug|ARM.ActiveCfg = Debug|iPhone
		{765D74C8-3E3B-4DAD-9FE1-4DBDD5316D3A}.Debug|iPhone.ActiveCfg = Debug|iPhone
		{765D74C8-3E3B-4DAD-9FE1-4DBDD5316D3A}.Debug|iPhone.Build.0 = Debug|iPhone
		{765D74C8-3E3B-4DAD-9FE1-4DBDD5316D3A}.Debug|iPhoneSimulator.ActiveCfg = Debug|iPhoneSimulator
		{765D74C8-3E3B-4DAD-9FE1-4DBDD5316D3A}.Debug|iPhoneSimulator.Build.0 = Debug|iPhoneSimulator
		{765D74C8-3E3B-4DAD-9FE1-4DBDD5316D3A}.Debug|x64.ActiveCfg = Debug|iPhone
		{765D74C8-3E3B-4DAD-9FE1-4DBDD5316D3A}.Debug|x86.ActiveCfg = Debug|iPhone
		{765D74C8-3E3B-4DAD-9FE1-4DBDD5316D3A}.Release|Any CPU.ActiveCfg = Release|iPhone
		{765D74C8-3E3B-4DAD-9FE1-4DBDD5316D3A}.Release|ARM.ActiveCfg = Release|iPhone
		{765D74C8-3E3B-4DAD-9FE1-4DBDD5316D3A}.Release|iPhone.ActiveCfg = Release|iPhone
		{765D74C8-3E3B-4DAD-9FE1-4DBDD5316D3A}.Release|iPhone.Build.0 = Release|iPhone
		{765D74C8-3E3B-4DAD-9FE1-4DBDD5316D3A}.Release|iPhoneSimulator.ActiveCfg = Release|iPhoneSimulator
		{765D74C8-3E3B-4DAD-9FE1-4DBDD5316D3A}.Release|iPhoneSimulator.Build.0 = Release|iPhoneSimulator
		{765D74C8-3E3B-4DAD-9FE1-4DBDD5316D3A}.Release|x64.ActiveCfg = Release|iPhone
		{765D74C8-3E3B-4DAD-9FE1-4DBDD5316D3A}.Release|x86.ActiveCfg = Release|iPhone
	EndGlobalSection
	GlobalSection(SolutionProperties) = preSolution
		HideSolutionNode = FALSE
	EndGlobalSection
	GlobalSection(ExtensibilityGlobals) = postSolution
		SolutionGuid = {590C929B-9248-487C-AA6D-88505FAE447D}
	EndGlobalSection
EndGlobal
