
Microsoft Visual Studio Solution File, Format Version 12.00
# Visual Studio 15
VisualStudioVersion = 15.0.26430.6
MinimumVisualStudioVersion = 10.0.40219.1
Project("{D954291E-2A0B-460D-934E-DC6B0785DB48}") = "AppSomar", "AppSomar\AppSomar\AppSomar.shproj", "{CE278BB0-3165-4B3F-AA96-18D11A9FFABF}"
EndProject
Project("{FAE04EC0-301F-11D3-BF4B-00C04F79EFBC}") = "AppSomar.Android", "AppSomar\AppSomar.Android\AppSomar.Android.csproj", "{8A15C8B8-91C3-4E57-94FC-BAE5DAD1752D}"
EndProject
Project("{FAE04EC0-301F-11D3-BF4B-00C04F79EFBC}") = "AppSomar.iOS", "AppSomar\AppSomar.iOS\AppSomar.iOS.csproj", "{98583A21-8D0B-4C0B-9479-9A0FC9BA7FF0}"
EndProject
Project("{FAE04EC0-301F-11D3-BF4B-00C04F79EFBC}") = "AppSomar.UWP", "AppSomar\AppSomar.UWP\AppSomar.UWP.csproj", "{D0B4B7BA-D2D2-4E35-A6DD-B1A41166D898}"
EndProject
Global
	GlobalSection(SharedMSBuildProjectFiles) = preSolution
		AppSomar\AppSomar\AppSomar.projitems*{8a15c8b8-91c3-4e57-94fc-bae5dad1752d}*SharedItemsImports = 4
		AppSomar\AppSomar\AppSomar.projitems*{98583a21-8d0b-4c0b-9479-9a0fc9ba7ff0}*SharedItemsImports = 4
		AppSomar\AppSomar\AppSomar.projitems*{ce278bb0-3165-4b3f-aa96-18d11a9ffabf}*SharedItemsImports = 13
		AppSomar\AppSomar\AppSomar.projitems*{d0b4b7ba-d2d2-4e35-a6dd-b1a41166d898}*SharedItemsImports = 4
	EndGlobalSection
	GlobalSection(SolutionConfigurationPlatforms) = preSolution
		Ad-Hoc|Any CPU = Ad-Hoc|Any CPU
		Ad-Hoc|ARM = Ad-Hoc|ARM
		Ad-Hoc|iPhone = Ad-Hoc|iPhone
		Ad-Hoc|iPhoneSimulator = Ad-Hoc|iPhoneSimulator
		Ad-Hoc|x64 = Ad-Hoc|x64
		Ad-Hoc|x86 = Ad-Hoc|x86
		AppStore|Any CPU = AppStore|Any CPU
		AppStore|ARM = AppStore|ARM
		AppStore|iPhone = AppStore|iPhone
		AppStore|iPhoneSimulator = AppStore|iPhoneSimulator
		AppStore|x64 = AppStore|x64
		AppStore|x86 = AppStore|x86
		Debug|Any CPU = Debug|Any CPU
		Debug|ARM = Debug|ARM
		Debug|iPhone = Debug|iPhone
		Debug|iPhoneSimulator = Debug|iPhoneSimulator
		Debug|x64 = Debug|x64
		Debug|x86 = Debug|x86
		Release|Any CPU = Release|Any CPU
		Release|ARM = Release|ARM
		Release|iPhone = Release|iPhone
		Release|iPhoneSimulator = Release|iPhoneSimulator
		Release|x64 = Release|x64
		Release|x86 = Release|x86
	EndGlobalSection
	GlobalSection(ProjectConfigurationPlatforms) = postSolution
		{8A15C8B8-91C3-4E57-94FC-BAE5DAD1752D}.Ad-Hoc|Any CPU.ActiveCfg = Release|Any CPU
		{8A15C8B8-91C3-4E57-94FC-BAE5DAD1752D}.Ad-Hoc|Any CPU.Build.0 = Release|Any CPU
		{8A15C8B8-91C3-4E57-94FC-BAE5DAD1752D}.Ad-Hoc|Any CPU.Deploy.0 = Release|Any CPU
		{8A15C8B8-91C3-4E57-94FC-BAE5DAD1752D}.Ad-Hoc|ARM.ActiveCfg = Release|Any CPU
		{8A15C8B8-91C3-4E57-94FC-BAE5DAD1752D}.Ad-Hoc|ARM.Build.0 = Release|Any CPU
		{8A15C8B8-91C3-4E57-94FC-BAE5DAD1752D}.Ad-Hoc|ARM.Deploy.0 = Release|Any CPU
		{8A15C8B8-91C3-4E57-94FC-BAE5DAD1752D}.Ad-Hoc|iPhone.ActiveCfg = Release|Any CPU
		{8A15C8B8-91C3-4E57-94FC-BAE5DAD1752D}.Ad-Hoc|iPhone.Build.0 = Release|Any CPU
		{8A15C8B8-91C3-4E57-94FC-BAE5DAD1752D}.Ad-Hoc|iPhone.Deploy.0 = Release|Any CPU
		{8A15C8B8-91C3-4E57-94FC-BAE5DAD1752D}.Ad-Hoc|iPhoneSimulator.ActiveCfg = Release|Any CPU
		{8A15C8B8-91C3-4E57-94FC-BAE5DAD1752D}.Ad-Hoc|iPhoneSimulator.Build.0 = Release|Any CPU
		{8A15C8B8-91C3-4E57-94FC-BAE5DAD1752D}.Ad-Hoc|iPhoneSimulator.Deploy.0 = Release|Any CPU
		{8A15C8B8-91C3-4E57-94FC-BAE5DAD1752D}.Ad-Hoc|x64.ActiveCfg = Release|Any CPU
		{8A15C8B8-91C3-4E57-94FC-BAE5DAD1752D}.Ad-Hoc|x64.Build.0 = Release|Any CPU
		{8A15C8B8-91C3-4E57-94FC-BAE5DAD1752D}.Ad-Hoc|x64.Deploy.0 = Release|Any CPU
		{8A15C8B8-91C3-4E57-94FC-BAE5DAD1752D}.Ad-Hoc|x86.ActiveCfg = Release|Any CPU
		{8A15C8B8-91C3-4E57-94FC-BAE5DAD1752D}.Ad-Hoc|x86.Build.0 = Release|Any CPU
		{8A15C8B8-91C3-4E57-94FC-BAE5DAD1752D}.Ad-Hoc|x86.Deploy.0 = Release|Any CPU
		{8A15C8B8-91C3-4E57-94FC-BAE5DAD1752D}.AppStore|Any CPU.ActiveCfg = Release|Any CPU
		{8A15C8B8-91C3-4E57-94FC-BAE5DAD1752D}.AppStore|Any CPU.Build.0 = Release|Any CPU
		{8A15C8B8-91C3-4E57-94FC-BAE5DAD1752D}.AppStore|Any CPU.Deploy.0 = Release|Any CPU
		{8A15C8B8-91C3-4E57-94FC-BAE5DAD1752D}.AppStore|ARM.ActiveCfg = Release|Any CPU
		{8A15C8B8-91C3-4E57-94FC-BAE5DAD1752D}.AppStore|ARM.Build.0 = Release|Any CPU
		{8A15C8B8-91C3-4E57-94FC-BAE5DAD1752D}.AppStore|ARM.Deploy.0 = Release|Any CPU
		{8A15C8B8-91C3-4E57-94FC-BAE5DAD1752D}.AppStore|iPhone.ActiveCfg = Release|Any CPU
		{8A15C8B8-91C3-4E57-94FC-BAE5DAD1752D}.AppStore|iPhone.Build.0 = Release|Any CPU
		{8A15C8B8-91C3-4E57-94FC-BAE5DAD1752D}.AppStore|iPhone.Deploy.0 = Release|Any CPU
		{8A15C8B8-91C3-4E57-94FC-BAE5DAD1752D}.AppStore|iPhoneSimulator.ActiveCfg = Release|Any CPU
		{8A15C8B8-91C3-4E57-94FC-BAE5DAD1752D}.AppStore|iPhoneSimulator.Build.0 = Release|Any CPU
		{8A15C8B8-91C3-4E57-94FC-BAE5DAD1752D}.AppStore|iPhoneSimulator.Deploy.0 = Release|Any CPU
		{8A15C8B8-91C3-4E57-94FC-BAE5DAD1752D}.AppStore|x64.ActiveCfg = Release|Any CPU
		{8A15C8B8-91C3-4E57-94FC-BAE5DAD1752D}.AppStore|x64.Build.0 = Release|Any CPU
		{8A15C8B8-91C3-4E57-94FC-BAE5DAD1752D}.AppStore|x64.Deploy.0 = Release|Any CPU
		{8A15C8B8-91C3-4E57-94FC-BAE5DAD1752D}.AppStore|x86.ActiveCfg = Release|Any CPU
		{8A15C8B8-91C3-4E57-94FC-BAE5DAD1752D}.AppStore|x86.Build.0 = Release|Any CPU
		{8A15C8B8-91C3-4E57-94FC-BAE5DAD1752D}.AppStore|x86.Deploy.0 = Release|Any CPU
		{8A15C8B8-91C3-4E57-94FC-BAE5DAD1752D}.Debug|Any CPU.ActiveCfg = Debug|Any CPU
		{8A15C8B8-91C3-4E57-94FC-BAE5DAD1752D}.Debug|Any CPU.Build.0 = Debug|Any CPU
		{8A15C8B8-91C3-4E57-94FC-BAE5DAD1752D}.Debug|Any CPU.Deploy.0 = Debug|Any CPU
		{8A15C8B8-91C3-4E57-94FC-BAE5DAD1752D}.Debug|ARM.ActiveCfg = Debug|Any CPU
		{8A15C8B8-91C3-4E57-94FC-BAE5DAD1752D}.Debug|ARM.Build.0 = Debug|Any CPU
		{8A15C8B8-91C3-4E57-94FC-BAE5DAD1752D}.Debug|ARM.Deploy.0 = Debug|Any CPU
		{8A15C8B8-91C3-4E57-94FC-BAE5DAD1752D}.Debug|iPhone.ActiveCfg = Debug|Any CPU
		{8A15C8B8-91C3-4E57-94FC-BAE5DAD1752D}.Debug|iPhone.Build.0 = Debug|Any CPU
		{8A15C8B8-91C3-4E57-94FC-BAE5DAD1752D}.Debug|iPhone.Deploy.0 = Debug|Any CPU
		{8A15C8B8-91C3-4E57-94FC-BAE5DAD1752D}.Debug|iPhoneSimulator.ActiveCfg = Debug|Any CPU
		{8A15C8B8-91C3-4E57-94FC-BAE5DAD1752D}.Debug|iPhoneSimulator.Build.0 = Debug|Any CPU
		{8A15C8B8-91C3-4E57-94FC-BAE5DAD1752D}.Debug|iPhoneSimulator.Deploy.0 = Debug|Any CPU
		{8A15C8B8-91C3-4E57-94FC-BAE5DAD1752D}.Debug|x64.ActiveCfg = Debug|Any CPU
		{8A15C8B8-91C3-4E57-94FC-BAE5DAD1752D}.Debug|x64.Build.0 = Debug|Any CPU
		{8A15C8B8-91C3-4E57-94FC-BAE5DAD1752D}.Debug|x64.Deploy.0 = Debug|Any CPU
		{8A15C8B8-91C3-4E57-94FC-BAE5DAD1752D}.Debug|x86.ActiveCfg = Debug|Any CPU
		{8A15C8B8-91C3-4E57-94FC-BAE5DAD1752D}.Debug|x86.Build.0 = Debug|Any CPU
		{8A15C8B8-91C3-4E57-94FC-BAE5DAD1752D}.Debug|x86.Deploy.0 = Debug|Any CPU
		{8A15C8B8-91C3-4E57-94FC-BAE5DAD1752D}.Release|Any CPU.ActiveCfg = Release|Any CPU
		{8A15C8B8-91C3-4E57-94FC-BAE5DAD1752D}.Release|Any CPU.Build.0 = Release|Any CPU
		{8A15C8B8-91C3-4E57-94FC-BAE5DAD1752D}.Release|Any CPU.Deploy.0 = Release|Any CPU
		{8A15C8B8-91C3-4E57-94FC-BAE5DAD1752D}.Release|ARM.ActiveCfg = Release|Any CPU
		{8A15C8B8-91C3-4E57-94FC-BAE5DAD1752D}.Release|ARM.Build.0 = Release|Any CPU
		{8A15C8B8-91C3-4E57-94FC-BAE5DAD1752D}.Release|ARM.Deploy.0 = Release|Any CPU
		{8A15C8B8-91C3-4E57-94FC-BAE5DAD1752D}.Release|iPhone.ActiveCfg = Release|Any CPU
		{8A15C8B8-91C3-4E57-94FC-BAE5DAD1752D}.Release|iPhone.Build.0 = Release|Any CPU
		{8A15C8B8-91C3-4E57-94FC-BAE5DAD1752D}.Release|iPhone.Deploy.0 = Release|Any CPU
		{8A15C8B8-91C3-4E57-94FC-BAE5DAD1752D}.Release|iPhoneSimulator.ActiveCfg = Release|Any CPU
		{8A15C8B8-91C3-4E57-94FC-BAE5DAD1752D}.Release|iPhoneSimulator.Build.0 = Release|Any CPU
		{8A15C8B8-91C3-4E57-94FC-BAE5DAD1752D}.Release|iPhoneSimulator.Deploy.0 = Release|Any CPU
		{8A15C8B8-91C3-4E57-94FC-BAE5DAD1752D}.Release|x64.ActiveCfg = Release|Any CPU
		{8A15C8B8-91C3-4E57-94FC-BAE5DAD1752D}.Release|x64.Build.0 = Release|Any CPU
		{8A15C8B8-91C3-4E57-94FC-BAE5DAD1752D}.Release|x64.Deploy.0 = Release|Any CPU
		{8A15C8B8-91C3-4E57-94FC-BAE5DAD1752D}.Release|x86.ActiveCfg = Release|Any CPU
		{8A15C8B8-91C3-4E57-94FC-BAE5DAD1752D}.Release|x86.Build.0 = Release|Any CPU
		{8A15C8B8-91C3-4E57-94FC-BAE5DAD1752D}.Release|x86.Deploy.0 = Release|Any CPU
		{98583A21-8D0B-4C0B-9479-9A0FC9BA7FF0}.Ad-Hoc|Any CPU.ActiveCfg = Ad-Hoc|iPhone
		{98583A21-8D0B-4C0B-9479-9A0FC9BA7FF0}.Ad-Hoc|ARM.ActiveCfg = Ad-Hoc|iPhone
		{98583A21-8D0B-4C0B-9479-9A0FC9BA7FF0}.Ad-Hoc|iPhone.ActiveCfg = Ad-Hoc|iPhone
		{98583A21-8D0B-4C0B-9479-9A0FC9BA7FF0}.Ad-Hoc|iPhone.Build.0 = Ad-Hoc|iPhone
		{98583A21-8D0B-4C0B-9479-9A0FC9BA7FF0}.Ad-Hoc|iPhoneSimulator.ActiveCfg = Ad-Hoc|iPhoneSimulator
		{98583A21-8D0B-4C0B-9479-9A0FC9BA7FF0}.Ad-Hoc|iPhoneSimulator.Build.0 = Ad-Hoc|iPhoneSimulator
		{98583A21-8D0B-4C0B-9479-9A0FC9BA7FF0}.Ad-Hoc|x64.ActiveCfg = Ad-Hoc|iPhone
		{98583A21-8D0B-4C0B-9479-9A0FC9BA7FF0}.Ad-Hoc|x86.ActiveCfg = Ad-Hoc|iPhone
		{98583A21-8D0B-4C0B-9479-9A0FC9BA7FF0}.AppStore|Any CPU.ActiveCfg = AppStore|iPhone
		{98583A21-8D0B-4C0B-9479-9A0FC9BA7FF0}.AppStore|ARM.ActiveCfg = AppStore|iPhone
		{98583A21-8D0B-4C0B-9479-9A0FC9BA7FF0}.AppStore|iPhone.ActiveCfg = AppStore|iPhone
		{98583A21-8D0B-4C0B-9479-9A0FC9BA7FF0}.AppStore|iPhone.Build.0 = AppStore|iPhone
		{98583A21-8D0B-4C0B-9479-9A0FC9BA7FF0}.AppStore|iPhoneSimulator.ActiveCfg = AppStore|iPhoneSimulator
		{98583A21-8D0B-4C0B-9479-9A0FC9BA7FF0}.AppStore|iPhoneSimulator.Build.0 = AppStore|iPhoneSimulator
		{98583A21-8D0B-4C0B-9479-9A0FC9BA7FF0}.AppStore|x64.ActiveCfg = AppStore|iPhone
		{98583A21-8D0B-4C0B-9479-9A0FC9BA7FF0}.AppStore|x86.ActiveCfg = AppStore|iPhone
		{98583A21-8D0B-4C0B-9479-9A0FC9BA7FF0}.Debug|Any CPU.ActiveCfg = Debug|iPhone
		{98583A21-8D0B-4C0B-9479-9A0FC9BA7FF0}.Debug|ARM.ActiveCfg = Debug|iPhone
		{98583A21-8D0B-4C0B-9479-9A0FC9BA7FF0}.Debug|iPhone.ActiveCfg = Debug|iPhone
		{98583A21-8D0B-4C0B-9479-9A0FC9BA7FF0}.Debug|iPhone.Build.0 = Debug|iPhone
		{98583A21-8D0B-4C0B-9479-9A0FC9BA7FF0}.Debug|iPhoneSimulator.ActiveCfg = Debug|iPhoneSimulator
		{98583A21-8D0B-4C0B-9479-9A0FC9BA7FF0}.Debug|iPhoneSimulator.Build.0 = Debug|iPhoneSimulator
		{98583A21-8D0B-4C0B-9479-9A0FC9BA7FF0}.Debug|x64.ActiveCfg = Debug|iPhone
		{98583A21-8D0B-4C0B-9479-9A0FC9BA7FF0}.Debug|x86.ActiveCfg = Debug|iPhone
		{98583A21-8D0B-4C0B-9479-9A0FC9BA7FF0}.Release|Any CPU.ActiveCfg = Release|iPhone
		{98583A21-8D0B-4C0B-9479-9A0FC9BA7FF0}.Release|ARM.ActiveCfg = Release|iPhone
		{98583A21-8D0B-4C0B-9479-9A0FC9BA7FF0}.Release|iPhone.ActiveCfg = Release|iPhone
		{98583A21-8D0B-4C0B-9479-9A0FC9BA7FF0}.Release|iPhone.Build.0 = Release|iPhone
		{98583A21-8D0B-4C0B-9479-9A0FC9BA7FF0}.Release|iPhoneSimulator.ActiveCfg = Release|iPhoneSimulator
		{98583A21-8D0B-4C0B-9479-9A0FC9BA7FF0}.Release|iPhoneSimulator.Build.0 = Release|iPhoneSimulator
		{98583A21-8D0B-4C0B-9479-9A0FC9BA7FF0}.Release|x64.ActiveCfg = Release|iPhone
		{98583A21-8D0B-4C0B-9479-9A0FC9BA7FF0}.Release|x86.ActiveCfg = Release|iPhone
		{D0B4B7BA-D2D2-4E35-A6DD-B1A41166D898}.Ad-Hoc|Any CPU.ActiveCfg = Release|x86
		{D0B4B7BA-D2D2-4E35-A6DD-B1A41166D898}.Ad-Hoc|Any CPU.Build.0 = Release|x86
		{D0B4B7BA-D2D2-4E35-A6DD-B1A41166D898}.Ad-Hoc|Any CPU.Deploy.0 = Release|x86
		{D0B4B7BA-D2D2-4E35-A6DD-B1A41166D898}.Ad-Hoc|ARM.ActiveCfg = Release|ARM
		{D0B4B7BA-D2D2-4E35-A6DD-B1A41166D898}.Ad-Hoc|ARM.Build.0 = Release|ARM
		{D0B4B7BA-D2D2-4E35-A6DD-B1A41166D898}.Ad-Hoc|ARM.Deploy.0 = Release|ARM
		{D0B4B7BA-D2D2-4E35-A6DD-B1A41166D898}.Ad-Hoc|iPhone.ActiveCfg = Release|x86
		{D0B4B7BA-D2D2-4E35-A6DD-B1A41166D898}.Ad-Hoc|iPhone.Build.0 = Release|x86
		{D0B4B7BA-D2D2-4E35-A6DD-B1A41166D898}.Ad-Hoc|iPhone.Deploy.0 = Release|x86
		{D0B4B7BA-D2D2-4E35-A6DD-B1A41166D898}.Ad-Hoc|iPhoneSimulator.ActiveCfg = Release|x86
		{D0B4B7BA-D2D2-4E35-A6DD-B1A41166D898}.Ad-Hoc|iPhoneSimulator.Build.0 = Release|x86
		{D0B4B7BA-D2D2-4E35-A6DD-B1A41166D898}.Ad-Hoc|iPhoneSimulator.Deploy.0 = Release|x86
		{D0B4B7BA-D2D2-4E35-A6DD-B1A41166D898}.Ad-Hoc|x64.ActiveCfg = Release|x64
		{D0B4B7BA-D2D2-4E35-A6DD-B1A41166D898}.Ad-Hoc|x64.Build.0 = Release|x64
		{D0B4B7BA-D2D2-4E35-A6DD-B1A41166D898}.Ad-Hoc|x64.Deploy.0 = Release|x64
		{D0B4B7BA-D2D2-4E35-A6DD-B1A41166D898}.Ad-Hoc|x86.ActiveCfg = Release|x86
		{D0B4B7BA-D2D2-4E35-A6DD-B1A41166D898}.Ad-Hoc|x86.Build.0 = Release|x86
		{D0B4B7BA-D2D2-4E35-A6DD-B1A41166D898}.Ad-Hoc|x86.Deploy.0 = Release|x86
		{D0B4B7BA-D2D2-4E35-A6DD-B1A41166D898}.AppStore|Any CPU.ActiveCfg = Release|x86
		{D0B4B7BA-D2D2-4E35-A6DD-B1A41166D898}.AppStore|Any CPU.Build.0 = Release|x86
		{D0B4B7BA-D2D2-4E35-A6DD-B1A41166D898}.AppStore|Any CPU.Deploy.0 = Release|x86
		{D0B4B7BA-D2D2-4E35-A6DD-B1A41166D898}.AppStore|ARM.ActiveCfg = Release|ARM
		{D0B4B7BA-D2D2-4E35-A6DD-B1A41166D898}.AppStore|ARM.Build.0 = Release|ARM
		{D0B4B7BA-D2D2-4E35-A6DD-B1A41166D898}.AppStore|ARM.Deploy.0 = Release|ARM
		{D0B4B7BA-D2D2-4E35-A6DD-B1A41166D898}.AppStore|iPhone.ActiveCfg = Release|x86
		{D0B4B7BA-D2D2-4E35-A6DD-B1A41166D898}.AppStore|iPhone.Build.0 = Release|x86
		{D0B4B7BA-D2D2-4E35-A6DD-B1A41166D898}.AppStore|iPhone.Deploy.0 = Release|x86
		{D0B4B7BA-D2D2-4E35-A6DD-B1A41166D898}.AppStore|iPhoneSimulator.ActiveCfg = Release|x86
		{D0B4B7BA-D2D2-4E35-A6DD-B1A41166D898}.AppStore|iPhoneSimulator.Build.0 = Release|x86
		{D0B4B7BA-D2D2-4E35-A6DD-B1A41166D898}.AppStore|iPhoneSimulator.Deploy.0 = Release|x86
		{D0B4B7BA-D2D2-4E35-A6DD-B1A41166D898}.AppStore|x64.ActiveCfg = Release|x64
		{D0B4B7BA-D2D2-4E35-A6DD-B1A41166D898}.AppStore|x64.Build.0 = Release|x64
		{D0B4B7BA-D2D2-4E35-A6DD-B1A41166D898}.AppStore|x64.Deploy.0 = Release|x64
		{D0B4B7BA-D2D2-4E35-A6DD-B1A41166D898}.AppStore|x86.ActiveCfg = Release|x86
		{D0B4B7BA-D2D2-4E35-A6DD-B1A41166D898}.AppStore|x86.Build.0 = Release|x86
		{D0B4B7BA-D2D2-4E35-A6DD-B1A41166D898}.AppStore|x86.Deploy.0 = Release|x86
		{D0B4B7BA-D2D2-4E35-A6DD-B1A41166D898}.Debug|Any CPU.ActiveCfg = Debug|x86
		{D0B4B7BA-D2D2-4E35-A6DD-B1A41166D898}.Debug|ARM.ActiveCfg = Debug|ARM
		{D0B4B7BA-D2D2-4E35-A6DD-B1A41166D898}.Debug|ARM.Build.0 = Debug|ARM
		{D0B4B7BA-D2D2-4E35-A6DD-B1A41166D898}.Debug|ARM.Deploy.0 = Debug|ARM
		{D0B4B7BA-D2D2-4E35-A6DD-B1A41166D898}.Debug|iPhone.ActiveCfg = Debug|x86
		{D0B4B7BA-D2D2-4E35-A6DD-B1A41166D898}.Debug|iPhoneSimulator.ActiveCfg = Debug|x86
		{D0B4B7BA-D2D2-4E35-A6DD-B1A41166D898}.Debug|x64.ActiveCfg = Debug|x64
		{D0B4B7BA-D2D2-4E35-A6DD-B1A41166D898}.Debug|x64.Build.0 = Debug|x64
		{D0B4B7BA-D2D2-4E35-A6DD-B1A41166D898}.Debug|x64.Deploy.0 = Debug|x64
		{D0B4B7BA-D2D2-4E35-A6DD-B1A41166D898}.Debug|x86.ActiveCfg = Debug|x86
		{D0B4B7BA-D2D2-4E35-A6DD-B1A41166D898}.Debug|x86.Build.0 = Debug|x86
		{D0B4B7BA-D2D2-4E35-A6DD-B1A41166D898}.Debug|x86.Deploy.0 = Debug|x86
		{D0B4B7BA-D2D2-4E35-A6DD-B1A41166D898}.Release|Any CPU.ActiveCfg = Release|x86
		{D0B4B7BA-D2D2-4E35-A6DD-B1A41166D898}.Release|ARM.ActiveCfg = Release|ARM
		{D0B4B7BA-D2D2-4E35-A6DD-B1A41166D898}.Release|ARM.Build.0 = Release|ARM
		{D0B4B7BA-D2D2-4E35-A6DD-B1A41166D898}.Release|ARM.Deploy.0 = Release|ARM
		{D0B4B7BA-D2D2-4E35-A6DD-B1A41166D898}.Release|iPhone.ActiveCfg = Release|x86
		{D0B4B7BA-D2D2-4E35-A6DD-B1A41166D898}.Release|iPhoneSimulator.ActiveCfg = Release|x86
		{D0B4B7BA-D2D2-4E35-A6DD-B1A41166D898}.Release|x64.ActiveCfg = Release|x64
		{D0B4B7BA-D2D2-4E35-A6DD-B1A41166D898}.Release|x64.Build.0 = Release|x64
		{D0B4B7BA-D2D2-4E35-A6DD-B1A41166D898}.Release|x64.Deploy.0 = Release|x64
		{D0B4B7BA-D2D2-4E35-A6DD-B1A41166D898}.Release|x86.ActiveCfg = Release|x86
		{D0B4B7BA-D2D2-4E35-A6DD-B1A41166D898}.Release|x86.Build.0 = Release|x86
		{D0B4B7BA-D2D2-4E35-A6DD-B1A41166D898}.Release|x86.Deploy.0 = Release|x86
	EndGlobalSection
	GlobalSection(SolutionProperties) = preSolution
		HideSolutionNode = FALSE
	EndGlobalSection
EndGlobal
